// !$*UTF8*$!
{
	archiveVersion = 1;
	classes = {
	};
	objectVersion = 46;
	objects = {

/* Begin PBXBuildFile section */
		009B0E12E317757741CE38C8 /* Pods_Pock.framework in Frameworks */ = {isa = PBXBuildFile; fileRef = 863BE70CFBAC31BDBF35B1FD /* Pods_Pock.framework */; };
		3406434D227F3FFF00981372 /* PockMainController.xib in Resources */ = {isa = PBXBuildFile; fileRef = 3406434C227F3FFF00981372 /* PockMainController.xib */; };
		3407F9DE22D0F0A60072E742 /* Extensions.swift in Sources */ = {isa = PBXBuildFile; fileRef = 3407F9DD22D0F0A60072E742 /* Extensions.swift */; };
		342D83DF2278D5CF000D79DA /* MainWindow.xib in Resources */ = {isa = PBXBuildFile; fileRef = 342D83952278D5CF000D79DA /* MainWindow.xib */; };
		342D83E12278D5CF000D79DA /* PockMainController.swift in Sources */ = {isa = PBXBuildFile; fileRef = 342D83982278D5CF000D79DA /* PockMainController.swift */; };
		342D83E22278D5CF000D79DA /* Preferences.swift in Sources */ = {isa = PBXBuildFile; fileRef = 342D839A2278D5CF000D79DA /* Preferences.swift */; };
		342D83E42278D5CF000D79DA /* GeneralPreferencePane.swift in Sources */ = {isa = PBXBuildFile; fileRef = 342D839E2278D5CF000D79DA /* GeneralPreferencePane.swift */; };
		342D83E72278D5CF000D79DA /* Assets.xcassets in Resources */ = {isa = PBXBuildFile; fileRef = 342D83A32278D5CF000D79DA /* Assets.xcassets */; };
		342D83EC2278D5CF000D79DA /* OSDUIHelper.swift in Sources */ = {isa = PBXBuildFile; fileRef = 342D83B22278D5CF000D79DA /* OSDUIHelper.swift */; };
		342D83ED2278D5CF000D79DA /* AppDelegate.swift in Sources */ = {isa = PBXBuildFile; fileRef = 342D83B32278D5CF000D79DA /* AppDelegate.swift */; };
		342D84002278D5CF000D79DA /* PKWidgetTouchBarItem.swift in Sources */ = {isa = PBXBuildFile; fileRef = 342D83CE2278D5CF000D79DA /* PKWidgetTouchBarItem.swift */; };
		3435675B2381666F00E408EF /* WidgetsDispatcher.swift in Sources */ = {isa = PBXBuildFile; fileRef = 3435675A2381666F00E408EF /* WidgetsDispatcher.swift */; };
		345E2EC723C2691900A947FC /* WidgetsManagerListPane.swift in Sources */ = {isa = PBXBuildFile; fileRef = 345E2EC523C2691900A947FC /* WidgetsManagerListPane.swift */; };
		345E2EC823C2691900A947FC /* WidgetsManagerListPane.xib in Resources */ = {isa = PBXBuildFile; fileRef = 345E2EC623C2691900A947FC /* WidgetsManagerListPane.xib */; };
		34832418246FFA6F0035D2C2 /* main.swift in Sources */ = {isa = PBXBuildFile; fileRef = 34832417246FFA6F0035D2C2 /* main.swift */; };
		3483241E246FFA8B0035D2C2 /* Relaunch in Resources */ = {isa = PBXBuildFile; fileRef = 34832415246FFA6F0035D2C2 /* Relaunch */; };
		349F9C1C23C36BCA002CEC1E /* Quartz.framework in Frameworks */ = {isa = PBXBuildFile; fileRef = 349F9C1B23C36BCA002CEC1E /* Quartz.framework */; };
		349F9C1F23C36BCA002CEC1E /* PreviewViewController.swift in Sources */ = {isa = PBXBuildFile; fileRef = 349F9C1E23C36BCA002CEC1E /* PreviewViewController.swift */; };
		349F9C2223C36BCA002CEC1E /* PreviewViewController.xib in Resources */ = {isa = PBXBuildFile; fileRef = 349F9C2023C36BCA002CEC1E /* PreviewViewController.xib */; };
		349F9C2723C36BCA002CEC1E /* QLPockWidget.appex in Embed App Extensions */ = {isa = PBXBuildFile; fileRef = 349F9C1A23C36BCA002CEC1E /* QLPockWidget.appex */; settings = {ATTRIBUTES = (RemoveHeadersOnCopy, ); }; };
		349F9C2E23C37231002CEC1E /* WidgetInfo.swift in Sources */ = {isa = PBXBuildFile; fileRef = 349F9C2D23C37231002CEC1E /* WidgetInfo.swift */; };
		349F9C3123C379C3002CEC1E /* Assets.xcassets in Resources */ = {isa = PBXBuildFile; fileRef = 349F9C3023C379C3002CEC1E /* Assets.xcassets */; };
		349F9C3523C393F6002CEC1E /* WidgetInfo.swift in Sources */ = {isa = PBXBuildFile; fileRef = 349F9C2D23C37231002CEC1E /* WidgetInfo.swift */; };
		349F9C3723C39407002CEC1E /* PockWidgetDocument.swift in Sources */ = {isa = PBXBuildFile; fileRef = 349F9C3623C39407002CEC1E /* PockWidgetDocument.swift */; };
		34BC3ECC2210B2EC00C1DD3C /* DFRFoundation.framework in Frameworks */ = {isa = PBXBuildFile; fileRef = 34BC3ECB2210B2EC00C1DD3C /* DFRFoundation.framework */; };
		34CA451D23C0C98A00C45B0D /* STPrivilegedTask.m in Sources */ = {isa = PBXBuildFile; fileRef = 34CA451B23C0C98A00C45B0D /* STPrivilegedTask.m */; };
		34CA452023C0C9C500C45B0D /* TouchBarHelper.swift in Sources */ = {isa = PBXBuildFile; fileRef = 34CA451F23C0C9C500C45B0D /* TouchBarHelper.swift */; };
		34D6F6FC23C2DD7A0078181F /* widget_icon.icns in Resources */ = {isa = PBXBuildFile; fileRef = 34D6F6FB23C2DD7A0078181F /* widget_icon.icns */; };
		34EF604A23C12E1300FBE9E7 /* AlertWindowController.swift in Sources */ = {isa = PBXBuildFile; fileRef = 34EF604823C12E1300FBE9E7 /* AlertWindowController.swift */; };
		34EF604B23C12E1300FBE9E7 /* AlertWindowController.xib in Resources */ = {isa = PBXBuildFile; fileRef = 34EF604923C12E1300FBE9E7 /* AlertWindowController.xib */; };
		964435B722D18F91002FA1CB /* LocalizedUtils.swift in Sources */ = {isa = PBXBuildFile; fileRef = 964435B622D18F91002FA1CB /* LocalizedUtils.swift */; };
		9667AAF222CF192D00C22410 /* GeneralPreferencePane.xib in Resources */ = {isa = PBXBuildFile; fileRef = 9667AAF422CF192D00C22410 /* GeneralPreferencePane.xib */; };
		96FE269F22D0C3810071645C /* Localizable.strings in Resources */ = {isa = PBXBuildFile; fileRef = 96FE26A122D0C3810071645C /* Localizable.strings */; };
/* End PBXBuildFile section */

/* Begin PBXContainerItemProxy section */
		3483241C246FFA810035D2C2 /* PBXContainerItemProxy */ = {
			isa = PBXContainerItemProxy;
			containerPortal = 348343CE1F631B2E00CDA005 /* Project object */;
			proxyType = 1;
			remoteGlobalIDString = 34832414246FFA6F0035D2C2;
			remoteInfo = Relaunch;
		};
		349F9C2523C36BCA002CEC1E /* PBXContainerItemProxy */ = {
			isa = PBXContainerItemProxy;
			containerPortal = 348343CE1F631B2E00CDA005 /* Project object */;
			proxyType = 1;
			remoteGlobalIDString = 349F9C1923C36BCA002CEC1E;
			remoteInfo = QLPockWidget;
		};
/* End PBXContainerItemProxy section */

/* Begin PBXCopyFilesBuildPhase section */
		34832413246FFA6F0035D2C2 /* CopyFiles */ = {
			isa = PBXCopyFilesBuildPhase;
			buildActionMask = 2147483647;
			dstPath = /usr/share/man/man1/;
			dstSubfolderSpec = 0;
			files = (
			);
			runOnlyForDeploymentPostprocessing = 1;
		};
		349F9C2B23C36BCA002CEC1E /* Embed App Extensions */ = {
			isa = PBXCopyFilesBuildPhase;
			buildActionMask = 2147483647;
			dstPath = "";
			dstSubfolderSpec = 13;
			files = (
				349F9C2723C36BCA002CEC1E /* QLPockWidget.appex in Embed App Extensions */,
			);
			name = "Embed App Extensions";
			runOnlyForDeploymentPostprocessing = 0;
		};
/* End PBXCopyFilesBuildPhase section */

/* Begin PBXFileReference section */
		3406434C227F3FFF00981372 /* PockMainController.xib */ = {isa = PBXFileReference; lastKnownFileType = file.xib; path = PockMainController.xib; sourceTree = "<group>"; };
		3407F9DD22D0F0A60072E742 /* Extensions.swift */ = {isa = PBXFileReference; lastKnownFileType = sourcecode.swift; path = Extensions.swift; sourceTree = "<group>"; };
		342D83952278D5CF000D79DA /* MainWindow.xib */ = {isa = PBXFileReference; fileEncoding = 4; lastKnownFileType = file.xib; path = MainWindow.xib; sourceTree = "<group>"; };
		342D83982278D5CF000D79DA /* PockMainController.swift */ = {isa = PBXFileReference; fileEncoding = 4; lastKnownFileType = sourcecode.swift; path = PockMainController.swift; sourceTree = "<group>"; };
		342D839A2278D5CF000D79DA /* Preferences.swift */ = {isa = PBXFileReference; fileEncoding = 4; lastKnownFileType = sourcecode.swift; path = Preferences.swift; sourceTree = "<group>"; };
		342D839E2278D5CF000D79DA /* GeneralPreferencePane.swift */ = {isa = PBXFileReference; fileEncoding = 4; lastKnownFileType = sourcecode.swift; path = GeneralPreferencePane.swift; sourceTree = "<group>"; };
		342D83A32278D5CF000D79DA /* Assets.xcassets */ = {isa = PBXFileReference; lastKnownFileType = folder.assetcatalog; path = Assets.xcassets; sourceTree = "<group>"; };
		342D83A42278D5CF000D79DA /* Pock.entitlements */ = {isa = PBXFileReference; fileEncoding = 4; lastKnownFileType = text.plist.entitlements; path = Pock.entitlements; sourceTree = "<group>"; };
		342D83A52278D5CF000D79DA /* Info.plist */ = {isa = PBXFileReference; fileEncoding = 4; lastKnownFileType = text.plist.xml; path = Info.plist; sourceTree = "<group>"; };
		342D83A72278D5CF000D79DA /* NSTouchBar.h */ = {isa = PBXFileReference; fileEncoding = 4; lastKnownFileType = sourcecode.c.h; path = NSTouchBar.h; sourceTree = "<group>"; };
		342D83AE2278D5CF000D79DA /* Pock-Bridging-Header.h */ = {isa = PBXFileReference; fileEncoding = 4; lastKnownFileType = sourcecode.c.h; path = "Pock-Bridging-Header.h"; sourceTree = "<group>"; };
		342D83B22278D5CF000D79DA /* OSDUIHelper.swift */ = {isa = PBXFileReference; fileEncoding = 4; lastKnownFileType = sourcecode.swift; path = OSDUIHelper.swift; sourceTree = "<group>"; };
		342D83B32278D5CF000D79DA /* AppDelegate.swift */ = {isa = PBXFileReference; fileEncoding = 4; lastKnownFileType = sourcecode.swift; path = AppDelegate.swift; sourceTree = "<group>"; };
		342D83CE2278D5CF000D79DA /* PKWidgetTouchBarItem.swift */ = {isa = PBXFileReference; fileEncoding = 4; lastKnownFileType = sourcecode.swift; path = PKWidgetTouchBarItem.swift; sourceTree = "<group>"; };
		3435675A2381666F00E408EF /* WidgetsDispatcher.swift */ = {isa = PBXFileReference; lastKnownFileType = sourcecode.swift; path = WidgetsDispatcher.swift; sourceTree = "<group>"; };
		345E2EC523C2691900A947FC /* WidgetsManagerListPane.swift */ = {isa = PBXFileReference; lastKnownFileType = sourcecode.swift; path = WidgetsManagerListPane.swift; sourceTree = "<group>"; };
		345E2EC623C2691900A947FC /* WidgetsManagerListPane.xib */ = {isa = PBXFileReference; lastKnownFileType = file.xib; path = WidgetsManagerListPane.xib; sourceTree = "<group>"; };
		347F335D22D0D5F600FA9805 /* login.framework */ = {isa = PBXFileReference; lastKnownFileType = wrapper.framework; name = login.framework; path = ../../../../../../../../../System/Library/PrivateFrameworks/login.framework; sourceTree = "<group>"; };
		34832415246FFA6F0035D2C2 /* Relaunch */ = {isa = PBXFileReference; explicitFileType = "compiled.mach-o.executable"; includeInIndex = 0; path = Relaunch; sourceTree = BUILT_PRODUCTS_DIR; };
		34832417246FFA6F0035D2C2 /* main.swift */ = {isa = PBXFileReference; lastKnownFileType = sourcecode.swift; path = main.swift; sourceTree = "<group>"; };
		348343D61F631B2E00CDA005 /* Pock.app */ = {isa = PBXFileReference; explicitFileType = wrapper.application; includeInIndex = 0; path = Pock.app; sourceTree = BUILT_PRODUCTS_DIR; };
		349431EC22197484008622B1 /* MediaRemote.framework */ = {isa = PBXFileReference; lastKnownFileType = wrapper.framework; name = MediaRemote.framework; path = ../../../../../../../../../System/Library/PrivateFrameworks/MediaRemote.framework; sourceTree = "<group>"; };
		3494320B222179D7008622B1 /* BatteryUIKit.framework */ = {isa = PBXFileReference; lastKnownFileType = wrapper.framework; name = BatteryUIKit.framework; path = ../../../../../../../../../System/Library/PrivateFrameworks/BatteryUIKit.framework; sourceTree = "<group>"; };
		349F9C1A23C36BCA002CEC1E /* QLPockWidget.appex */ = {isa = PBXFileReference; explicitFileType = "wrapper.app-extension"; includeInIndex = 0; path = QLPockWidget.appex; sourceTree = BUILT_PRODUCTS_DIR; };
		349F9C1B23C36BCA002CEC1E /* Quartz.framework */ = {isa = PBXFileReference; lastKnownFileType = wrapper.framework; name = Quartz.framework; path = System/Library/Frameworks/Quartz.framework; sourceTree = SDKROOT; };
		349F9C1E23C36BCA002CEC1E /* PreviewViewController.swift */ = {isa = PBXFileReference; lastKnownFileType = sourcecode.swift; path = PreviewViewController.swift; sourceTree = "<group>"; };
		349F9C2123C36BCA002CEC1E /* Base */ = {isa = PBXFileReference; lastKnownFileType = file.xib; name = Base; path = Base.lproj/PreviewViewController.xib; sourceTree = "<group>"; };
		349F9C2323C36BCA002CEC1E /* Info.plist */ = {isa = PBXFileReference; lastKnownFileType = text.plist.xml; path = Info.plist; sourceTree = "<group>"; };
		349F9C2423C36BCA002CEC1E /* QLPockWidget.entitlements */ = {isa = PBXFileReference; lastKnownFileType = text.plist.entitlements; path = QLPockWidget.entitlements; sourceTree = "<group>"; };
		349F9C2D23C37231002CEC1E /* WidgetInfo.swift */ = {isa = PBXFileReference; lastKnownFileType = sourcecode.swift; path = WidgetInfo.swift; sourceTree = "<group>"; };
		349F9C3023C379C3002CEC1E /* Assets.xcassets */ = {isa = PBXFileReference; lastKnownFileType = folder.assetcatalog; path = Assets.xcassets; sourceTree = "<group>"; };
		349F9C3623C39407002CEC1E /* PockWidgetDocument.swift */ = {isa = PBXFileReference; lastKnownFileType = sourcecode.swift; path = PockWidgetDocument.swift; sourceTree = "<group>"; };
		34A8060522F6B97000621235 /* it */ = {isa = PBXFileReference; lastKnownFileType = text.plist.strings; name = it; path = it.lproj/GeneralPreferencePane.strings; sourceTree = "<group>"; };
		34A8060922F6B97000621235 /* it */ = {isa = PBXFileReference; lastKnownFileType = text.plist.strings; name = it; path = it.lproj/Localizable.strings; sourceTree = "<group>"; };
		34BC3ECB2210B2EC00C1DD3C /* DFRFoundation.framework */ = {isa = PBXFileReference; lastKnownFileType = wrapper.framework; name = DFRFoundation.framework; path = ../../../../../../../../../System/Library/PrivateFrameworks/DFRFoundation.framework; sourceTree = "<group>"; };
		34CA451B23C0C98A00C45B0D /* STPrivilegedTask.m */ = {isa = PBXFileReference; fileEncoding = 4; lastKnownFileType = sourcecode.c.objc; path = STPrivilegedTask.m; sourceTree = "<group>"; };
		34CA451C23C0C98A00C45B0D /* STPrivilegedTask.h */ = {isa = PBXFileReference; fileEncoding = 4; lastKnownFileType = sourcecode.c.h; path = STPrivilegedTask.h; sourceTree = "<group>"; };
		34CA451F23C0C9C500C45B0D /* TouchBarHelper.swift */ = {isa = PBXFileReference; lastKnownFileType = sourcecode.swift; path = TouchBarHelper.swift; sourceTree = "<group>"; };
		34D6F6FB23C2DD7A0078181F /* widget_icon.icns */ = {isa = PBXFileReference; lastKnownFileType = image.icns; path = widget_icon.icns; sourceTree = "<group>"; };
		34EF604823C12E1300FBE9E7 /* AlertWindowController.swift */ = {isa = PBXFileReference; lastKnownFileType = sourcecode.swift; path = AlertWindowController.swift; sourceTree = "<group>"; };
		34EF604923C12E1300FBE9E7 /* AlertWindowController.xib */ = {isa = PBXFileReference; lastKnownFileType = file.xib; path = AlertWindowController.xib; sourceTree = "<group>"; };
		34F27F2523428108001EBB6B /* LaunchAtLogin.framework */ = {isa = PBXFileReference; lastKnownFileType = wrapper.framework; name = LaunchAtLogin.framework; path = Carthage/Build/Mac/LaunchAtLogin.framework; sourceTree = "<group>"; };
		3BA42833BC69C895EB31DF93 /* Pods-Pock.debug.xcconfig */ = {isa = PBXFileReference; includeInIndex = 1; lastKnownFileType = text.xcconfig; name = "Pods-Pock.debug.xcconfig"; path = "Pods/Target Support Files/Pods-Pock/Pods-Pock.debug.xcconfig"; sourceTree = "<group>"; };
		716D62071D19174E56D6E33D /* Pods-Pock.release.xcconfig */ = {isa = PBXFileReference; includeInIndex = 1; lastKnownFileType = text.xcconfig; name = "Pods-Pock.release.xcconfig"; path = "Pods/Target Support Files/Pods-Pock/Pods-Pock.release.xcconfig"; sourceTree = "<group>"; };
		863BE70CFBAC31BDBF35B1FD /* Pods_Pock.framework */ = {isa = PBXFileReference; explicitFileType = wrapper.framework; includeInIndex = 0; path = Pods_Pock.framework; sourceTree = BUILT_PRODUCTS_DIR; };
		881719832334CAFA00CEFF2B /* tr */ = {isa = PBXFileReference; lastKnownFileType = text.plist.strings; name = tr; path = tr.lproj/GeneralPreferencePane.strings; sourceTree = "<group>"; };
		881719872334CAFA00CEFF2B /* tr */ = {isa = PBXFileReference; lastKnownFileType = text.plist.strings; name = tr; path = tr.lproj/Localizable.strings; sourceTree = "<group>"; };
		964435B622D18F91002FA1CB /* LocalizedUtils.swift */ = {isa = PBXFileReference; lastKnownFileType = sourcecode.swift; path = LocalizedUtils.swift; sourceTree = "<group>"; };
		9667AAF322CF192D00C22410 /* Base */ = {isa = PBXFileReference; lastKnownFileType = file.xib; name = Base; path = Base.lproj/GeneralPreferencePane.xib; sourceTree = "<group>"; };
		9667AAFA22CF1A4D00C22410 /* zh-Hans */ = {isa = PBXFileReference; lastKnownFileType = text.plist.strings; name = "zh-Hans"; path = "zh-Hans.lproj/GeneralPreferencePane.strings"; sourceTree = "<group>"; };
		969439E922D0FCA20022E67D /* zh-Hans */ = {isa = PBXFileReference; lastKnownFileType = text.plist.strings; name = "zh-Hans"; path = "zh-Hans.lproj/Localizable.strings"; sourceTree = "<group>"; };
		96F29996231797C00055DA26 /* en */ = {isa = PBXFileReference; lastKnownFileType = text.plist.strings; name = en; path = en.lproj/GeneralPreferencePane.strings; sourceTree = "<group>"; };
		96FE26A022D0C3810071645C /* en */ = {isa = PBXFileReference; lastKnownFileType = text.plist.strings; name = en; path = en.lproj/Localizable.strings; sourceTree = "<group>"; };
		AAA363702333699C0016267D /* zh-Hant */ = {isa = PBXFileReference; lastKnownFileType = text.plist.strings; name = "zh-Hant"; path = "zh-Hant.lproj/GeneralPreferencePane.strings"; sourceTree = "<group>"; };
		AAA363742333699C0016267D /* zh-Hant */ = {isa = PBXFileReference; lastKnownFileType = text.plist.strings; name = "zh-Hant"; path = "zh-Hant.lproj/Localizable.strings"; sourceTree = "<group>"; };
/* End PBXFileReference section */

/* Begin PBXFrameworksBuildPhase section */
		34832412246FFA6F0035D2C2 /* Frameworks */ = {
			isa = PBXFrameworksBuildPhase;
			buildActionMask = 2147483647;
			files = (
			);
			runOnlyForDeploymentPostprocessing = 0;
		};
		348343D31F631B2E00CDA005 /* Frameworks */ = {
			isa = PBXFrameworksBuildPhase;
			buildActionMask = 2147483647;
			files = (
				34BC3ECC2210B2EC00C1DD3C /* DFRFoundation.framework in Frameworks */,
				009B0E12E317757741CE38C8 /* Pods_Pock.framework in Frameworks */,
			);
			runOnlyForDeploymentPostprocessing = 0;
		};
		349F9C1723C36BCA002CEC1E /* Frameworks */ = {
			isa = PBXFrameworksBuildPhase;
			buildActionMask = 2147483647;
			files = (
				349F9C1C23C36BCA002CEC1E /* Quartz.framework in Frameworks */,
			);
			runOnlyForDeploymentPostprocessing = 0;
		};
/* End PBXFrameworksBuildPhase section */

/* Begin PBXGroup section */
		2F31B7DC05EFA1E8090C87AE /* Pods */ = {
			isa = PBXGroup;
			children = (
				3BA42833BC69C895EB31DF93 /* Pods-Pock.debug.xcconfig */,
				716D62071D19174E56D6E33D /* Pods-Pock.release.xcconfig */,
			);
			name = Pods;
			sourceTree = "<group>";
		};
		3406434B227F3FE900981372 /* PockMainController */ = {
			isa = PBXGroup;
			children = (
				3406434C227F3FFF00981372 /* PockMainController.xib */,
				342D83982278D5CF000D79DA /* PockMainController.swift */,
			);
			path = PockMainController;
			sourceTree = "<group>";
		};
		342D83932278D5CF000D79DA /* Pock */ = {
			isa = PBXGroup;
			children = (
				342D83B32278D5CF000D79DA /* AppDelegate.swift */,
				3407F9DD22D0F0A60072E742 /* Extensions.swift */,
				342D83942278D5CF000D79DA /* Interfaces UI */,
				342D83962278D5CF000D79DA /* TouchBar */,
				342D83B42278D5CF000D79DA /* Widgets */,
				342D83992278D5CF000D79DA /* Preferences */,
				342D83A22278D5CF000D79DA /* Various */,
				342D83A62278D5CF000D79DA /* Private */,
				34A8061222F6C98F00621235 /* Localisations */,
			);
			path = Pock;
			sourceTree = "<group>";
		};
		342D83942278D5CF000D79DA /* Interfaces UI */ = {
			isa = PBXGroup;
			children = (
				342D83952278D5CF000D79DA /* MainWindow.xib */,
				34EF604C23C12E1700FBE9E7 /* AlertWindowController */,
			);
			path = "Interfaces UI";
			sourceTree = "<group>";
		};
		342D83962278D5CF000D79DA /* TouchBar */ = {
			isa = PBXGroup;
			children = (
				3406434B227F3FE900981372 /* PockMainController */,
			);
			path = TouchBar;
			sourceTree = "<group>";
		};
		342D83992278D5CF000D79DA /* Preferences */ = {
			isa = PBXGroup;
			children = (
				342D839A2278D5CF000D79DA /* Preferences.swift */,
				342D839B2278D5CF000D79DA /* Panes */,
			);
			path = Preferences;
			sourceTree = "<group>";
		};
		342D839B2278D5CF000D79DA /* Panes */ = {
			isa = PBXGroup;
			children = (
				342D839C2278D5CF000D79DA /* GeneralPreferencePane */,
			);
			path = Panes;
			sourceTree = "<group>";
		};
		342D839C2278D5CF000D79DA /* GeneralPreferencePane */ = {
			isa = PBXGroup;
			children = (
				9667AAF422CF192D00C22410 /* GeneralPreferencePane.xib */,
				342D839E2278D5CF000D79DA /* GeneralPreferencePane.swift */,
			);
			path = GeneralPreferencePane;
			sourceTree = "<group>";
		};
		342D83A22278D5CF000D79DA /* Various */ = {
			isa = PBXGroup;
			children = (
				34D6F6FB23C2DD7A0078181F /* widget_icon.icns */,
				342D83A52278D5CF000D79DA /* Info.plist */,
				342D83A32278D5CF000D79DA /* Assets.xcassets */,
				342D83A42278D5CF000D79DA /* Pock.entitlements */,
			);
			path = Various;
			sourceTree = "<group>";
		};
		342D83A62278D5CF000D79DA /* Private */ = {
			isa = PBXGroup;
			children = (
				342D83AE2278D5CF000D79DA /* Pock-Bridging-Header.h */,
				342D83A72278D5CF000D79DA /* NSTouchBar.h */,
				342D83B22278D5CF000D79DA /* OSDUIHelper.swift */,
				34CA452123C0C9C900C45B0D /* TouchBarHelper */,
				34CA451E23C0C99200C45B0D /* STPrivilegedTask */,
			);
			path = Private;
			sourceTree = "<group>";
		};
		342D83B42278D5CF000D79DA /* Widgets */ = {
			isa = PBXGroup;
			children = (
				345E2ECA23C2692900A947FC /* Manager */,
				342D83CD2278D5CF000D79DA /* Common */,
			);
			path = Widgets;
			sourceTree = "<group>";
		};
		342D83CD2278D5CF000D79DA /* Common */ = {
			isa = PBXGroup;
			children = (
				342D83CE2278D5CF000D79DA /* PKWidgetTouchBarItem.swift */,
			);
			path = Common;
			sourceTree = "<group>";
		};
		345E2EC923C2692300A947FC /* WidgetsManagerListPane */ = {
			isa = PBXGroup;
			children = (
				345E2EC523C2691900A947FC /* WidgetsManagerListPane.swift */,
				345E2EC623C2691900A947FC /* WidgetsManagerListPane.xib */,
			);
			path = WidgetsManagerListPane;
			sourceTree = "<group>";
		};
		345E2ECA23C2692900A947FC /* Manager */ = {
			isa = PBXGroup;
			children = (
				349F9C2D23C37231002CEC1E /* WidgetInfo.swift */,
				349F9C3623C39407002CEC1E /* PockWidgetDocument.swift */,
				3435675A2381666F00E408EF /* WidgetsDispatcher.swift */,
				345E2EC923C2692300A947FC /* WidgetsManagerListPane */,
			);
			path = Manager;
			sourceTree = "<group>";
		};
		34832416246FFA6F0035D2C2 /* Relaunch */ = {
			isa = PBXGroup;
			children = (
				34832417246FFA6F0035D2C2 /* main.swift */,
			);
			path = Relaunch;
			sourceTree = "<group>";
		};
		348343CD1F631B2E00CDA005 = {
			isa = PBXGroup;
			children = (
				342D83932278D5CF000D79DA /* Pock */,
				349F9C1D23C36BCA002CEC1E /* QLPockWidget */,
				34832416246FFA6F0035D2C2 /* Relaunch */,
				348343D71F631B2E00CDA005 /* Products */,
				2F31B7DC05EFA1E8090C87AE /* Pods */,
				4ED8D081458713BE440562D3 /* Frameworks */,
			);
			sourceTree = "<group>";
		};
		348343D71F631B2E00CDA005 /* Products */ = {
			isa = PBXGroup;
			children = (
				348343D61F631B2E00CDA005 /* Pock.app */,
				349F9C1A23C36BCA002CEC1E /* QLPockWidget.appex */,
				34832415246FFA6F0035D2C2 /* Relaunch */,
			);
			name = Products;
			sourceTree = "<group>";
		};
		349F9C1D23C36BCA002CEC1E /* QLPockWidget */ = {
			isa = PBXGroup;
			children = (
				349F9C3023C379C3002CEC1E /* Assets.xcassets */,
				349F9C1E23C36BCA002CEC1E /* PreviewViewController.swift */,
				349F9C2023C36BCA002CEC1E /* PreviewViewController.xib */,
				349F9C2323C36BCA002CEC1E /* Info.plist */,
				349F9C2423C36BCA002CEC1E /* QLPockWidget.entitlements */,
			);
			path = QLPockWidget;
			sourceTree = "<group>";
		};
		34A8061222F6C98F00621235 /* Localisations */ = {
			isa = PBXGroup;
			children = (
				96FE26A122D0C3810071645C /* Localizable.strings */,
				964435B622D18F91002FA1CB /* LocalizedUtils.swift */,
			);
			path = Localisations;
			sourceTree = "<group>";
		};
		34CA451E23C0C99200C45B0D /* STPrivilegedTask */ = {
			isa = PBXGroup;
			children = (
				34CA451C23C0C98A00C45B0D /* STPrivilegedTask.h */,
				34CA451B23C0C98A00C45B0D /* STPrivilegedTask.m */,
			);
			path = STPrivilegedTask;
			sourceTree = "<group>";
		};
		34CA452123C0C9C900C45B0D /* TouchBarHelper */ = {
			isa = PBXGroup;
			children = (
				34CA451F23C0C9C500C45B0D /* TouchBarHelper.swift */,
			);
			path = TouchBarHelper;
			sourceTree = "<group>";
		};
		34EF604C23C12E1700FBE9E7 /* AlertWindowController */ = {
			isa = PBXGroup;
			children = (
				34EF604823C12E1300FBE9E7 /* AlertWindowController.swift */,
				34EF604923C12E1300FBE9E7 /* AlertWindowController.xib */,
			);
			path = AlertWindowController;
			sourceTree = "<group>";
		};
		4ED8D081458713BE440562D3 /* Frameworks */ = {
			isa = PBXGroup;
			children = (
				34F27F2523428108001EBB6B /* LaunchAtLogin.framework */,
				347F335D22D0D5F600FA9805 /* login.framework */,
				3494320B222179D7008622B1 /* BatteryUIKit.framework */,
				349431EC22197484008622B1 /* MediaRemote.framework */,
				34BC3ECB2210B2EC00C1DD3C /* DFRFoundation.framework */,
				863BE70CFBAC31BDBF35B1FD /* Pods_Pock.framework */,
				349F9C1B23C36BCA002CEC1E /* Quartz.framework */,
			);
			name = Frameworks;
			sourceTree = "<group>";
		};
/* End PBXGroup section */

/* Begin PBXNativeTarget section */
		34832414246FFA6F0035D2C2 /* Relaunch */ = {
			isa = PBXNativeTarget;
			buildConfigurationList = 34832419246FFA6F0035D2C2 /* Build configuration list for PBXNativeTarget "Relaunch" */;
			buildPhases = (
				34832411246FFA6F0035D2C2 /* Sources */,
				34832412246FFA6F0035D2C2 /* Frameworks */,
				34832413246FFA6F0035D2C2 /* CopyFiles */,
			);
			buildRules = (
			);
			dependencies = (
			);
			name = Relaunch;
			productName = Relaunch;
			productReference = 34832415246FFA6F0035D2C2 /* Relaunch */;
			productType = "com.apple.product-type.tool";
		};
		348343D51F631B2E00CDA005 /* Pock */ = {
			isa = PBXNativeTarget;
			buildConfigurationList = 348343E51F631B2E00CDA005 /* Build configuration list for PBXNativeTarget "Pock" */;
			buildPhases = (
				2B2556069E62CDAC367ACF33 /* [CP] Check Pods Manifest.lock */,
				3407F9DF22D102AC0072E742 /* [Pock]: Set Fabric API_KEY */,
				348343D21F631B2E00CDA005 /* Sources */,
				348343D31F631B2E00CDA005 /* Frameworks */,
				348343D41F631B2E00CDA005 /* Resources */,
				9C497126EC20FAC73A4D0299 /* [CP] Embed Pods Frameworks */,
				3413964E217B8B6200DCD2B0 /* [Fabric] Run */,
				349F9C2B23C36BCA002CEC1E /* Embed App Extensions */,
			);
			buildRules = (
			);
			dependencies = (
				3483241D246FFA810035D2C2 /* PBXTargetDependency */,
				349F9C2623C36BCA002CEC1E /* PBXTargetDependency */,
			);
			name = Pock;
			productName = Pock;
			productReference = 348343D61F631B2E00CDA005 /* Pock.app */;
			productType = "com.apple.product-type.application";
		};
		349F9C1923C36BCA002CEC1E /* QLPockWidget */ = {
			isa = PBXNativeTarget;
			buildConfigurationList = 349F9C2823C36BCA002CEC1E /* Build configuration list for PBXNativeTarget "QLPockWidget" */;
			buildPhases = (
				349F9C1623C36BCA002CEC1E /* Sources */,
				349F9C1723C36BCA002CEC1E /* Frameworks */,
				349F9C1823C36BCA002CEC1E /* Resources */,
			);
			buildRules = (
			);
			dependencies = (
			);
			name = QLPockWidget;
			productName = QLPockWidget;
			productReference = 349F9C1A23C36BCA002CEC1E /* QLPockWidget.appex */;
			productType = "com.apple.product-type.app-extension";
		};
/* End PBXNativeTarget section */

/* Begin PBXProject section */
		348343CE1F631B2E00CDA005 /* Project object */ = {
			isa = PBXProject;
			attributes = {
				LastSwiftUpdateCheck = 1100;
				LastUpgradeCheck = 1100;
				ORGANIZATIONNAME = "Pierluigi Galdi";
				TargetAttributes = {
					34832414246FFA6F0035D2C2 = {
						CreatedOnToolsVersion = 11.0;
						DevelopmentTeam = 788D9WZ9Z3;
						ProvisioningStyle = Automatic;
					};
					348343D51F631B2E00CDA005 = {
						CreatedOnToolsVersion = 8.3.3;
						LastSwiftMigration = 1100;
						ProvisioningStyle = Automatic;
						SystemCapabilities = {
							com.apple.HardenedRuntime = {
								enabled = 1;
							};
						};
					};
					349F9C1923C36BCA002CEC1E = {
						CreatedOnToolsVersion = 11.0;
						ProvisioningStyle = Automatic;
					};
				};
			};
			buildConfigurationList = 348343D11F631B2E00CDA005 /* Build configuration list for PBXProject "Pock" */;
			compatibilityVersion = "Xcode 3.2";
			developmentRegion = en;
			hasScannedForEncodings = 0;
			knownRegions = (
				en,
				Base,
				"zh-Hans",
				it,
				tr,
				"zh-Hant",
			);
			mainGroup = 348343CD1F631B2E00CDA005;
			productRefGroup = 348343D71F631B2E00CDA005 /* Products */;
			projectDirPath = "";
			projectRoot = "";
			targets = (
				348343D51F631B2E00CDA005 /* Pock */,
				34832414246FFA6F0035D2C2 /* Relaunch */,
				349F9C1923C36BCA002CEC1E /* QLPockWidget */,
			);
		};
/* End PBXProject section */

/* Begin PBXResourcesBuildPhase section */
		348343D41F631B2E00CDA005 /* Resources */ = {
			isa = PBXResourcesBuildPhase;
			buildActionMask = 2147483647;
			files = (
				3483241E246FFA8B0035D2C2 /* Relaunch in Resources */,
				342D83DF2278D5CF000D79DA /* MainWindow.xib in Resources */,
				34D6F6FC23C2DD7A0078181F /* widget_icon.icns in Resources */,
				9667AAF222CF192D00C22410 /* GeneralPreferencePane.xib in Resources */,
				345E2EC823C2691900A947FC /* WidgetsManagerListPane.xib in Resources */,
				34EF604B23C12E1300FBE9E7 /* AlertWindowController.xib in Resources */,
				96FE269F22D0C3810071645C /* Localizable.strings in Resources */,
				3406434D227F3FFF00981372 /* PockMainController.xib in Resources */,
				342D83E72278D5CF000D79DA /* Assets.xcassets in Resources */,
			);
			runOnlyForDeploymentPostprocessing = 0;
		};
		349F9C1823C36BCA002CEC1E /* Resources */ = {
			isa = PBXResourcesBuildPhase;
			buildActionMask = 2147483647;
			files = (
				349F9C3123C379C3002CEC1E /* Assets.xcassets in Resources */,
				349F9C2223C36BCA002CEC1E /* PreviewViewController.xib in Resources */,
			);
			runOnlyForDeploymentPostprocessing = 0;
		};
/* End PBXResourcesBuildPhase section */

/* Begin PBXShellScriptBuildPhase section */
		2B2556069E62CDAC367ACF33 /* [CP] Check Pods Manifest.lock */ = {
			isa = PBXShellScriptBuildPhase;
			buildActionMask = 2147483647;
			files = (
			);
			inputPaths = (
				"${PODS_PODFILE_DIR_PATH}/Podfile.lock",
				"${PODS_ROOT}/Manifest.lock",
			);
			name = "[CP] Check Pods Manifest.lock";
			outputPaths = (
				"$(DERIVED_FILE_DIR)/Pods-Pock-checkManifestLockResult.txt",
			);
			runOnlyForDeploymentPostprocessing = 0;
			shellPath = /bin/sh;
			shellScript = "diff \"${PODS_PODFILE_DIR_PATH}/Podfile.lock\" \"${PODS_ROOT}/Manifest.lock\" > /dev/null\nif [ $? != 0 ] ; then\n    # print error to STDERR\n    echo \"error: The sandbox is not in sync with the Podfile.lock. Run 'pod install' or update your CocoaPods installation.\" >&2\n    exit 1\nfi\n# This output is used by Xcode 'outputs' to avoid re-running this script phase.\necho \"SUCCESS\" > \"${SCRIPT_OUTPUT_FILE_0}\"\n";
			showEnvVarsInLog = 0;
		};
		3407F9DF22D102AC0072E742 /* [Pock]: Set Fabric API_KEY */ = {
			isa = PBXShellScriptBuildPhase;
			buildActionMask = 8;
			files = (
			);
			inputFileListPaths = (
			);
			inputPaths = (
				"$(BUILT_PRODUCTS_DIR)/$(INFOPLIST_PATH)",
			);
			name = "[Pock]: Set Fabric API_KEY";
			outputFileListPaths = (
			);
			outputPaths = (
			);
			runOnlyForDeploymentPostprocessing = 1;
			shellPath = /bin/sh;
			shellScript = "apiKey=$(sed -n '1p' < FabricEnv)\nsecretKey=$(sed -n '2p' < FabricEnv)\n\nINFO_PLIST=\"${SRCROOT}/Pock/Various/Info.plist\"\n\n/usr/libexec/PlistBuddy -c \"Set :Fabric:APIKey $apiKey\" \"$INFO_PLIST\"\n";
		};
		3413964E217B8B6200DCD2B0 /* [Fabric] Run */ = {
			isa = PBXShellScriptBuildPhase;
			buildActionMask = 8;
			files = (
			);
			inputFileListPaths = (
			);
			inputPaths = (
				"$(BUILT_PRODUCTS_DIR)/$(INFOPLIST_PATH)",
			);
			name = "[Fabric] Run";
			outputFileListPaths = (
			);
			outputPaths = (
			);
			runOnlyForDeploymentPostprocessing = 1;
			shellPath = /bin/sh;
			shellScript = "apiKey=$(sed -n '1p' < FabricEnv)\nsecretKey=$(sed -n '2p' < FabricEnv)\n\n\"${PODS_ROOT}/Fabric/run\" $apiKey $secretKey\n";
		};
		9C497126EC20FAC73A4D0299 /* [CP] Embed Pods Frameworks */ = {
			isa = PBXShellScriptBuildPhase;
			buildActionMask = 2147483647;
			files = (
			);
			inputPaths = (
				"${PODS_ROOT}/Target Support Files/Pods-Pock/Pods-Pock-frameworks.sh",
				"${BUILT_PRODUCTS_DIR}/Defaults/Defaults.framework",
				"${BUILT_PRODUCTS_DIR}/LoginServiceKit/LoginServiceKit.framework",
				"${BUILT_PRODUCTS_DIR}/Magnet/Magnet.framework",
				"${BUILT_PRODUCTS_DIR}/PockKit/PockKit.framework",
				"${BUILT_PRODUCTS_DIR}/Preferences/Preferences.framework",
				"${BUILT_PRODUCTS_DIR}/Sauce/Sauce.framework",
				"${BUILT_PRODUCTS_DIR}/SnapKit/SnapKit.framework",
			);
			name = "[CP] Embed Pods Frameworks";
			outputPaths = (
				"${TARGET_BUILD_DIR}/${FRAMEWORKS_FOLDER_PATH}/Defaults.framework",
				"${TARGET_BUILD_DIR}/${FRAMEWORKS_FOLDER_PATH}/LoginServiceKit.framework",
				"${TARGET_BUILD_DIR}/${FRAMEWORKS_FOLDER_PATH}/Magnet.framework",
				"${TARGET_BUILD_DIR}/${FRAMEWORKS_FOLDER_PATH}/PockKit.framework",
				"${TARGET_BUILD_DIR}/${FRAMEWORKS_FOLDER_PATH}/Preferences.framework",
				"${TARGET_BUILD_DIR}/${FRAMEWORKS_FOLDER_PATH}/Sauce.framework",
				"${TARGET_BUILD_DIR}/${FRAMEWORKS_FOLDER_PATH}/SnapKit.framework",
			);
			runOnlyForDeploymentPostprocessing = 0;
			shellPath = /bin/sh;
			shellScript = "\"${PODS_ROOT}/Target Support Files/Pods-Pock/Pods-Pock-frameworks.sh\"\n";
			showEnvVarsInLog = 0;
		};
/* End PBXShellScriptBuildPhase section */

/* Begin PBXSourcesBuildPhase section */
		34832411246FFA6F0035D2C2 /* Sources */ = {
			isa = PBXSourcesBuildPhase;
			buildActionMask = 2147483647;
			files = (
				34832418246FFA6F0035D2C2 /* main.swift in Sources */,
			);
			runOnlyForDeploymentPostprocessing = 0;
		};
		348343D21F631B2E00CDA005 /* Sources */ = {
			isa = PBXSourcesBuildPhase;
			buildActionMask = 2147483647;
			files = (
				345E2EC723C2691900A947FC /* WidgetsManagerListPane.swift in Sources */,
				3435675B2381666F00E408EF /* WidgetsDispatcher.swift in Sources */,
				34CA451D23C0C98A00C45B0D /* STPrivilegedTask.m in Sources */,
				349F9C2E23C37231002CEC1E /* WidgetInfo.swift in Sources */,
				342D83EC2278D5CF000D79DA /* OSDUIHelper.swift in Sources */,
				3407F9DE22D0F0A60072E742 /* Extensions.swift in Sources */,
				34CA452023C0C9C500C45B0D /* TouchBarHelper.swift in Sources */,
				349F9C3723C39407002CEC1E /* PockWidgetDocument.swift in Sources */,
				342D83E12278D5CF000D79DA /* PockMainController.swift in Sources */,
				34EF604A23C12E1300FBE9E7 /* AlertWindowController.swift in Sources */,
				964435B722D18F91002FA1CB /* LocalizedUtils.swift in Sources */,
				342D84002278D5CF000D79DA /* PKWidgetTouchBarItem.swift in Sources */,
				342D83E22278D5CF000D79DA /* Preferences.swift in Sources */,
				342D83ED2278D5CF000D79DA /* AppDelegate.swift in Sources */,
				342D83E42278D5CF000D79DA /* GeneralPreferencePane.swift in Sources */,
			);
			runOnlyForDeploymentPostprocessing = 0;
		};
		349F9C1623C36BCA002CEC1E /* Sources */ = {
			isa = PBXSourcesBuildPhase;
			buildActionMask = 2147483647;
			files = (
				349F9C1F23C36BCA002CEC1E /* PreviewViewController.swift in Sources */,
				349F9C3523C393F6002CEC1E /* WidgetInfo.swift in Sources */,
			);
			runOnlyForDeploymentPostprocessing = 0;
		};
/* End PBXSourcesBuildPhase section */

/* Begin PBXTargetDependency section */
		3483241D246FFA810035D2C2 /* PBXTargetDependency */ = {
			isa = PBXTargetDependency;
			target = 34832414246FFA6F0035D2C2 /* Relaunch */;
			targetProxy = 3483241C246FFA810035D2C2 /* PBXContainerItemProxy */;
		};
		349F9C2623C36BCA002CEC1E /* PBXTargetDependency */ = {
			isa = PBXTargetDependency;
			target = 349F9C1923C36BCA002CEC1E /* QLPockWidget */;
			targetProxy = 349F9C2523C36BCA002CEC1E /* PBXContainerItemProxy */;
		};
/* End PBXTargetDependency section */

/* Begin PBXVariantGroup section */
		349F9C2023C36BCA002CEC1E /* PreviewViewController.xib */ = {
			isa = PBXVariantGroup;
			children = (
				349F9C2123C36BCA002CEC1E /* Base */,
			);
			name = PreviewViewController.xib;
			sourceTree = "<group>";
		};
		9667AAF422CF192D00C22410 /* GeneralPreferencePane.xib */ = {
			isa = PBXVariantGroup;
			children = (
				9667AAF322CF192D00C22410 /* Base */,
				9667AAFA22CF1A4D00C22410 /* zh-Hans */,
				34A8060522F6B97000621235 /* it */,
				881719832334CAFA00CEFF2B /* tr */,
				AAA363702333699C0016267D /* zh-Hant */,
				96F29996231797C00055DA26 /* en */,
			);
			name = GeneralPreferencePane.xib;
			sourceTree = "<group>";
		};
		96FE26A122D0C3810071645C /* Localizable.strings */ = {
			isa = PBXVariantGroup;
			children = (
				96FE26A022D0C3810071645C /* en */,
				969439E922D0FCA20022E67D /* zh-Hans */,
				34A8060922F6B97000621235 /* it */,
				881719872334CAFA00CEFF2B /* tr */,
				AAA363742333699C0016267D /* zh-Hant */,
			);
			name = Localizable.strings;
			sourceTree = "<group>";
		};
/* End PBXVariantGroup section */

/* Begin XCBuildConfiguration section */
		3483241A246FFA6F0035D2C2 /* Debug */ = {
			isa = XCBuildConfiguration;
			buildSettings = {
				CLANG_CXX_LANGUAGE_STANDARD = "gnu++14";
				CLANG_ENABLE_OBJC_WEAK = YES;
				CLANG_WARN_UNGUARDED_AVAILABILITY = YES_AGGRESSIVE;
				CODE_SIGN_STYLE = Automatic;
				DEVELOPMENT_TEAM = 788D9WZ9Z3;
				ENABLE_HARDENED_RUNTIME = YES;
				GCC_C_LANGUAGE_STANDARD = gnu11;
				MACOSX_DEPLOYMENT_TARGET = 10.15;
				MTL_ENABLE_DEBUG_INFO = INCLUDE_SOURCE;
				MTL_FAST_MATH = YES;
				PRODUCT_NAME = "$(TARGET_NAME)";
				SWIFT_VERSION = 5.0;
			};
			name = Debug;
		};
		3483241B246FFA6F0035D2C2 /* Release */ = {
			isa = XCBuildConfiguration;
			buildSettings = {
				CLANG_CXX_LANGUAGE_STANDARD = "gnu++14";
				CLANG_ENABLE_OBJC_WEAK = YES;
				CLANG_WARN_UNGUARDED_AVAILABILITY = YES_AGGRESSIVE;
				CODE_SIGN_STYLE = Automatic;
				DEVELOPMENT_TEAM = 788D9WZ9Z3;
				ENABLE_HARDENED_RUNTIME = YES;
				GCC_C_LANGUAGE_STANDARD = gnu11;
				MACOSX_DEPLOYMENT_TARGET = 10.15;
				MTL_FAST_MATH = YES;
				PRODUCT_NAME = "$(TARGET_NAME)";
				SWIFT_VERSION = 5.0;
			};
			name = Release;
		};
		348343E31F631B2E00CDA005 /* Debug */ = {
			isa = XCBuildConfiguration;
			buildSettings = {
				ALWAYS_SEARCH_USER_PATHS = NO;
				CLANG_ANALYZER_LOCALIZABILITY_NONLOCALIZED = YES;
				CLANG_ANALYZER_NONNULL = YES;
				CLANG_ANALYZER_NUMBER_OBJECT_CONVERSION = YES_AGGRESSIVE;
				CLANG_CXX_LANGUAGE_STANDARD = "gnu++0x";
				CLANG_CXX_LIBRARY = "libc++";
				CLANG_ENABLE_MODULES = YES;
				CLANG_ENABLE_OBJC_ARC = YES;
				CLANG_WARN_BLOCK_CAPTURE_AUTORELEASING = YES;
				CLANG_WARN_BOOL_CONVERSION = YES;
				CLANG_WARN_COMMA = YES;
				CLANG_WARN_CONSTANT_CONVERSION = YES;
				CLANG_WARN_DEPRECATED_OBJC_IMPLEMENTATIONS = YES;
				CLANG_WARN_DIRECT_OBJC_ISA_USAGE = YES_ERROR;
				CLANG_WARN_DOCUMENTATION_COMMENTS = YES;
				CLANG_WARN_EMPTY_BODY = YES;
				CLANG_WARN_ENUM_CONVERSION = YES;
				CLANG_WARN_INFINITE_RECURSION = YES;
				CLANG_WARN_INT_CONVERSION = YES;
				CLANG_WARN_NON_LITERAL_NULL_CONVERSION = YES;
				CLANG_WARN_OBJC_IMPLICIT_RETAIN_SELF = YES;
				CLANG_WARN_OBJC_LITERAL_CONVERSION = YES;
				CLANG_WARN_OBJC_ROOT_CLASS = YES_ERROR;
				CLANG_WARN_RANGE_LOOP_ANALYSIS = YES;
				CLANG_WARN_STRICT_PROTOTYPES = YES;
				CLANG_WARN_SUSPICIOUS_MOVE = YES;
				CLANG_WARN_UNREACHABLE_CODE = YES;
				CLANG_WARN__DUPLICATE_METHOD_MATCH = YES;
				CODE_SIGN_IDENTITY = "-";
				COPY_PHASE_STRIP = NO;
				DEBUG_INFORMATION_FORMAT = dwarf;
				ENABLE_STRICT_OBJC_MSGSEND = YES;
				ENABLE_TESTABILITY = YES;
				GCC_C_LANGUAGE_STANDARD = gnu99;
				GCC_DYNAMIC_NO_PIC = NO;
				GCC_NO_COMMON_BLOCKS = YES;
				GCC_OPTIMIZATION_LEVEL = 0;
				GCC_PREPROCESSOR_DEFINITIONS = (
					"DEBUG=1",
					"$(inherited)",
				);
				GCC_WARN_64_TO_32_BIT_CONVERSION = YES;
				GCC_WARN_ABOUT_RETURN_TYPE = YES_ERROR;
				GCC_WARN_UNDECLARED_SELECTOR = YES;
				GCC_WARN_UNINITIALIZED_AUTOS = YES_AGGRESSIVE;
				GCC_WARN_UNUSED_FUNCTION = YES;
				GCC_WARN_UNUSED_VARIABLE = YES;
				MACOSX_DEPLOYMENT_TARGET = 10.12;
				MTL_ENABLE_DEBUG_INFO = YES;
				ONLY_ACTIVE_ARCH = YES;
				SDKROOT = macosx;
				SWIFT_ACTIVE_COMPILATION_CONDITIONS = DEBUG;
				SWIFT_OPTIMIZATION_LEVEL = "-Onone";
			};
			name = Debug;
		};
		348343E41F631B2E00CDA005 /* Release */ = {
			isa = XCBuildConfiguration;
			buildSettings = {
				ALWAYS_SEARCH_USER_PATHS = NO;
				CLANG_ANALYZER_LOCALIZABILITY_NONLOCALIZED = YES;
				CLANG_ANALYZER_NONNULL = YES;
				CLANG_ANALYZER_NUMBER_OBJECT_CONVERSION = YES_AGGRESSIVE;
				CLANG_CXX_LANGUAGE_STANDARD = "gnu++0x";
				CLANG_CXX_LIBRARY = "libc++";
				CLANG_ENABLE_MODULES = YES;
				CLANG_ENABLE_OBJC_ARC = YES;
				CLANG_WARN_BLOCK_CAPTURE_AUTORELEASING = YES;
				CLANG_WARN_BOOL_CONVERSION = YES;
				CLANG_WARN_COMMA = YES;
				CLANG_WARN_CONSTANT_CONVERSION = YES;
				CLANG_WARN_DEPRECATED_OBJC_IMPLEMENTATIONS = YES;
				CLANG_WARN_DIRECT_OBJC_ISA_USAGE = YES_ERROR;
				CLANG_WARN_DOCUMENTATION_COMMENTS = YES;
				CLANG_WARN_EMPTY_BODY = YES;
				CLANG_WARN_ENUM_CONVERSION = YES;
				CLANG_WARN_INFINITE_RECURSION = YES;
				CLANG_WARN_INT_CONVERSION = YES;
				CLANG_WARN_NON_LITERAL_NULL_CONVERSION = YES;
				CLANG_WARN_OBJC_IMPLICIT_RETAIN_SELF = YES;
				CLANG_WARN_OBJC_LITERAL_CONVERSION = YES;
				CLANG_WARN_OBJC_ROOT_CLASS = YES_ERROR;
				CLANG_WARN_RANGE_LOOP_ANALYSIS = YES;
				CLANG_WARN_STRICT_PROTOTYPES = YES;
				CLANG_WARN_SUSPICIOUS_MOVE = YES;
				CLANG_WARN_UNREACHABLE_CODE = YES;
				CLANG_WARN__DUPLICATE_METHOD_MATCH = YES;
				CODE_SIGN_IDENTITY = "-";
				COPY_PHASE_STRIP = NO;
				DEBUG_INFORMATION_FORMAT = "dwarf-with-dsym";
				ENABLE_NS_ASSERTIONS = NO;
				ENABLE_STRICT_OBJC_MSGSEND = YES;
				GCC_C_LANGUAGE_STANDARD = gnu99;
				GCC_NO_COMMON_BLOCKS = YES;
				GCC_WARN_64_TO_32_BIT_CONVERSION = YES;
				GCC_WARN_ABOUT_RETURN_TYPE = YES_ERROR;
				GCC_WARN_UNDECLARED_SELECTOR = YES;
				GCC_WARN_UNINITIALIZED_AUTOS = YES_AGGRESSIVE;
				GCC_WARN_UNUSED_FUNCTION = YES;
				GCC_WARN_UNUSED_VARIABLE = YES;
				MACOSX_DEPLOYMENT_TARGET = 10.12;
				MTL_ENABLE_DEBUG_INFO = NO;
				SDKROOT = macosx;
				SWIFT_OPTIMIZATION_LEVEL = "-Owholemodule";
			};
			name = Release;
		};
		348343E61F631B2E00CDA005 /* Debug */ = {
			isa = XCBuildConfiguration;
			baseConfigurationReference = 3BA42833BC69C895EB31DF93 /* Pods-Pock.debug.xcconfig */;
			buildSettings = {
				ALWAYS_EMBED_SWIFT_STANDARD_LIBRARIES = YES;
				ASSETCATALOG_COMPILER_APPICON_NAME = AppIcon;
				CODE_SIGN_ENTITLEMENTS = Pock/Various/Pock.entitlements;
				CODE_SIGN_IDENTITY = "-";
				CODE_SIGN_STYLE = Automatic;
				COMBINE_HIDPI_IMAGES = YES;
				CURRENT_PROJECT_VERSION = 1;
				DEBUG_INFORMATION_FORMAT = "dwarf-with-dsym";
				DEVELOPMENT_TEAM = "";
				ENABLE_HARDENED_RUNTIME = YES;
				FRAMEWORK_SEARCH_PATHS = (
					"$(inherited)",
					"$(SYSTEM_LIBRARY_DIR)/PrivateFrameworks",
				);
				INFOPLIST_FILE = "$(SRCROOT)/Pock/Various/Info.plist";
				LD_RUNPATH_SEARCH_PATHS = "$(inherited) @loader_path/../Frameworks @executable_path/../Frameworks";
				MACOSX_DEPLOYMENT_TARGET = 10.12.2;
				MARKETING_VERSION = 0.7.2;
				PRODUCT_BUNDLE_IDENTIFIER = com.pigigaldi.pock;
				PRODUCT_NAME = "$(TARGET_NAME)";
				PROVISIONING_PROFILE_SPECIFIER = "";
				SWIFT_OBJC_BRIDGING_HEADER = "${SRCROOT}/Pock/Private/Pock-Bridging-Header.h";
				SWIFT_VERSION = 5.0;
			};
			name = Debug;
		};
		348343E71F631B2E00CDA005 /* Release */ = {
			isa = XCBuildConfiguration;
			baseConfigurationReference = 716D62071D19174E56D6E33D /* Pods-Pock.release.xcconfig */;
			buildSettings = {
				ALWAYS_EMBED_SWIFT_STANDARD_LIBRARIES = YES;
				ASSETCATALOG_COMPILER_APPICON_NAME = AppIcon;
				CODE_SIGN_ENTITLEMENTS = Pock/Various/Pock.entitlements;
				CODE_SIGN_IDENTITY = "-";
				CODE_SIGN_STYLE = Automatic;
				COMBINE_HIDPI_IMAGES = YES;
				CURRENT_PROJECT_VERSION = 1;
				DEVELOPMENT_TEAM = "";
				ENABLE_HARDENED_RUNTIME = YES;
				FRAMEWORK_SEARCH_PATHS = (
					"$(inherited)",
					"$(SYSTEM_LIBRARY_DIR)/PrivateFrameworks",
				);
				INFOPLIST_FILE = "$(SRCROOT)/Pock/Various/Info.plist";
				LD_RUNPATH_SEARCH_PATHS = "$(inherited) @loader_path/../Frameworks @executable_path/../Frameworks";
				MACOSX_DEPLOYMENT_TARGET = 10.12.2;
				MARKETING_VERSION = 0.7.2;
				PRODUCT_BUNDLE_IDENTIFIER = com.pigigaldi.pock;
				PRODUCT_NAME = "$(TARGET_NAME)";
				PROVISIONING_PROFILE_SPECIFIER = "";
				SWIFT_ACTIVE_COMPILATION_CONDITIONS = PROD;
				SWIFT_OBJC_BRIDGING_HEADER = "${SRCROOT}/Pock/Private/Pock-Bridging-Header.h";
				SWIFT_VERSION = 5.0;
			};
			name = Release;
		};
		349F9C2923C36BCA002CEC1E /* Debug */ = {
			isa = XCBuildConfiguration;
			buildSettings = {
				CLANG_CXX_LANGUAGE_STANDARD = "gnu++14";
				CLANG_ENABLE_OBJC_WEAK = YES;
				CLANG_WARN_UNGUARDED_AVAILABILITY = YES_AGGRESSIVE;
				CODE_SIGN_ENTITLEMENTS = QLPockWidget/QLPockWidget.entitlements;
				CODE_SIGN_IDENTITY = "-";
				CODE_SIGN_STYLE = Automatic;
				DEVELOPMENT_TEAM = "";
				ENABLE_HARDENED_RUNTIME = YES;
				GCC_C_LANGUAGE_STANDARD = gnu11;
				INFOPLIST_FILE = QLPockWidget/Info.plist;
				LD_RUNPATH_SEARCH_PATHS = "$(inherited) @executable_path/../Frameworks @executable_path/../../../../Frameworks";
				MACOSX_DEPLOYMENT_TARGET = 10.15;
				MTL_ENABLE_DEBUG_INFO = INCLUDE_SOURCE;
				MTL_FAST_MATH = YES;
				PRODUCT_BUNDLE_IDENTIFIER = com.pigigaldi.pock.QLPockWidget;
				PRODUCT_NAME = "$(TARGET_NAME)";
				SKIP_INSTALL = YES;
				SWIFT_VERSION = 5.0;
			};
			name = Debug;
		};
		349F9C2A23C36BCA002CEC1E /* Release */ = {
			isa = XCBuildConfiguration;
			buildSettings = {
				CLANG_CXX_LANGUAGE_STANDARD = "gnu++14";
				CLANG_ENABLE_OBJC_WEAK = YES;
				CLANG_WARN_UNGUARDED_AVAILABILITY = YES_AGGRESSIVE;
				CODE_SIGN_ENTITLEMENTS = QLPockWidget/QLPockWidget.entitlements;
				CODE_SIGN_IDENTITY = "-";
				CODE_SIGN_STYLE = Automatic;
				DEVELOPMENT_TEAM = "";
				ENABLE_HARDENED_RUNTIME = YES;
				GCC_C_LANGUAGE_STANDARD = gnu11;
				INFOPLIST_FILE = QLPockWidget/Info.plist;
				LD_RUNPATH_SEARCH_PATHS = "$(inherited) @executable_path/../Frameworks @executable_path/../../../../Frameworks";
				MACOSX_DEPLOYMENT_TARGET = 10.15;
				MTL_FAST_MATH = YES;
				PRODUCT_BUNDLE_IDENTIFIER = com.pigigaldi.pock.QLPockWidget;
				PRODUCT_NAME = "$(TARGET_NAME)";
				SKIP_INSTALL = YES;
				SWIFT_VERSION = 5.0;
			};
			name = Release;
		};
/* End XCBuildConfiguration section */

/* Begin XCConfigurationList section */
		34832419246FFA6F0035D2C2 /* Build configuration list for PBXNativeTarget "Relaunch" */ = {
			isa = XCConfigurationList;
			buildConfigurations = (
				3483241A246FFA6F0035D2C2 /* Debug */,
				3483241B246FFA6F0035D2C2 /* Release */,
			);
			defaultConfigurationIsVisible = 0;
			defaultConfigurationName = Release;
		};
		348343D11F631B2E00CDA005 /* Build configuration list for PBXProject "Pock" */ = {
			isa = XCConfigurationList;
			buildConfigurations = (
				348343E31F631B2E00CDA005 /* Debug */,
				348343E41F631B2E00CDA005 /* Release */,
			);
			defaultConfigurationIsVisible = 0;
			defaultConfigurationName = Release;
		};
		348343E51F631B2E00CDA005 /* Build configuration list for PBXNativeTarget "Pock" */ = {
			isa = XCConfigurationList;
			buildConfigurations = (
				348343E61F631B2E00CDA005 /* Debug */,
				348343E71F631B2E00CDA005 /* Release */,
			);
			defaultConfigurationIsVisible = 0;
			defaultConfigurationName = Release;
		};
		349F9C2823C36BCA002CEC1E /* Build configuration list for PBXNativeTarget "QLPockWidget" */ = {
			isa = XCConfigurationList;
			buildConfigurations = (
				349F9C2923C36BCA002CEC1E /* Debug */,
				349F9C2A23C36BCA002CEC1E /* Release */,
			);
			defaultConfigurationIsVisible = 0;
			defaultConfigurationName = Release;
		};
/* End XCConfigurationList section */
	};
	rootObject = 348343CE1F631B2E00CDA005 /* Project object */;
}
