// !$*UTF8*$!
{
	archiveVersion = 1;
	classes = {
	};
	objectVersion = 46;
	objects = {

/* Begin PBXBuildFile section */
		009B0E12E317757741CE38C8 /* Pods_Pock.framework in Frameworks */ = {isa = PBXBuildFile; fileRef = 863BE70CFBAC31BDBF35B1FD /* Pods_Pock.framework */; };
		34064337227E224700981372 /* DockFolderController.swift in Sources */ = {isa = PBXBuildFile; fileRef = 34064336227E224700981372 /* DockFolderController.swift */; };
		3406433E227ED8BC00981372 /* DockFolderItemView.swift in Sources */ = {isa = PBXBuildFile; fileRef = 3406433D227ED8BC00981372 /* DockFolderItemView.swift */; };
		34064343227EDC2200981372 /* DockFolderRepository.swift in Sources */ = {isa = PBXBuildFile; fileRef = 34064342227EDC2200981372 /* DockFolderRepository.swift */; };
		34064345227EDCB900981372 /* DockFolderItem.swift in Sources */ = {isa = PBXBuildFile; fileRef = 34064344227EDCB900981372 /* DockFolderItem.swift */; };
		3406434A227F323A00981372 /* PKTouchBarNavController.swift in Sources */ = {isa = PBXBuildFile; fileRef = 34064349227F323A00981372 /* PKTouchBarNavController.swift */; };
		3406434D227F3FFF00981372 /* PockMainController.xib in Resources */ = {isa = PBXBuildFile; fileRef = 3406434C227F3FFF00981372 /* PockMainController.xib */; };
		3407F9DC22D0E75E0072E742 /* ControlCenterWidgetPreferencePane.swift in Sources */ = {isa = PBXBuildFile; fileRef = 3407F9DA22D0E75D0072E742 /* ControlCenterWidgetPreferencePane.swift */; };
		3407F9DE22D0F0A60072E742 /* Extensions.swift in Sources */ = {isa = PBXBuildFile; fileRef = 3407F9DD22D0F0A60072E742 /* Extensions.swift */; };
		3407F9E722D1C5170072E742 /* AppExposeController.swift in Sources */ = {isa = PBXBuildFile; fileRef = 3407F9E622D1C5170072E742 /* AppExposeController.swift */; };
		3407F9EB22D1C7F40072E742 /* AppExposeItem.swift in Sources */ = {isa = PBXBuildFile; fileRef = 3407F9EA22D1C7F40072E742 /* AppExposeItem.swift */; };
		3407F9EF22D1C9970072E742 /* AppExposeController.xib in Resources */ = {isa = PBXBuildFile; fileRef = 3407F9EE22D1C9970072E742 /* AppExposeController.xib */; };
		3418D9FF22882EC600E11E37 /* PKSlideableController.swift in Sources */ = {isa = PBXBuildFile; fileRef = 3418D9FE22882EC600E11E37 /* PKSlideableController.swift */; };
		3418DA022288318A00E11E37 /* PKSlideableController.xib in Resources */ = {isa = PBXBuildFile; fileRef = 3418DA012288318A00E11E37 /* PKSlideableController.xib */; };
		342D83DF2278D5CF000D79DA /* MainWindow.xib in Resources */ = {isa = PBXBuildFile; fileRef = 342D83952278D5CF000D79DA /* MainWindow.xib */; };
		342D83E02278D5CF000D79DA /* PKTouchBarController.swift in Sources */ = {isa = PBXBuildFile; fileRef = 342D83972278D5CF000D79DA /* PKTouchBarController.swift */; };
		342D83E12278D5CF000D79DA /* PockMainController.swift in Sources */ = {isa = PBXBuildFile; fileRef = 342D83982278D5CF000D79DA /* PockMainController.swift */; };
		342D83E22278D5CF000D79DA /* Preferences.swift in Sources */ = {isa = PBXBuildFile; fileRef = 342D839A2278D5CF000D79DA /* Preferences.swift */; };
		342D83E42278D5CF000D79DA /* GeneralPreferencePane.swift in Sources */ = {isa = PBXBuildFile; fileRef = 342D839E2278D5CF000D79DA /* GeneralPreferencePane.swift */; };
		342D83E62278D5CF000D79DA /* StatusWidgetPreferencePane.swift in Sources */ = {isa = PBXBuildFile; fileRef = 342D83A12278D5CF000D79DA /* StatusWidgetPreferencePane.swift */; };
		342D83E72278D5CF000D79DA /* Assets.xcassets in Resources */ = {isa = PBXBuildFile; fileRef = 342D83A32278D5CF000D79DA /* Assets.xcassets */; };
		342D83E92278D5CF000D79DA /* PockDockHelper.m in Sources */ = {isa = PBXBuildFile; fileRef = 342D83AA2278D5CF000D79DA /* PockDockHelper.m */; };
		342D83EB2278D5CF000D79DA /* DKBrightness.swift in Sources */ = {isa = PBXBuildFile; fileRef = 342D83B02278D5CF000D79DA /* DKBrightness.swift */; };
		342D83EC2278D5CF000D79DA /* OSDUIHelper.swift in Sources */ = {isa = PBXBuildFile; fileRef = 342D83B22278D5CF000D79DA /* OSDUIHelper.swift */; };
		342D83ED2278D5CF000D79DA /* AppDelegate.swift in Sources */ = {isa = PBXBuildFile; fileRef = 342D83B32278D5CF000D79DA /* AppDelegate.swift */; };
		342D83EE2278D5CF000D79DA /* ControlCenterWidget.swift in Sources */ = {isa = PBXBuildFile; fileRef = 342D83B62278D5CF000D79DA /* ControlCenterWidget.swift */; };
		342D83EF2278D5CF000D79DA /* ControlCenterItem.swift in Sources */ = {isa = PBXBuildFile; fileRef = 342D83B72278D5CF000D79DA /* ControlCenterItem.swift */; };
		342D83F02278D5CF000D79DA /* CCBrightnessDownItem.swift in Sources */ = {isa = PBXBuildFile; fileRef = 342D83B92278D5CF000D79DA /* CCBrightnessDownItem.swift */; };
		342D83F12278D5CF000D79DA /* CCVolumeDownItem.swift in Sources */ = {isa = PBXBuildFile; fileRef = 342D83BA2278D5CF000D79DA /* CCVolumeDownItem.swift */; };
		342D83F22278D5CF000D79DA /* CCBrightnessUpItem.swift in Sources */ = {isa = PBXBuildFile; fileRef = 342D83BB2278D5CF000D79DA /* CCBrightnessUpItem.swift */; };
		342D83F32278D5CF000D79DA /* CCVolumeUpItem.swift in Sources */ = {isa = PBXBuildFile; fileRef = 342D83BC2278D5CF000D79DA /* CCVolumeUpItem.swift */; };
		342D83F42278D5CF000D79DA /* NowPlayingItemView.swift in Sources */ = {isa = PBXBuildFile; fileRef = 342D83BE2278D5CF000D79DA /* NowPlayingItemView.swift */; };
		342D83F52278D5CF000D79DA /* NowPlayingItem.swift in Sources */ = {isa = PBXBuildFile; fileRef = 342D83BF2278D5CF000D79DA /* NowPlayingItem.swift */; };
		342D83F62278D5CF000D79DA /* NowPlayingWidget.swift in Sources */ = {isa = PBXBuildFile; fileRef = 342D83C02278D5CF000D79DA /* NowPlayingWidget.swift */; };
		342D83F72278D5CF000D79DA /* NowPlayingHelper.swift in Sources */ = {isa = PBXBuildFile; fileRef = 342D83C12278D5CF000D79DA /* NowPlayingHelper.swift */; };
		342D83F82278D5CF000D79DA /* StatusWidget.swift in Sources */ = {isa = PBXBuildFile; fileRef = 342D83C32278D5CF000D79DA /* StatusWidget.swift */; };
		342D83F92278D5CF000D79DA /* StatusItem.swift in Sources */ = {isa = PBXBuildFile; fileRef = 342D83C42278D5CF000D79DA /* StatusItem.swift */; };
		342D83FA2278D5CF000D79DA /* SSpotlightItem.swift in Sources */ = {isa = PBXBuildFile; fileRef = 342D83C62278D5CF000D79DA /* SSpotlightItem.swift */; };
		342D83FB2278D5CF000D79DA /* SWifiItem.swift in Sources */ = {isa = PBXBuildFile; fileRef = 342D83C72278D5CF000D79DA /* SWifiItem.swift */; };
		342D83FC2278D5CF000D79DA /* SPowerItem.swift in Sources */ = {isa = PBXBuildFile; fileRef = 342D83C82278D5CF000D79DA /* SPowerItem.swift */; };
		342D83FD2278D5CF000D79DA /* SClockItem.swift in Sources */ = {isa = PBXBuildFile; fileRef = 342D83C92278D5CF000D79DA /* SClockItem.swift */; };
		342D83FE2278D5CF000D79DA /* EscWidget.swift in Sources */ = {isa = PBXBuildFile; fileRef = 342D83CB2278D5CF000D79DA /* EscWidget.swift */; };
		342D84002278D5CF000D79DA /* PKWidgetTouchBarItem.swift in Sources */ = {isa = PBXBuildFile; fileRef = 342D83CE2278D5CF000D79DA /* PKWidgetTouchBarItem.swift */; };
		342D84022278D5CF000D79DA /* Constants.swift in Sources */ = {isa = PBXBuildFile; fileRef = 342D83D12278D5CF000D79DA /* Constants.swift */; };
		342D84032278D5CF000D79DA /* FileEvent.swift in Sources */ = {isa = PBXBuildFile; fileRef = 342D83D32278D5CF000D79DA /* FileEvent.swift */; };
		342D84042278D5CF000D79DA /* EventStream.swift in Sources */ = {isa = PBXBuildFile; fileRef = 342D83D42278D5CF000D79DA /* EventStream.swift */; };
		342D84052278D5CF000D79DA /* Witness.swift in Sources */ = {isa = PBXBuildFile; fileRef = 342D83D52278D5CF000D79DA /* Witness.swift */; };
		342D84072278D5CF000D79DA /* DockRepository.swift in Sources */ = {isa = PBXBuildFile; fileRef = 342D83D82278D5CF000D79DA /* DockRepository.swift */; };
		342D84082278D5CF000D79DA /* DockItem.swift in Sources */ = {isa = PBXBuildFile; fileRef = 342D83D92278D5CF000D79DA /* DockItem.swift */; };
		342D840B2278D5CF000D79DA /* DockItemView.swift in Sources */ = {isa = PBXBuildFile; fileRef = 342D83DC2278D5CF000D79DA /* DockItemView.swift */; };
		342D840C2278D5CF000D79DA /* DockWidget.swift in Sources */ = {isa = PBXBuildFile; fileRef = 342D83DD2278D5CF000D79DA /* DockWidget.swift */; };
		342D840D2278D5CF000D79DA /* FileMonitor.swift in Sources */ = {isa = PBXBuildFile; fileRef = 342D83DE2278D5CF000D79DA /* FileMonitor.swift */; };
		3435675B2381666F00E408EF /* WidgetsDispatcherr.swift in Sources */ = {isa = PBXBuildFile; fileRef = 3435675A2381666F00E408EF /* WidgetsDispatcherr.swift */; };
		345C955123A5230000E1AC53 /* NowPlayingView.swift in Sources */ = {isa = PBXBuildFile; fileRef = 345C955023A522FF00E1AC53 /* NowPlayingView.swift */; };
		345C955423A53D4D00E1AC53 /* NowPlayingPreferencePane.swift in Sources */ = {isa = PBXBuildFile; fileRef = 345C955223A53D4D00E1AC53 /* NowPlayingPreferencePane.swift */; };
		347D7EE7230874A800BA9200 /* ControlCenterWidgetPreferencePane.xib in Resources */ = {isa = PBXBuildFile; fileRef = 9686B4F922D2216400C7A08C /* ControlCenterWidgetPreferencePane.xib */; };
		347F336022D0D68400FA9805 /* CCLockItem.swift in Sources */ = {isa = PBXBuildFile; fileRef = 347F335F22D0D68400FA9805 /* CCLockItem.swift */; };
		347F336722D0DB9200FA9805 /* SystemHelper.m in Sources */ = {isa = PBXBuildFile; fileRef = 347F336622D0DB9100FA9805 /* SystemHelper.m */; };
		347F336922D0DBD600FA9805 /* CCSleepItem.swift in Sources */ = {isa = PBXBuildFile; fileRef = 347F336822D0DBD600FA9805 /* CCSleepItem.swift */; };
		3482609723A687770053432B /* NowPlayingPreferencePane.xib in Resources */ = {isa = PBXBuildFile; fileRef = 3482609923A687770053432B /* NowPlayingPreferencePane.xib */; };
		349431ED22197485008622B1 /* MediaRemote.framework in Frameworks */ = {isa = PBXBuildFile; fileRef = 349431EC22197484008622B1 /* MediaRemote.framework */; };
		349F93E8228865C400B8CFBE /* ISSoundAdditions.m in Sources */ = {isa = PBXBuildFile; fileRef = 349F93E7228865C400B8CFBE /* ISSoundAdditions.m */; };
		34BC3ECC2210B2EC00C1DD3C /* DFRFoundation.framework in Frameworks */ = {isa = PBXBuildFile; fileRef = 34BC3ECB2210B2EC00C1DD3C /* DFRFoundation.framework */; };
		34E644F4227CB6CE003D0450 /* KeySender.swift in Sources */ = {isa = PBXBuildFile; fileRef = 34E644F3227CB6CE003D0450 /* KeySender.swift */; };
		34E644F7227D783E003D0450 /* KeySenderHelper.c in Sources */ = {isa = PBXBuildFile; fileRef = 34E644F6227D783E003D0450 /* KeySenderHelper.c */; };
		34E644FB227D9A69003D0450 /* DockWidgetPreferencePane.swift in Sources */ = {isa = PBXBuildFile; fileRef = 34E644F9227D9A69003D0450 /* DockWidgetPreferencePane.swift */; };
		34F27F2923428174001EBB6B /* login.framework in Frameworks */ = {isa = PBXBuildFile; fileRef = 347F335D22D0D5F600FA9805 /* login.framework */; };
		962E0A5522CF1D1D00567E20 /* DockFolderController.xib in Resources */ = {isa = PBXBuildFile; fileRef = 962E0A5722CF1D1D00567E20 /* DockFolderController.xib */; };
		964435B722D18F91002FA1CB /* LocalizedUtils.swift in Sources */ = {isa = PBXBuildFile; fileRef = 964435B622D18F91002FA1CB /* LocalizedUtils.swift */; };
		9667AAF222CF192D00C22410 /* GeneralPreferencePane.xib in Resources */ = {isa = PBXBuildFile; fileRef = 9667AAF422CF192D00C22410 /* GeneralPreferencePane.xib */; };
		9667AAFB22CF1A5700C22410 /* StatusWidgetPreferencePane.xib in Resources */ = {isa = PBXBuildFile; fileRef = 9667AAFD22CF1A5700C22410 /* StatusWidgetPreferencePane.xib */; };
		9667AB0422CF1ABA00C22410 /* DockWidgetPreferencePane.xib in Resources */ = {isa = PBXBuildFile; fileRef = 9667AB0622CF1ABA00C22410 /* DockWidgetPreferencePane.xib */; };
		9675D6D1237003DC00C36234 /* CCVolumeToggleItem.swift in Sources */ = {isa = PBXBuildFile; fileRef = 9675D6D0237003DC00C36234 /* CCVolumeToggleItem.swift */; };
		9675D6D323701BC900C36234 /* CCBrightnessToggleItem.swift in Sources */ = {isa = PBXBuildFile; fileRef = 9675D6D223701BC900C36234 /* CCBrightnessToggleItem.swift */; };
		96BE2701237171DC0031B31F /* CCScreensaverItem.swift in Sources */ = {isa = PBXBuildFile; fileRef = 96BE2700237171DC0031B31F /* CCScreensaverItem.swift */; };
		96E7A152239B99F700CB4C4C /* CCDoNotDisturbItem.swift in Sources */ = {isa = PBXBuildFile; fileRef = 96E7A151239B99F700CB4C4C /* CCDoNotDisturbItem.swift */; };
		96FE269F22D0C3810071645C /* Localizable.strings in Resources */ = {isa = PBXBuildFile; fileRef = 96FE26A122D0C3810071645C /* Localizable.strings */; };
		9955665222DC668500EFFE6D /* CCVolumeMuteItem.swift in Sources */ = {isa = PBXBuildFile; fileRef = 9955665122DC668500EFFE6D /* CCVolumeMuteItem.swift */; };
/* End PBXBuildFile section */

/* Begin PBXFileReference section */
		34064336227E224700981372 /* DockFolderController.swift */ = {isa = PBXFileReference; lastKnownFileType = sourcecode.swift; path = DockFolderController.swift; sourceTree = "<group>"; };
		3406433D227ED8BC00981372 /* DockFolderItemView.swift */ = {isa = PBXFileReference; lastKnownFileType = sourcecode.swift; path = DockFolderItemView.swift; sourceTree = "<group>"; };
		34064342227EDC2200981372 /* DockFolderRepository.swift */ = {isa = PBXFileReference; lastKnownFileType = sourcecode.swift; path = DockFolderRepository.swift; sourceTree = "<group>"; };
		34064344227EDCB900981372 /* DockFolderItem.swift */ = {isa = PBXFileReference; lastKnownFileType = sourcecode.swift; path = DockFolderItem.swift; sourceTree = "<group>"; };
		34064349227F323A00981372 /* PKTouchBarNavController.swift */ = {isa = PBXFileReference; lastKnownFileType = sourcecode.swift; path = PKTouchBarNavController.swift; sourceTree = "<group>"; };
		3406434C227F3FFF00981372 /* PockMainController.xib */ = {isa = PBXFileReference; lastKnownFileType = file.xib; path = PockMainController.xib; sourceTree = "<group>"; };
		3407F9DA22D0E75D0072E742 /* ControlCenterWidgetPreferencePane.swift */ = {isa = PBXFileReference; fileEncoding = 4; lastKnownFileType = sourcecode.swift; path = ControlCenterWidgetPreferencePane.swift; sourceTree = "<group>"; };
		3407F9DD22D0F0A60072E742 /* Extensions.swift */ = {isa = PBXFileReference; lastKnownFileType = sourcecode.swift; path = Extensions.swift; sourceTree = "<group>"; };
		3407F9E622D1C5170072E742 /* AppExposeController.swift */ = {isa = PBXFileReference; fileEncoding = 4; lastKnownFileType = sourcecode.swift; path = AppExposeController.swift; sourceTree = "<group>"; };
		3407F9EA22D1C7F40072E742 /* AppExposeItem.swift */ = {isa = PBXFileReference; lastKnownFileType = sourcecode.swift; path = AppExposeItem.swift; sourceTree = "<group>"; };
		3407F9EE22D1C9970072E742 /* AppExposeController.xib */ = {isa = PBXFileReference; fileEncoding = 4; lastKnownFileType = file.xib; path = AppExposeController.xib; sourceTree = "<group>"; };
		3418D9FE22882EC600E11E37 /* PKSlideableController.swift */ = {isa = PBXFileReference; lastKnownFileType = sourcecode.swift; path = PKSlideableController.swift; sourceTree = "<group>"; };
		3418DA012288318A00E11E37 /* PKSlideableController.xib */ = {isa = PBXFileReference; lastKnownFileType = file.xib; path = PKSlideableController.xib; sourceTree = "<group>"; };
		342D83952278D5CF000D79DA /* MainWindow.xib */ = {isa = PBXFileReference; fileEncoding = 4; lastKnownFileType = file.xib; path = MainWindow.xib; sourceTree = "<group>"; };
		342D83972278D5CF000D79DA /* PKTouchBarController.swift */ = {isa = PBXFileReference; fileEncoding = 4; lastKnownFileType = sourcecode.swift; path = PKTouchBarController.swift; sourceTree = "<group>"; };
		342D83982278D5CF000D79DA /* PockMainController.swift */ = {isa = PBXFileReference; fileEncoding = 4; lastKnownFileType = sourcecode.swift; path = PockMainController.swift; sourceTree = "<group>"; };
		342D839A2278D5CF000D79DA /* Preferences.swift */ = {isa = PBXFileReference; fileEncoding = 4; lastKnownFileType = sourcecode.swift; path = Preferences.swift; sourceTree = "<group>"; };
		342D839E2278D5CF000D79DA /* GeneralPreferencePane.swift */ = {isa = PBXFileReference; fileEncoding = 4; lastKnownFileType = sourcecode.swift; path = GeneralPreferencePane.swift; sourceTree = "<group>"; };
		342D83A12278D5CF000D79DA /* StatusWidgetPreferencePane.swift */ = {isa = PBXFileReference; fileEncoding = 4; lastKnownFileType = sourcecode.swift; path = StatusWidgetPreferencePane.swift; sourceTree = "<group>"; };
		342D83A32278D5CF000D79DA /* Assets.xcassets */ = {isa = PBXFileReference; lastKnownFileType = folder.assetcatalog; path = Assets.xcassets; sourceTree = "<group>"; };
		342D83A42278D5CF000D79DA /* Pock.entitlements */ = {isa = PBXFileReference; fileEncoding = 4; lastKnownFileType = text.plist.entitlements; path = Pock.entitlements; sourceTree = "<group>"; };
		342D83A52278D5CF000D79DA /* Info.plist */ = {isa = PBXFileReference; fileEncoding = 4; lastKnownFileType = text.plist.xml; path = Info.plist; sourceTree = "<group>"; };
		342D83A72278D5CF000D79DA /* NSTouchBar.h */ = {isa = PBXFileReference; fileEncoding = 4; lastKnownFileType = sourcecode.c.h; path = NSTouchBar.h; sourceTree = "<group>"; };
		342D83A92278D5CF000D79DA /* PockDockHelper.h */ = {isa = PBXFileReference; fileEncoding = 4; lastKnownFileType = sourcecode.c.h; path = PockDockHelper.h; sourceTree = "<group>"; };
		342D83AA2278D5CF000D79DA /* PockDockHelper.m */ = {isa = PBXFileReference; fileEncoding = 4; lastKnownFileType = sourcecode.c.objc; path = PockDockHelper.m; sourceTree = "<group>"; };
		342D83AE2278D5CF000D79DA /* Pock-Bridging-Header.h */ = {isa = PBXFileReference; fileEncoding = 4; lastKnownFileType = sourcecode.c.h; path = "Pock-Bridging-Header.h"; sourceTree = "<group>"; };
		342D83B02278D5CF000D79DA /* DKBrightness.swift */ = {isa = PBXFileReference; fileEncoding = 4; lastKnownFileType = sourcecode.swift; path = DKBrightness.swift; sourceTree = "<group>"; };
		342D83B12278D5CF000D79DA /* MRMediaRemote.h */ = {isa = PBXFileReference; fileEncoding = 4; lastKnownFileType = sourcecode.c.h; path = MRMediaRemote.h; sourceTree = "<group>"; };
		342D83B22278D5CF000D79DA /* OSDUIHelper.swift */ = {isa = PBXFileReference; fileEncoding = 4; lastKnownFileType = sourcecode.swift; path = OSDUIHelper.swift; sourceTree = "<group>"; };
		342D83B32278D5CF000D79DA /* AppDelegate.swift */ = {isa = PBXFileReference; fileEncoding = 4; lastKnownFileType = sourcecode.swift; path = AppDelegate.swift; sourceTree = "<group>"; };
		342D83B62278D5CF000D79DA /* ControlCenterWidget.swift */ = {isa = PBXFileReference; fileEncoding = 4; lastKnownFileType = sourcecode.swift; path = ControlCenterWidget.swift; sourceTree = "<group>"; };
		342D83B72278D5CF000D79DA /* ControlCenterItem.swift */ = {isa = PBXFileReference; fileEncoding = 4; lastKnownFileType = sourcecode.swift; path = ControlCenterItem.swift; sourceTree = "<group>"; };
		342D83B92278D5CF000D79DA /* CCBrightnessDownItem.swift */ = {isa = PBXFileReference; fileEncoding = 4; lastKnownFileType = sourcecode.swift; path = CCBrightnessDownItem.swift; sourceTree = "<group>"; };
		342D83BA2278D5CF000D79DA /* CCVolumeDownItem.swift */ = {isa = PBXFileReference; fileEncoding = 4; lastKnownFileType = sourcecode.swift; path = CCVolumeDownItem.swift; sourceTree = "<group>"; };
		342D83BB2278D5CF000D79DA /* CCBrightnessUpItem.swift */ = {isa = PBXFileReference; fileEncoding = 4; lastKnownFileType = sourcecode.swift; path = CCBrightnessUpItem.swift; sourceTree = "<group>"; };
		342D83BC2278D5CF000D79DA /* CCVolumeUpItem.swift */ = {isa = PBXFileReference; fileEncoding = 4; lastKnownFileType = sourcecode.swift; path = CCVolumeUpItem.swift; sourceTree = "<group>"; };
		342D83BE2278D5CF000D79DA /* NowPlayingItemView.swift */ = {isa = PBXFileReference; fileEncoding = 4; lastKnownFileType = sourcecode.swift; path = NowPlayingItemView.swift; sourceTree = "<group>"; };
		342D83BF2278D5CF000D79DA /* NowPlayingItem.swift */ = {isa = PBXFileReference; fileEncoding = 4; lastKnownFileType = sourcecode.swift; path = NowPlayingItem.swift; sourceTree = "<group>"; };
		342D83C02278D5CF000D79DA /* NowPlayingWidget.swift */ = {isa = PBXFileReference; fileEncoding = 4; lastKnownFileType = sourcecode.swift; path = NowPlayingWidget.swift; sourceTree = "<group>"; };
		342D83C12278D5CF000D79DA /* NowPlayingHelper.swift */ = {isa = PBXFileReference; fileEncoding = 4; lastKnownFileType = sourcecode.swift; path = NowPlayingHelper.swift; sourceTree = "<group>"; };
		342D83C32278D5CF000D79DA /* StatusWidget.swift */ = {isa = PBXFileReference; fileEncoding = 4; lastKnownFileType = sourcecode.swift; path = StatusWidget.swift; sourceTree = "<group>"; };
		342D83C42278D5CF000D79DA /* StatusItem.swift */ = {isa = PBXFileReference; fileEncoding = 4; lastKnownFileType = sourcecode.swift; path = StatusItem.swift; sourceTree = "<group>"; };
		342D83C62278D5CF000D79DA /* SSpotlightItem.swift */ = {isa = PBXFileReference; fileEncoding = 4; lastKnownFileType = sourcecode.swift; path = SSpotlightItem.swift; sourceTree = "<group>"; };
		342D83C72278D5CF000D79DA /* SWifiItem.swift */ = {isa = PBXFileReference; fileEncoding = 4; lastKnownFileType = sourcecode.swift; path = SWifiItem.swift; sourceTree = "<group>"; };
		342D83C82278D5CF000D79DA /* SPowerItem.swift */ = {isa = PBXFileReference; fileEncoding = 4; lastKnownFileType = sourcecode.swift; path = SPowerItem.swift; sourceTree = "<group>"; };
		342D83C92278D5CF000D79DA /* SClockItem.swift */ = {isa = PBXFileReference; fileEncoding = 4; lastKnownFileType = sourcecode.swift; path = SClockItem.swift; sourceTree = "<group>"; };
		342D83CB2278D5CF000D79DA /* EscWidget.swift */ = {isa = PBXFileReference; fileEncoding = 4; lastKnownFileType = sourcecode.swift; path = EscWidget.swift; sourceTree = "<group>"; };
		342D83CE2278D5CF000D79DA /* PKWidgetTouchBarItem.swift */ = {isa = PBXFileReference; fileEncoding = 4; lastKnownFileType = sourcecode.swift; path = PKWidgetTouchBarItem.swift; sourceTree = "<group>"; };
		342D83D12278D5CF000D79DA /* Constants.swift */ = {isa = PBXFileReference; fileEncoding = 4; lastKnownFileType = sourcecode.swift; path = Constants.swift; sourceTree = "<group>"; };
		342D83D32278D5CF000D79DA /* FileEvent.swift */ = {isa = PBXFileReference; fileEncoding = 4; lastKnownFileType = sourcecode.swift; path = FileEvent.swift; sourceTree = "<group>"; };
		342D83D42278D5CF000D79DA /* EventStream.swift */ = {isa = PBXFileReference; fileEncoding = 4; lastKnownFileType = sourcecode.swift; path = EventStream.swift; sourceTree = "<group>"; };
		342D83D52278D5CF000D79DA /* Witness.swift */ = {isa = PBXFileReference; fileEncoding = 4; lastKnownFileType = sourcecode.swift; path = Witness.swift; sourceTree = "<group>"; };
		342D83D62278D5CF000D79DA /* Witness.h */ = {isa = PBXFileReference; fileEncoding = 4; lastKnownFileType = sourcecode.c.h; path = Witness.h; sourceTree = "<group>"; };
		342D83D82278D5CF000D79DA /* DockRepository.swift */ = {isa = PBXFileReference; fileEncoding = 4; lastKnownFileType = sourcecode.swift; path = DockRepository.swift; sourceTree = "<group>"; };
		342D83D92278D5CF000D79DA /* DockItem.swift */ = {isa = PBXFileReference; fileEncoding = 4; lastKnownFileType = sourcecode.swift; path = DockItem.swift; sourceTree = "<group>"; };
		342D83DC2278D5CF000D79DA /* DockItemView.swift */ = {isa = PBXFileReference; fileEncoding = 4; lastKnownFileType = sourcecode.swift; path = DockItemView.swift; sourceTree = "<group>"; };
		342D83DD2278D5CF000D79DA /* DockWidget.swift */ = {isa = PBXFileReference; fileEncoding = 4; lastKnownFileType = sourcecode.swift; path = DockWidget.swift; sourceTree = "<group>"; };
		342D83DE2278D5CF000D79DA /* FileMonitor.swift */ = {isa = PBXFileReference; fileEncoding = 4; lastKnownFileType = sourcecode.swift; path = FileMonitor.swift; sourceTree = "<group>"; };
		3435675A2381666F00E408EF /* WidgetsDispatcherr.swift */ = {isa = PBXFileReference; lastKnownFileType = sourcecode.swift; path = WidgetsDispatcherr.swift; sourceTree = "<group>"; };
		345C955023A522FF00E1AC53 /* NowPlayingView.swift */ = {isa = PBXFileReference; lastKnownFileType = sourcecode.swift; path = NowPlayingView.swift; sourceTree = "<group>"; };
		345C955223A53D4D00E1AC53 /* NowPlayingPreferencePane.swift */ = {isa = PBXFileReference; lastKnownFileType = sourcecode.swift; path = NowPlayingPreferencePane.swift; sourceTree = "<group>"; };
		347F335D22D0D5F600FA9805 /* login.framework */ = {isa = PBXFileReference; lastKnownFileType = wrapper.framework; name = login.framework; path = ../../../../../../../../../System/Library/PrivateFrameworks/login.framework; sourceTree = "<group>"; };
		347F335F22D0D68400FA9805 /* CCLockItem.swift */ = {isa = PBXFileReference; fileEncoding = 4; lastKnownFileType = sourcecode.swift; path = CCLockItem.swift; sourceTree = "<group>"; };
		347F336522D0DB9100FA9805 /* SystemHelper.h */ = {isa = PBXFileReference; fileEncoding = 4; lastKnownFileType = sourcecode.c.h; path = SystemHelper.h; sourceTree = "<group>"; };
		347F336622D0DB9100FA9805 /* SystemHelper.m */ = {isa = PBXFileReference; fileEncoding = 4; lastKnownFileType = sourcecode.c.objc; path = SystemHelper.m; sourceTree = "<group>"; };
		347F336822D0DBD600FA9805 /* CCSleepItem.swift */ = {isa = PBXFileReference; lastKnownFileType = sourcecode.swift; path = CCSleepItem.swift; sourceTree = "<group>"; };
		3482609823A687770053432B /* Base */ = {isa = PBXFileReference; lastKnownFileType = file.xib; name = Base; path = Base.lproj/NowPlayingPreferencePane.xib; sourceTree = "<group>"; };
		3482609B23A687800053432B /* en */ = {isa = PBXFileReference; lastKnownFileType = text.plist.strings; name = en; path = en.lproj/NowPlayingPreferencePane.strings; sourceTree = "<group>"; };
		3482609D23A687810053432B /* zh-Hans */ = {isa = PBXFileReference; lastKnownFileType = text.plist.strings; name = "zh-Hans"; path = "zh-Hans.lproj/NowPlayingPreferencePane.strings"; sourceTree = "<group>"; };
		3482609F23A687820053432B /* zh-Hant */ = {isa = PBXFileReference; lastKnownFileType = text.plist.strings; name = "zh-Hant"; path = "zh-Hant.lproj/NowPlayingPreferencePane.strings"; sourceTree = "<group>"; };
		348260A123A687820053432B /* it */ = {isa = PBXFileReference; lastKnownFileType = text.plist.strings; name = it; path = it.lproj/NowPlayingPreferencePane.strings; sourceTree = "<group>"; };
		348260A323A687830053432B /* tr */ = {isa = PBXFileReference; lastKnownFileType = text.plist.strings; name = tr; path = tr.lproj/NowPlayingPreferencePane.strings; sourceTree = "<group>"; };
		348343D61F631B2E00CDA005 /* Pock.app */ = {isa = PBXFileReference; explicitFileType = wrapper.application; includeInIndex = 0; path = Pock.app; sourceTree = BUILT_PRODUCTS_DIR; };
		349431EC22197484008622B1 /* MediaRemote.framework */ = {isa = PBXFileReference; lastKnownFileType = wrapper.framework; name = MediaRemote.framework; path = ../../../../../../../../../System/Library/PrivateFrameworks/MediaRemote.framework; sourceTree = "<group>"; };
		3494320B222179D7008622B1 /* BatteryUIKit.framework */ = {isa = PBXFileReference; lastKnownFileType = wrapper.framework; name = BatteryUIKit.framework; path = ../../../../../../../../../System/Library/PrivateFrameworks/BatteryUIKit.framework; sourceTree = "<group>"; };
		349F93E6228865C400B8CFBE /* ISSoundAdditions.h */ = {isa = PBXFileReference; fileEncoding = 4; lastKnownFileType = sourcecode.c.h; path = ISSoundAdditions.h; sourceTree = "<group>"; };
		349F93E7228865C400B8CFBE /* ISSoundAdditions.m */ = {isa = PBXFileReference; fileEncoding = 4; lastKnownFileType = sourcecode.c.objc; path = ISSoundAdditions.m; sourceTree = "<group>"; };
		34A8060422F6B97000621235 /* it */ = {isa = PBXFileReference; lastKnownFileType = text.plist.strings; name = it; path = it.lproj/DockFolderController.strings; sourceTree = "<group>"; };
		34A8060522F6B97000621235 /* it */ = {isa = PBXFileReference; lastKnownFileType = text.plist.strings; name = it; path = it.lproj/GeneralPreferencePane.strings; sourceTree = "<group>"; };
		34A8060922F6B97000621235 /* it */ = {isa = PBXFileReference; lastKnownFileType = text.plist.strings; name = it; path = it.lproj/Localizable.strings; sourceTree = "<group>"; };
		34A8060E22F6C57700621235 /* it */ = {isa = PBXFileReference; lastKnownFileType = text.plist.strings; name = it; path = it.lproj/StatusWidgetPreferencePane.strings; sourceTree = "<group>"; };
		34A8061122F6C83000621235 /* it */ = {isa = PBXFileReference; lastKnownFileType = text.plist.strings; name = it; path = it.lproj/ControlCenterWidgetPreferencePane.strings; sourceTree = "<group>"; };
		34BC3ECB2210B2EC00C1DD3C /* DFRFoundation.framework */ = {isa = PBXFileReference; lastKnownFileType = wrapper.framework; name = DFRFoundation.framework; path = ../../../../../../../../../System/Library/PrivateFrameworks/DFRFoundation.framework; sourceTree = "<group>"; };
		34E644F3227CB6CE003D0450 /* KeySender.swift */ = {isa = PBXFileReference; fileEncoding = 4; lastKnownFileType = sourcecode.swift; path = KeySender.swift; sourceTree = "<group>"; };
		34E644F5227D783E003D0450 /* KeySenderHelper.h */ = {isa = PBXFileReference; lastKnownFileType = sourcecode.c.h; path = KeySenderHelper.h; sourceTree = "<group>"; };
		34E644F6227D783E003D0450 /* KeySenderHelper.c */ = {isa = PBXFileReference; lastKnownFileType = sourcecode.c.c; path = KeySenderHelper.c; sourceTree = "<group>"; };
		34E644F9227D9A69003D0450 /* DockWidgetPreferencePane.swift */ = {isa = PBXFileReference; lastKnownFileType = sourcecode.swift; path = DockWidgetPreferencePane.swift; sourceTree = "<group>"; };
		34F27F2523428108001EBB6B /* LaunchAtLogin.framework */ = {isa = PBXFileReference; lastKnownFileType = wrapper.framework; name = LaunchAtLogin.framework; path = Carthage/Build/Mac/LaunchAtLogin.framework; sourceTree = "<group>"; };
		3BA42833BC69C895EB31DF93 /* Pods-Pock.debug.xcconfig */ = {isa = PBXFileReference; includeInIndex = 1; lastKnownFileType = text.xcconfig; name = "Pods-Pock.debug.xcconfig"; path = "Pods/Target Support Files/Pods-Pock/Pods-Pock.debug.xcconfig"; sourceTree = "<group>"; };
		716D62071D19174E56D6E33D /* Pods-Pock.release.xcconfig */ = {isa = PBXFileReference; includeInIndex = 1; lastKnownFileType = text.xcconfig; name = "Pods-Pock.release.xcconfig"; path = "Pods/Target Support Files/Pods-Pock/Pods-Pock.release.xcconfig"; sourceTree = "<group>"; };
		863BE70CFBAC31BDBF35B1FD /* Pods_Pock.framework */ = {isa = PBXFileReference; explicitFileType = wrapper.framework; includeInIndex = 0; path = Pods_Pock.framework; sourceTree = BUILT_PRODUCTS_DIR; };
		881719822334CAFA00CEFF2B /* tr */ = {isa = PBXFileReference; lastKnownFileType = text.plist.strings; name = tr; path = tr.lproj/DockFolderController.strings; sourceTree = "<group>"; };
		881719832334CAFA00CEFF2B /* tr */ = {isa = PBXFileReference; lastKnownFileType = text.plist.strings; name = tr; path = tr.lproj/GeneralPreferencePane.strings; sourceTree = "<group>"; };
		881719842334CAFA00CEFF2B /* tr */ = {isa = PBXFileReference; lastKnownFileType = text.plist.strings; name = tr; path = tr.lproj/StatusWidgetPreferencePane.strings; sourceTree = "<group>"; };
		881719852334CAFA00CEFF2B /* tr */ = {isa = PBXFileReference; lastKnownFileType = text.plist.strings; name = tr; path = tr.lproj/ControlCenterWidgetPreferencePane.strings; sourceTree = "<group>"; };
		881719872334CAFA00CEFF2B /* tr */ = {isa = PBXFileReference; lastKnownFileType = text.plist.strings; name = tr; path = tr.lproj/Localizable.strings; sourceTree = "<group>"; };
		962E0A5622CF1D1D00567E20 /* Base */ = {isa = PBXFileReference; lastKnownFileType = file.xib; name = Base; path = Base.lproj/DockFolderController.xib; sourceTree = "<group>"; };
		962E0A5922CF1D1E00567E20 /* en */ = {isa = PBXFileReference; lastKnownFileType = text.plist.strings; name = en; path = en.lproj/DockFolderController.strings; sourceTree = "<group>"; };
		962E0A5B22CF1D1F00567E20 /* zh-Hans */ = {isa = PBXFileReference; lastKnownFileType = text.plist.strings; name = "zh-Hans"; path = "zh-Hans.lproj/DockFolderController.strings"; sourceTree = "<group>"; };
		964435B622D18F91002FA1CB /* LocalizedUtils.swift */ = {isa = PBXFileReference; lastKnownFileType = sourcecode.swift; path = LocalizedUtils.swift; sourceTree = "<group>"; };
		9667AAF322CF192D00C22410 /* Base */ = {isa = PBXFileReference; lastKnownFileType = file.xib; name = Base; path = Base.lproj/GeneralPreferencePane.xib; sourceTree = "<group>"; };
		9667AAFA22CF1A4D00C22410 /* zh-Hans */ = {isa = PBXFileReference; lastKnownFileType = text.plist.strings; name = "zh-Hans"; path = "zh-Hans.lproj/GeneralPreferencePane.strings"; sourceTree = "<group>"; };
		9667AAFC22CF1A5700C22410 /* Base */ = {isa = PBXFileReference; lastKnownFileType = file.xib; name = Base; path = Base.lproj/StatusWidgetPreferencePane.xib; sourceTree = "<group>"; };
		9667AB0522CF1ABA00C22410 /* Base */ = {isa = PBXFileReference; lastKnownFileType = file.xib; name = Base; path = Base.lproj/DockWidgetPreferencePane.xib; sourceTree = "<group>"; };
		9675D6D0237003DC00C36234 /* CCVolumeToggleItem.swift */ = {isa = PBXFileReference; lastKnownFileType = sourcecode.swift; path = CCVolumeToggleItem.swift; sourceTree = "<group>"; };
		9675D6D223701BC900C36234 /* CCBrightnessToggleItem.swift */ = {isa = PBXFileReference; lastKnownFileType = sourcecode.swift; path = CCBrightnessToggleItem.swift; sourceTree = "<group>"; };
		9686B4F822D2216400C7A08C /* Base */ = {isa = PBXFileReference; lastKnownFileType = file.xib; name = Base; path = Base.lproj/ControlCenterWidgetPreferencePane.xib; sourceTree = "<group>"; };
		969439E922D0FCA20022E67D /* zh-Hans */ = {isa = PBXFileReference; lastKnownFileType = text.plist.strings; name = "zh-Hans"; path = "zh-Hans.lproj/Localizable.strings"; sourceTree = "<group>"; };
		96BE2700237171DC0031B31F /* CCScreensaverItem.swift */ = {isa = PBXFileReference; lastKnownFileType = sourcecode.swift; path = CCScreensaverItem.swift; sourceTree = "<group>"; };
		96E3DD8C2357258600AA719D /* en */ = {isa = PBXFileReference; lastKnownFileType = text.plist.strings; name = en; path = en.lproj/StatusWidgetPreferencePane.strings; sourceTree = "<group>"; };
		96E468B12351BC7200A20E56 /* en */ = {isa = PBXFileReference; lastKnownFileType = text.plist.strings; name = en; path = en.lproj/DockWidgetPreferencePane.strings; sourceTree = "<group>"; };
		96E468B22351BC7500A20E56 /* zh-Hans */ = {isa = PBXFileReference; lastKnownFileType = text.plist.strings; name = "zh-Hans"; path = "zh-Hans.lproj/DockWidgetPreferencePane.strings"; sourceTree = "<group>"; };
		96E468B32351BC7900A20E56 /* zh-Hant */ = {isa = PBXFileReference; lastKnownFileType = text.plist.strings; name = "zh-Hant"; path = "zh-Hant.lproj/DockWidgetPreferencePane.strings"; sourceTree = "<group>"; };
		96E468B42351BC7B00A20E56 /* it */ = {isa = PBXFileReference; lastKnownFileType = text.plist.strings; name = it; path = it.lproj/DockWidgetPreferencePane.strings; sourceTree = "<group>"; };
		96E468B52351BC7F00A20E56 /* tr */ = {isa = PBXFileReference; lastKnownFileType = text.plist.strings; name = tr; path = tr.lproj/DockWidgetPreferencePane.strings; sourceTree = "<group>"; };
		96E7A151239B99F700CB4C4C /* CCDoNotDisturbItem.swift */ = {isa = PBXFileReference; lastKnownFileType = sourcecode.swift; path = CCDoNotDisturbItem.swift; sourceTree = "<group>"; };
		96E7A15A239BA74E00CB4C4C /* en */ = {isa = PBXFileReference; lastKnownFileType = text.plist.strings; name = en; path = en.lproj/ControlCenterWidgetPreferencePane.strings; sourceTree = "<group>"; };
		96F29990231797060055DA26 /* zh-Hans */ = {isa = PBXFileReference; lastKnownFileType = text.plist.strings; name = "zh-Hans"; path = "zh-Hans.lproj/StatusWidgetPreferencePane.strings"; sourceTree = "<group>"; };
		96F29996231797C00055DA26 /* en */ = {isa = PBXFileReference; lastKnownFileType = text.plist.strings; name = en; path = en.lproj/GeneralPreferencePane.strings; sourceTree = "<group>"; };
		96F2999A2317980B0055DA26 /* zh-Hans */ = {isa = PBXFileReference; lastKnownFileType = text.plist.strings; name = "zh-Hans"; path = "zh-Hans.lproj/ControlCenterWidgetPreferencePane.strings"; sourceTree = "<group>"; };
		96FE26A022D0C3810071645C /* en */ = {isa = PBXFileReference; lastKnownFileType = text.plist.strings; name = en; path = en.lproj/Localizable.strings; sourceTree = "<group>"; };
		9955665122DC668500EFFE6D /* CCVolumeMuteItem.swift */ = {isa = PBXFileReference; lastKnownFileType = sourcecode.swift; path = CCVolumeMuteItem.swift; sourceTree = "<group>"; };
		AAA3636F2333699C0016267D /* zh-Hant */ = {isa = PBXFileReference; lastKnownFileType = text.plist.strings; name = "zh-Hant"; path = "zh-Hant.lproj/DockFolderController.strings"; sourceTree = "<group>"; };
		AAA363702333699C0016267D /* zh-Hant */ = {isa = PBXFileReference; lastKnownFileType = text.plist.strings; name = "zh-Hant"; path = "zh-Hant.lproj/GeneralPreferencePane.strings"; sourceTree = "<group>"; };
		AAA363712333699C0016267D /* zh-Hant */ = {isa = PBXFileReference; lastKnownFileType = text.plist.strings; name = "zh-Hant"; path = "zh-Hant.lproj/StatusWidgetPreferencePane.strings"; sourceTree = "<group>"; };
		AAA363722333699C0016267D /* zh-Hant */ = {isa = PBXFileReference; lastKnownFileType = text.plist.strings; name = "zh-Hant"; path = "zh-Hant.lproj/ControlCenterWidgetPreferencePane.strings"; sourceTree = "<group>"; };
		AAA363742333699C0016267D /* zh-Hant */ = {isa = PBXFileReference; lastKnownFileType = text.plist.strings; name = "zh-Hant"; path = "zh-Hant.lproj/Localizable.strings"; sourceTree = "<group>"; };
		ABFB9DF323A92005007DE2E6 /* pt-BR */ = {isa = PBXFileReference; lastKnownFileType = text.plist.strings; name = "pt-BR"; path = "pt-BR.lproj/DockFolderController.strings"; sourceTree = "<group>"; };
		ABFB9DF423A92005007DE2E6 /* pt-BR */ = {isa = PBXFileReference; lastKnownFileType = text.plist.strings; name = "pt-BR"; path = "pt-BR.lproj/GeneralPreferencePane.strings"; sourceTree = "<group>"; };
		ABFB9DF523A92005007DE2E6 /* pt-BR */ = {isa = PBXFileReference; lastKnownFileType = text.plist.strings; name = "pt-BR"; path = "pt-BR.lproj/StatusWidgetPreferencePane.strings"; sourceTree = "<group>"; };
		ABFB9DF623A92005007DE2E6 /* pt-BR */ = {isa = PBXFileReference; lastKnownFileType = text.plist.strings; name = "pt-BR"; path = "pt-BR.lproj/ControlCenterWidgetPreferencePane.strings"; sourceTree = "<group>"; };
		ABFB9DF723A92005007DE2E6 /* pt-BR */ = {isa = PBXFileReference; lastKnownFileType = text.plist.strings; name = "pt-BR"; path = "pt-BR.lproj/DockWidgetPreferencePane.strings"; sourceTree = "<group>"; };
		ABFB9DF823A92005007DE2E6 /* pt-BR */ = {isa = PBXFileReference; lastKnownFileType = text.plist.strings; name = "pt-BR"; path = "pt-BR.lproj/NowPlayingPreferencePane.strings"; sourceTree = "<group>"; };
		ABFB9DF923A92005007DE2E6 /* pt-BR */ = {isa = PBXFileReference; lastKnownFileType = text.plist.strings; name = "pt-BR"; path = "pt-BR.lproj/Localizable.strings"; sourceTree = "<group>"; };
/* End PBXFileReference section */

/* Begin PBXFrameworksBuildPhase section */
		348343D31F631B2E00CDA005 /* Frameworks */ = {
			isa = PBXFrameworksBuildPhase;
			buildActionMask = 2147483647;
			files = (
				34F27F2923428174001EBB6B /* login.framework in Frameworks */,
				349431ED22197485008622B1 /* MediaRemote.framework in Frameworks */,
				34BC3ECC2210B2EC00C1DD3C /* DFRFoundation.framework in Frameworks */,
				009B0E12E317757741CE38C8 /* Pods_Pock.framework in Frameworks */,
			);
			runOnlyForDeploymentPostprocessing = 0;
		};
/* End PBXFrameworksBuildPhase section */

/* Begin PBXGroup section */
		2F31B7DC05EFA1E8090C87AE /* Pods */ = {
			isa = PBXGroup;
			children = (
				3BA42833BC69C895EB31DF93 /* Pods-Pock.debug.xcconfig */,
				716D62071D19174E56D6E33D /* Pods-Pock.release.xcconfig */,
			);
			name = Pods;
			sourceTree = "<group>";
		};
		3406433A227E26FA00981372 /* DockFolder */ = {
			isa = PBXGroup;
			children = (
				34064346227EDCD000981372 /* DockFolderController */,
				3406433F227ED8C400981372 /* DockFolderItemView */,
				34064342227EDC2200981372 /* DockFolderRepository.swift */,
				34064344227EDCB900981372 /* DockFolderItem.swift */,
			);
			path = DockFolder;
			sourceTree = "<group>";
		};
		3406433F227ED8C400981372 /* DockFolderItemView */ = {
			isa = PBXGroup;
			children = (
				3406433D227ED8BC00981372 /* DockFolderItemView.swift */,
			);
			path = DockFolderItemView;
			sourceTree = "<group>";
		};
		34064346227EDCD000981372 /* DockFolderController */ = {
			isa = PBXGroup;
			children = (
				962E0A5722CF1D1D00567E20 /* DockFolderController.xib */,
				34064336227E224700981372 /* DockFolderController.swift */,
			);
			path = DockFolderController;
			sourceTree = "<group>";
		};
		3406434B227F3FE900981372 /* PockMainController */ = {
			isa = PBXGroup;
			children = (
				3406434C227F3FFF00981372 /* PockMainController.xib */,
				342D83982278D5CF000D79DA /* PockMainController.swift */,
			);
			path = PockMainController;
			sourceTree = "<group>";
		};
		3407F9D822D0E75D0072E742 /* ControlCenterWidgetPreferencePane */ = {
			isa = PBXGroup;
			children = (
				9686B4F922D2216400C7A08C /* ControlCenterWidgetPreferencePane.xib */,
				3407F9DA22D0E75D0072E742 /* ControlCenterWidgetPreferencePane.swift */,
			);
			path = ControlCenterWidgetPreferencePane;
			sourceTree = "<group>";
		};
		3407F9E422D1C5170072E742 /* AppExpose */ = {
			isa = PBXGroup;
			children = (
				3407F9E522D1C5170072E742 /* AppExposeController */,
				3407F9EA22D1C7F40072E742 /* AppExposeItem.swift */,
			);
			name = AppExpose;
			path = Pock/Widgets/Dock/AppExpose;
			sourceTree = SOURCE_ROOT;
		};
		3407F9E522D1C5170072E742 /* AppExposeController */ = {
			isa = PBXGroup;
			children = (
				3407F9EE22D1C9970072E742 /* AppExposeController.xib */,
				3407F9E622D1C5170072E742 /* AppExposeController.swift */,
			);
			path = AppExposeController;
			sourceTree = "<group>";
		};
		3418DA0022882ECF00E11E37 /* PKSlideableController */ = {
			isa = PBXGroup;
			children = (
				3418D9FE22882EC600E11E37 /* PKSlideableController.swift */,
				3418DA012288318A00E11E37 /* PKSlideableController.xib */,
			);
			path = PKSlideableController;
			sourceTree = "<group>";
		};
		342D83932278D5CF000D79DA /* Pock */ = {
			isa = PBXGroup;
			children = (
				342D83B32278D5CF000D79DA /* AppDelegate.swift */,
				3407F9DD22D0F0A60072E742 /* Extensions.swift */,
				342D83942278D5CF000D79DA /* Interfaces UI */,
				342D83962278D5CF000D79DA /* TouchBar */,
				342D83B42278D5CF000D79DA /* Widgets */,
				342D83992278D5CF000D79DA /* Preferences */,
				342D83A22278D5CF000D79DA /* Various */,
				342D83A62278D5CF000D79DA /* Private */,
				34A8061222F6C98F00621235 /* Localisations */,
			);
			path = Pock;
			sourceTree = "<group>";
		};
		342D83942278D5CF000D79DA /* Interfaces UI */ = {
			isa = PBXGroup;
			children = (
				342D83952278D5CF000D79DA /* MainWindow.xib */,
			);
			path = "Interfaces UI";
			sourceTree = "<group>";
		};
		342D83962278D5CF000D79DA /* TouchBar */ = {
			isa = PBXGroup;
			children = (
				3406434B227F3FE900981372 /* PockMainController */,
				3418DA0022882ECF00E11E37 /* PKSlideableController */,
				342D83972278D5CF000D79DA /* PKTouchBarController.swift */,
				34064349227F323A00981372 /* PKTouchBarNavController.swift */,
			);
			path = TouchBar;
			sourceTree = "<group>";
		};
		342D83992278D5CF000D79DA /* Preferences */ = {
			isa = PBXGroup;
			children = (
				342D839A2278D5CF000D79DA /* Preferences.swift */,
				342D839B2278D5CF000D79DA /* Panes */,
			);
			path = Preferences;
			sourceTree = "<group>";
		};
		342D839B2278D5CF000D79DA /* Panes */ = {
			isa = PBXGroup;
			children = (
				342D839C2278D5CF000D79DA /* GeneralPreferencePane */,
				342D839F2278D5CF000D79DA /* StatusWidgetPreferencePane */,
				3407F9D822D0E75D0072E742 /* ControlCenterWidgetPreferencePane */,
				34E644FD227D9A6C003D0450 /* DockWidgetPreferencePane */,
				345C955623A53D5200E1AC53 /* NowPlayingPreferencePane */,
			);
			path = Panes;
			sourceTree = "<group>";
		};
		342D839C2278D5CF000D79DA /* GeneralPreferencePane */ = {
			isa = PBXGroup;
			children = (
				9667AAF422CF192D00C22410 /* GeneralPreferencePane.xib */,
				342D839E2278D5CF000D79DA /* GeneralPreferencePane.swift */,
			);
			path = GeneralPreferencePane;
			sourceTree = "<group>";
		};
		342D839F2278D5CF000D79DA /* StatusWidgetPreferencePane */ = {
			isa = PBXGroup;
			children = (
				9667AAFD22CF1A5700C22410 /* StatusWidgetPreferencePane.xib */,
				342D83A12278D5CF000D79DA /* StatusWidgetPreferencePane.swift */,
			);
			path = StatusWidgetPreferencePane;
			sourceTree = "<group>";
		};
		342D83A22278D5CF000D79DA /* Various */ = {
			isa = PBXGroup;
			children = (
				342D83A52278D5CF000D79DA /* Info.plist */,
				342D83A32278D5CF000D79DA /* Assets.xcassets */,
				342D83A42278D5CF000D79DA /* Pock.entitlements */,
			);
			path = Various;
			sourceTree = "<group>";
		};
		342D83A62278D5CF000D79DA /* Private */ = {
			isa = PBXGroup;
			children = (
				342D83AE2278D5CF000D79DA /* Pock-Bridging-Header.h */,
				342D83A72278D5CF000D79DA /* NSTouchBar.h */,
				342D83B12278D5CF000D79DA /* MRMediaRemote.h */,
				342D83B22278D5CF000D79DA /* OSDUIHelper.swift */,
				349F93E5228865C400B8CFBE /* ISSoundAdditions */,
				342D83A82278D5CF000D79DA /* PockDockHelper */,
				342D83AF2278D5CF000D79DA /* DKBrightness */,
				347F336422D0DB9100FA9805 /* SystemHelper */,
				34E644F8227D7848003D0450 /* KeySenderHelper */,
			);
			path = Private;
			sourceTree = "<group>";
		};
		342D83A82278D5CF000D79DA /* PockDockHelper */ = {
			isa = PBXGroup;
			children = (
				342D83A92278D5CF000D79DA /* PockDockHelper.h */,
				342D83AA2278D5CF000D79DA /* PockDockHelper.m */,
			);
			path = PockDockHelper;
			sourceTree = "<group>";
		};
		342D83AF2278D5CF000D79DA /* DKBrightness */ = {
			isa = PBXGroup;
			children = (
				342D83B02278D5CF000D79DA /* DKBrightness.swift */,
			);
			path = DKBrightness;
			sourceTree = "<group>";
		};
		342D83B42278D5CF000D79DA /* Widgets */ = {
			isa = PBXGroup;
			children = (
				3435675A2381666F00E408EF /* WidgetsDispatcherr.swift */,
				342D83CD2278D5CF000D79DA /* Common */,
				342D83CA2278D5CF000D79DA /* Esc key */,
				342D83D02278D5CF000D79DA /* Dock */,
				342D83BD2278D5CF000D79DA /* NowPlaying */,
				342D83B52278D5CF000D79DA /* ControlCenter */,
				342D83C22278D5CF000D79DA /* Status */,
			);
			path = Widgets;
			sourceTree = "<group>";
		};
		342D83B52278D5CF000D79DA /* ControlCenter */ = {
			isa = PBXGroup;
			children = (
				342D83B62278D5CF000D79DA /* ControlCenterWidget.swift */,
				342D83B72278D5CF000D79DA /* ControlCenterItem.swift */,
				342D83B82278D5CF000D79DA /* Items */,
			);
			path = ControlCenter;
			sourceTree = "<group>";
		};
		342D83B82278D5CF000D79DA /* Items */ = {
			isa = PBXGroup;
			children = (
				347F335F22D0D68400FA9805 /* CCLockItem.swift */,
				347F336822D0DBD600FA9805 /* CCSleepItem.swift */,
				342D83B92278D5CF000D79DA /* CCBrightnessDownItem.swift */,
				342D83BA2278D5CF000D79DA /* CCVolumeDownItem.swift */,
				342D83BB2278D5CF000D79DA /* CCBrightnessUpItem.swift */,
				342D83BC2278D5CF000D79DA /* CCVolumeUpItem.swift */,
				9955665122DC668500EFFE6D /* CCVolumeMuteItem.swift */,
				9675D6D0237003DC00C36234 /* CCVolumeToggleItem.swift */,
				9675D6D223701BC900C36234 /* CCBrightnessToggleItem.swift */,
				96BE2700237171DC0031B31F /* CCScreensaverItem.swift */,
				96E7A151239B99F700CB4C4C /* CCDoNotDisturbItem.swift */,
			);
			path = Items;
			sourceTree = "<group>";
		};
		342D83BD2278D5CF000D79DA /* NowPlaying */ = {
			isa = PBXGroup;
			children = (
				345C955023A522FF00E1AC53 /* NowPlayingView.swift */,
				342D83BE2278D5CF000D79DA /* NowPlayingItemView.swift */,
				342D83BF2278D5CF000D79DA /* NowPlayingItem.swift */,
				342D83C02278D5CF000D79DA /* NowPlayingWidget.swift */,
				342D83C12278D5CF000D79DA /* NowPlayingHelper.swift */,
			);
			path = NowPlaying;
			sourceTree = "<group>";
		};
		342D83C22278D5CF000D79DA /* Status */ = {
			isa = PBXGroup;
			children = (
				342D83C32278D5CF000D79DA /* StatusWidget.swift */,
				342D83C42278D5CF000D79DA /* StatusItem.swift */,
				342D83C52278D5CF000D79DA /* Items */,
			);
			path = Status;
			sourceTree = "<group>";
		};
		342D83C52278D5CF000D79DA /* Items */ = {
			isa = PBXGroup;
			children = (
				342D83C62278D5CF000D79DA /* SSpotlightItem.swift */,
				342D83C72278D5CF000D79DA /* SWifiItem.swift */,
				342D83C82278D5CF000D79DA /* SPowerItem.swift */,
				342D83C92278D5CF000D79DA /* SClockItem.swift */,
			);
			path = Items;
			sourceTree = "<group>";
		};
		342D83CA2278D5CF000D79DA /* Esc key */ = {
			isa = PBXGroup;
			children = (
				342D83CB2278D5CF000D79DA /* EscWidget.swift */,
				34E644F3227CB6CE003D0450 /* KeySender.swift */,
			);
			path = "Esc key";
			sourceTree = "<group>";
		};
		342D83CD2278D5CF000D79DA /* Common */ = {
			isa = PBXGroup;
			children = (
				342D83CE2278D5CF000D79DA /* PKWidgetTouchBarItem.swift */,
			);
			path = Common;
			sourceTree = "<group>";
		};
		342D83D02278D5CF000D79DA /* Dock */ = {
			isa = PBXGroup;
			children = (
				342D83D22278D5CF000D79DA /* Witness */,
				3407F9E422D1C5170072E742 /* AppExpose */,
				3406433A227E26FA00981372 /* DockFolder */,
				342D83D12278D5CF000D79DA /* Constants.swift */,
				342D83D82278D5CF000D79DA /* DockRepository.swift */,
				342D83D92278D5CF000D79DA /* DockItem.swift */,
				342D83DC2278D5CF000D79DA /* DockItemView.swift */,
				342D83DD2278D5CF000D79DA /* DockWidget.swift */,
				342D83DE2278D5CF000D79DA /* FileMonitor.swift */,
			);
			path = Dock;
			sourceTree = "<group>";
		};
		342D83D22278D5CF000D79DA /* Witness */ = {
			isa = PBXGroup;
			children = (
				342D83D32278D5CF000D79DA /* FileEvent.swift */,
				342D83D42278D5CF000D79DA /* EventStream.swift */,
				342D83D52278D5CF000D79DA /* Witness.swift */,
				342D83D62278D5CF000D79DA /* Witness.h */,
			);
			path = Witness;
			sourceTree = "<group>";
		};
		345C955623A53D5200E1AC53 /* NowPlayingPreferencePane */ = {
			isa = PBXGroup;
			children = (
				3482609923A687770053432B /* NowPlayingPreferencePane.xib */,
				345C955223A53D4D00E1AC53 /* NowPlayingPreferencePane.swift */,
			);
			path = NowPlayingPreferencePane;
			sourceTree = "<group>";
		};
		347F336422D0DB9100FA9805 /* SystemHelper */ = {
			isa = PBXGroup;
			children = (
				347F336522D0DB9100FA9805 /* SystemHelper.h */,
				347F336622D0DB9100FA9805 /* SystemHelper.m */,
			);
			path = SystemHelper;
			sourceTree = "<group>";
		};
		348343CD1F631B2E00CDA005 = {
			isa = PBXGroup;
			children = (
				342D83932278D5CF000D79DA /* Pock */,
				348343D71F631B2E00CDA005 /* Products */,
				2F31B7DC05EFA1E8090C87AE /* Pods */,
				4ED8D081458713BE440562D3 /* Frameworks */,
			);
			sourceTree = "<group>";
		};
		348343D71F631B2E00CDA005 /* Products */ = {
			isa = PBXGroup;
			children = (
				348343D61F631B2E00CDA005 /* Pock.app */,
			);
			name = Products;
			sourceTree = "<group>";
		};
		349F93E5228865C400B8CFBE /* ISSoundAdditions */ = {
			isa = PBXGroup;
			children = (
				349F93E6228865C400B8CFBE /* ISSoundAdditions.h */,
				349F93E7228865C400B8CFBE /* ISSoundAdditions.m */,
			);
			path = ISSoundAdditions;
			sourceTree = "<group>";
		};
		34A8061222F6C98F00621235 /* Localisations */ = {
			isa = PBXGroup;
			children = (
				96FE26A122D0C3810071645C /* Localizable.strings */,
				964435B622D18F91002FA1CB /* LocalizedUtils.swift */,
			);
			path = Localisations;
			sourceTree = "<group>";
		};
		34E644F8227D7848003D0450 /* KeySenderHelper */ = {
			isa = PBXGroup;
			children = (
				34E644F5227D783E003D0450 /* KeySenderHelper.h */,
				34E644F6227D783E003D0450 /* KeySenderHelper.c */,
			);
			path = KeySenderHelper;
			sourceTree = "<group>";
		};
		34E644FD227D9A6C003D0450 /* DockWidgetPreferencePane */ = {
			isa = PBXGroup;
			children = (
				9667AB0622CF1ABA00C22410 /* DockWidgetPreferencePane.xib */,
				34E644F9227D9A69003D0450 /* DockWidgetPreferencePane.swift */,
			);
			path = DockWidgetPreferencePane;
			sourceTree = "<group>";
		};
		4ED8D081458713BE440562D3 /* Frameworks */ = {
			isa = PBXGroup;
			children = (
				34F27F2523428108001EBB6B /* LaunchAtLogin.framework */,
				347F335D22D0D5F600FA9805 /* login.framework */,
				3494320B222179D7008622B1 /* BatteryUIKit.framework */,
				349431EC22197484008622B1 /* MediaRemote.framework */,
				34BC3ECB2210B2EC00C1DD3C /* DFRFoundation.framework */,
				863BE70CFBAC31BDBF35B1FD /* Pods_Pock.framework */,
			);
			name = Frameworks;
			sourceTree = "<group>";
		};
/* End PBXGroup section */

/* Begin PBXNativeTarget section */
		348343D51F631B2E00CDA005 /* Pock */ = {
			isa = PBXNativeTarget;
			buildConfigurationList = 348343E51F631B2E00CDA005 /* Build configuration list for PBXNativeTarget "Pock" */;
			buildPhases = (
				2B2556069E62CDAC367ACF33 /* [CP] Check Pods Manifest.lock */,
				3407F9DF22D102AC0072E742 /* [Pock]: Set Fabric API_KEY */,
				348343D21F631B2E00CDA005 /* Sources */,
				348343D31F631B2E00CDA005 /* Frameworks */,
				348343D41F631B2E00CDA005 /* Resources */,
				9C497126EC20FAC73A4D0299 /* [CP] Embed Pods Frameworks */,
				3413964E217B8B6200DCD2B0 /* [Fabric] Run */,
			);
			buildRules = (
			);
			dependencies = (
			);
			name = Pock;
			productName = Pock;
			productReference = 348343D61F631B2E00CDA005 /* Pock.app */;
			productType = "com.apple.product-type.application";
		};
/* End PBXNativeTarget section */

/* Begin PBXProject section */
		348343CE1F631B2E00CDA005 /* Project object */ = {
			isa = PBXProject;
			attributes = {
				LastSwiftUpdateCheck = 0830;
				LastUpgradeCheck = 1100;
				ORGANIZATIONNAME = "Pierluigi Galdi";
				TargetAttributes = {
					348343D51F631B2E00CDA005 = {
						CreatedOnToolsVersion = 8.3.3;
						LastSwiftMigration = 1100;
						ProvisioningStyle = Automatic;
						SystemCapabilities = {
							com.apple.HardenedRuntime = {
								enabled = 1;
							};
						};
					};
				};
			};
			buildConfigurationList = 348343D11F631B2E00CDA005 /* Build configuration list for PBXProject "Pock" */;
			compatibilityVersion = "Xcode 3.2";
			developmentRegion = en;
			hasScannedForEncodings = 0;
			knownRegions = (
				en,
				Base,
				"zh-Hans",
				it,
				tr,
				"zh-Hant",
				"pt-BR",
			);
			mainGroup = 348343CD1F631B2E00CDA005;
			productRefGroup = 348343D71F631B2E00CDA005 /* Products */;
			projectDirPath = "";
			projectRoot = "";
			targets = (
				348343D51F631B2E00CDA005 /* Pock */,
			);
		};
/* End PBXProject section */

/* Begin PBXResourcesBuildPhase section */
		348343D41F631B2E00CDA005 /* Resources */ = {
			isa = PBXResourcesBuildPhase;
			buildActionMask = 2147483647;
			files = (
				962E0A5522CF1D1D00567E20 /* DockFolderController.xib in Resources */,
				347D7EE7230874A800BA9200 /* ControlCenterWidgetPreferencePane.xib in Resources */,
				342D83DF2278D5CF000D79DA /* MainWindow.xib in Resources */,
				3418DA022288318A00E11E37 /* PKSlideableController.xib in Resources */,
				3482609723A687770053432B /* NowPlayingPreferencePane.xib in Resources */,
				3407F9EF22D1C9970072E742 /* AppExposeController.xib in Resources */,
				9667AAF222CF192D00C22410 /* GeneralPreferencePane.xib in Resources */,
				96FE269F22D0C3810071645C /* Localizable.strings in Resources */,
				3406434D227F3FFF00981372 /* PockMainController.xib in Resources */,
				9667AAFB22CF1A5700C22410 /* StatusWidgetPreferencePane.xib in Resources */,
				9667AB0422CF1ABA00C22410 /* DockWidgetPreferencePane.xib in Resources */,
				342D83E72278D5CF000D79DA /* Assets.xcassets in Resources */,
			);
			runOnlyForDeploymentPostprocessing = 0;
		};
/* End PBXResourcesBuildPhase section */

/* Begin PBXShellScriptBuildPhase section */
		2B2556069E62CDAC367ACF33 /* [CP] Check Pods Manifest.lock */ = {
			isa = PBXShellScriptBuildPhase;
			buildActionMask = 2147483647;
			files = (
			);
			inputPaths = (
				"${PODS_PODFILE_DIR_PATH}/Podfile.lock",
				"${PODS_ROOT}/Manifest.lock",
			);
			name = "[CP] Check Pods Manifest.lock";
			outputPaths = (
				"$(DERIVED_FILE_DIR)/Pods-Pock-checkManifestLockResult.txt",
			);
			runOnlyForDeploymentPostprocessing = 0;
			shellPath = /bin/sh;
			shellScript = "diff \"${PODS_PODFILE_DIR_PATH}/Podfile.lock\" \"${PODS_ROOT}/Manifest.lock\" > /dev/null\nif [ $? != 0 ] ; then\n    # print error to STDERR\n    echo \"error: The sandbox is not in sync with the Podfile.lock. Run 'pod install' or update your CocoaPods installation.\" >&2\n    exit 1\nfi\n# This output is used by Xcode 'outputs' to avoid re-running this script phase.\necho \"SUCCESS\" > \"${SCRIPT_OUTPUT_FILE_0}\"\n";
			showEnvVarsInLog = 0;
		};
		3407F9DF22D102AC0072E742 /* [Pock]: Set Fabric API_KEY */ = {
			isa = PBXShellScriptBuildPhase;
			buildActionMask = 8;
			files = (
			);
			inputFileListPaths = (
			);
			inputPaths = (
				"$(BUILT_PRODUCTS_DIR)/$(INFOPLIST_PATH)",
			);
			name = "[Pock]: Set Fabric API_KEY";
			outputFileListPaths = (
			);
			outputPaths = (
			);
			runOnlyForDeploymentPostprocessing = 1;
			shellPath = /bin/sh;
			shellScript = "apiKey=$(sed -n '1p' < FabricEnv)\nsecretKey=$(sed -n '2p' < FabricEnv)\n\nINFO_PLIST=\"${SRCROOT}/Pock/Various/Info.plist\"\n\n/usr/libexec/PlistBuddy -c \"Set :Fabric:APIKey $apiKey\" \"$INFO_PLIST\"\n";
		};
		3413964E217B8B6200DCD2B0 /* [Fabric] Run */ = {
			isa = PBXShellScriptBuildPhase;
			buildActionMask = 8;
			files = (
			);
			inputFileListPaths = (
			);
			inputPaths = (
				"$(BUILT_PRODUCTS_DIR)/$(INFOPLIST_PATH)",
			);
			name = "[Fabric] Run";
			outputFileListPaths = (
			);
			outputPaths = (
			);
			runOnlyForDeploymentPostprocessing = 1;
			shellPath = /bin/sh;
			shellScript = "apiKey=$(sed -n '1p' < FabricEnv)\nsecretKey=$(sed -n '2p' < FabricEnv)\n\n\"${PODS_ROOT}/Fabric/run\" $apiKey $secretKey\n";
		};
		9C497126EC20FAC73A4D0299 /* [CP] Embed Pods Frameworks */ = {
			isa = PBXShellScriptBuildPhase;
			buildActionMask = 2147483647;
			files = (
			);
			inputPaths = (
				"${PODS_ROOT}/Target Support Files/Pods-Pock/Pods-Pock-frameworks.sh",
				"${BUILT_PRODUCTS_DIR}/Defaults/Defaults.framework",
				"${BUILT_PRODUCTS_DIR}/LoginServiceKit/LoginServiceKit.framework",
				"${BUILT_PRODUCTS_DIR}/Magnet/Magnet.framework",
				"${BUILT_PRODUCTS_DIR}/PockKit/PockKit.framework",
				"${BUILT_PRODUCTS_DIR}/Preferences/Preferences.framework",
				"${BUILT_PRODUCTS_DIR}/SnapKit/SnapKit.framework",
			);
			name = "[CP] Embed Pods Frameworks";
			outputPaths = (
				"${TARGET_BUILD_DIR}/${FRAMEWORKS_FOLDER_PATH}/Defaults.framework",
				"${TARGET_BUILD_DIR}/${FRAMEWORKS_FOLDER_PATH}/LoginServiceKit.framework",
				"${TARGET_BUILD_DIR}/${FRAMEWORKS_FOLDER_PATH}/Magnet.framework",
				"${TARGET_BUILD_DIR}/${FRAMEWORKS_FOLDER_PATH}/PockKit.framework",
				"${TARGET_BUILD_DIR}/${FRAMEWORKS_FOLDER_PATH}/Preferences.framework",
				"${TARGET_BUILD_DIR}/${FRAMEWORKS_FOLDER_PATH}/SnapKit.framework",
			);
			runOnlyForDeploymentPostprocessing = 0;
			shellPath = /bin/sh;
			shellScript = "\"${PODS_ROOT}/Target Support Files/Pods-Pock/Pods-Pock-frameworks.sh\"\n";
			showEnvVarsInLog = 0;
		};
/* End PBXShellScriptBuildPhase section */

/* Begin PBXSourcesBuildPhase section */
		348343D21F631B2E00CDA005 /* Sources */ = {
			isa = PBXSourcesBuildPhase;
			buildActionMask = 2147483647;
			files = (
				342D83FA2278D5CF000D79DA /* SSpotlightItem.swift in Sources */,
				342D83F92278D5CF000D79DA /* StatusItem.swift in Sources */,
				3406433E227ED8BC00981372 /* DockFolderItemView.swift in Sources */,
				347F336022D0D68400FA9805 /* CCLockItem.swift in Sources */,
				342D83E62278D5CF000D79DA /* StatusWidgetPreferencePane.swift in Sources */,
				342D83FB2278D5CF000D79DA /* SWifiItem.swift in Sources */,
				342D83FC2278D5CF000D79DA /* SPowerItem.swift in Sources */,
				342D83F82278D5CF000D79DA /* StatusWidget.swift in Sources */,
				342D83F32278D5CF000D79DA /* CCVolumeUpItem.swift in Sources */,
				347F336922D0DBD600FA9805 /* CCSleepItem.swift in Sources */,
				9675D6D1237003DC00C36234 /* CCVolumeToggleItem.swift in Sources */,
				342D84072278D5CF000D79DA /* DockRepository.swift in Sources */,
				3435675B2381666F00E408EF /* WidgetsDispatcherr.swift in Sources */,
				342D83E92278D5CF000D79DA /* PockDockHelper.m in Sources */,
				34064345227EDCB900981372 /* DockFolderItem.swift in Sources */,
				342D84042278D5CF000D79DA /* EventStream.swift in Sources */,
				342D84022278D5CF000D79DA /* Constants.swift in Sources */,
				342D83F12278D5CF000D79DA /* CCVolumeDownItem.swift in Sources */,
				342D84032278D5CF000D79DA /* FileEvent.swift in Sources */,
				9675D6D323701BC900C36234 /* CCBrightnessToggleItem.swift in Sources */,
				3407F9EB22D1C7F40072E742 /* AppExposeItem.swift in Sources */,
				34E644F4227CB6CE003D0450 /* KeySender.swift in Sources */,
				342D840B2278D5CF000D79DA /* DockItemView.swift in Sources */,
				342D840C2278D5CF000D79DA /* DockWidget.swift in Sources */,
				34E644FB227D9A69003D0450 /* DockWidgetPreferencePane.swift in Sources */,
				3407F9DC22D0E75E0072E742 /* ControlCenterWidgetPreferencePane.swift in Sources */,
				342D83EE2278D5CF000D79DA /* ControlCenterWidget.swift in Sources */,
				342D83EC2278D5CF000D79DA /* OSDUIHelper.swift in Sources */,
				3418D9FF22882EC600E11E37 /* PKSlideableController.swift in Sources */,
				342D83FE2278D5CF000D79DA /* EscWidget.swift in Sources */,
				345C955423A53D4D00E1AC53 /* NowPlayingPreferencePane.swift in Sources */,
				34064343227EDC2200981372 /* DockFolderRepository.swift in Sources */,
				342D83E02278D5CF000D79DA /* PKTouchBarController.swift in Sources */,
				3406434A227F323A00981372 /* PKTouchBarNavController.swift in Sources */,
				34064337227E224700981372 /* DockFolderController.swift in Sources */,
				342D83F22278D5CF000D79DA /* CCBrightnessUpItem.swift in Sources */,
				3407F9DE22D0F0A60072E742 /* Extensions.swift in Sources */,
				342D83F02278D5CF000D79DA /* CCBrightnessDownItem.swift in Sources */,
				347F336722D0DB9200FA9805 /* SystemHelper.m in Sources */,
				342D83F52278D5CF000D79DA /* NowPlayingItem.swift in Sources */,
				342D83F62278D5CF000D79DA /* NowPlayingWidget.swift in Sources */,
				342D840D2278D5CF000D79DA /* FileMonitor.swift in Sources */,
				3407F9E722D1C5170072E742 /* AppExposeController.swift in Sources */,
				342D83E12278D5CF000D79DA /* PockMainController.swift in Sources */,
				96BE2701237171DC0031B31F /* CCScreensaverItem.swift in Sources */,
				342D83F72278D5CF000D79DA /* NowPlayingHelper.swift in Sources */,
				96E7A152239B99F700CB4C4C /* CCDoNotDisturbItem.swift in Sources */,
				342D83EF2278D5CF000D79DA /* ControlCenterItem.swift in Sources */,
				964435B722D18F91002FA1CB /* LocalizedUtils.swift in Sources */,
				342D83EB2278D5CF000D79DA /* DKBrightness.swift in Sources */,
				342D84002278D5CF000D79DA /* PKWidgetTouchBarItem.swift in Sources */,
				342D83E22278D5CF000D79DA /* Preferences.swift in Sources */,
				9955665222DC668500EFFE6D /* CCVolumeMuteItem.swift in Sources */,
				342D83F42278D5CF000D79DA /* NowPlayingItemView.swift in Sources */,
				345C955123A5230000E1AC53 /* NowPlayingView.swift in Sources */,
				349F93E8228865C400B8CFBE /* ISSoundAdditions.m in Sources */,
				342D83ED2278D5CF000D79DA /* AppDelegate.swift in Sources */,
				342D84052278D5CF000D79DA /* Witness.swift in Sources */,
				34E644F7227D783E003D0450 /* KeySenderHelper.c in Sources */,
				342D84082278D5CF000D79DA /* DockItem.swift in Sources */,
				342D83E42278D5CF000D79DA /* GeneralPreferencePane.swift in Sources */,
				342D83FD2278D5CF000D79DA /* SClockItem.swift in Sources */,
			);
			runOnlyForDeploymentPostprocessing = 0;
		};
/* End PBXSourcesBuildPhase section */

/* Begin PBXVariantGroup section */
		3482609923A687770053432B /* NowPlayingPreferencePane.xib */ = {
			isa = PBXVariantGroup;
			children = (
				3482609823A687770053432B /* Base */,
				3482609B23A687800053432B /* en */,
				3482609D23A687810053432B /* zh-Hans */,
				3482609F23A687820053432B /* zh-Hant */,
				348260A123A687820053432B /* it */,
				348260A323A687830053432B /* tr */,
				ABFB9DF823A92005007DE2E6 /* pt-BR */,
			);
			name = NowPlayingPreferencePane.xib;
			sourceTree = "<group>";
		};
		962E0A5722CF1D1D00567E20 /* DockFolderController.xib */ = {
			isa = PBXVariantGroup;
			children = (
				962E0A5622CF1D1D00567E20 /* Base */,
				962E0A5922CF1D1E00567E20 /* en */,
				962E0A5B22CF1D1F00567E20 /* zh-Hans */,
				34A8060422F6B97000621235 /* it */,
				881719822334CAFA00CEFF2B /* tr */,
				AAA3636F2333699C0016267D /* zh-Hant */,
				ABFB9DF323A92005007DE2E6 /* pt-BR */,
			);
			name = DockFolderController.xib;
			sourceTree = "<group>";
		};
		9667AAF422CF192D00C22410 /* GeneralPreferencePane.xib */ = {
			isa = PBXVariantGroup;
			children = (
				9667AAF322CF192D00C22410 /* Base */,
				9667AAFA22CF1A4D00C22410 /* zh-Hans */,
				34A8060522F6B97000621235 /* it */,
				881719832334CAFA00CEFF2B /* tr */,
				AAA363702333699C0016267D /* zh-Hant */,
				96F29996231797C00055DA26 /* en */,
				ABFB9DF423A92005007DE2E6 /* pt-BR */,
			);
			name = GeneralPreferencePane.xib;
			sourceTree = "<group>";
		};
		9667AAFD22CF1A5700C22410 /* StatusWidgetPreferencePane.xib */ = {
			isa = PBXVariantGroup;
			children = (
				9667AAFC22CF1A5700C22410 /* Base */,
				34A8060E22F6C57700621235 /* it */,
				881719842334CAFA00CEFF2B /* tr */,
				AAA363712333699C0016267D /* zh-Hant */,
				96F29990231797060055DA26 /* zh-Hans */,
				96E3DD8C2357258600AA719D /* en */,
				ABFB9DF523A92005007DE2E6 /* pt-BR */,
			);
			name = StatusWidgetPreferencePane.xib;
			sourceTree = "<group>";
		};
		9667AB0622CF1ABA00C22410 /* DockWidgetPreferencePane.xib */ = {
			isa = PBXVariantGroup;
			children = (
				9667AB0522CF1ABA00C22410 /* Base */,
				96E468B12351BC7200A20E56 /* en */,
				96E468B22351BC7500A20E56 /* zh-Hans */,
				96E468B32351BC7900A20E56 /* zh-Hant */,
				96E468B42351BC7B00A20E56 /* it */,
				96E468B52351BC7F00A20E56 /* tr */,
				ABFB9DF723A92005007DE2E6 /* pt-BR */,
			);
			name = DockWidgetPreferencePane.xib;
			sourceTree = "<group>";
		};
		9686B4F922D2216400C7A08C /* ControlCenterWidgetPreferencePane.xib */ = {
			isa = PBXVariantGroup;
			children = (
				9686B4F822D2216400C7A08C /* Base */,
				34A8061122F6C83000621235 /* it */,
				881719852334CAFA00CEFF2B /* tr */,
				AAA363722333699C0016267D /* zh-Hant */,
				96F2999A2317980B0055DA26 /* zh-Hans */,
				96E7A15A239BA74E00CB4C4C /* en */,
				ABFB9DF623A92005007DE2E6 /* pt-BR */,
			);
			name = ControlCenterWidgetPreferencePane.xib;
			sourceTree = "<group>";
		};
		96FE26A122D0C3810071645C /* Localizable.strings */ = {
			isa = PBXVariantGroup;
			children = (
				96FE26A022D0C3810071645C /* en */,
				969439E922D0FCA20022E67D /* zh-Hans */,
				34A8060922F6B97000621235 /* it */,
				881719872334CAFA00CEFF2B /* tr */,
				AAA363742333699C0016267D /* zh-Hant */,
				ABFB9DF923A92005007DE2E6 /* pt-BR */,
			);
			name = Localizable.strings;
			sourceTree = "<group>";
		};
/* End PBXVariantGroup section */

/* Begin XCBuildConfiguration section */
		348343E31F631B2E00CDA005 /* Debug */ = {
			isa = XCBuildConfiguration;
			buildSettings = {
				ALWAYS_SEARCH_USER_PATHS = NO;
				CLANG_ANALYZER_LOCALIZABILITY_NONLOCALIZED = YES;
				CLANG_ANALYZER_NONNULL = YES;
				CLANG_ANALYZER_NUMBER_OBJECT_CONVERSION = YES_AGGRESSIVE;
				CLANG_CXX_LANGUAGE_STANDARD = "gnu++0x";
				CLANG_CXX_LIBRARY = "libc++";
				CLANG_ENABLE_MODULES = YES;
				CLANG_ENABLE_OBJC_ARC = YES;
				CLANG_WARN_BLOCK_CAPTURE_AUTORELEASING = YES;
				CLANG_WARN_BOOL_CONVERSION = YES;
				CLANG_WARN_COMMA = YES;
				CLANG_WARN_CONSTANT_CONVERSION = YES;
				CLANG_WARN_DEPRECATED_OBJC_IMPLEMENTATIONS = YES;
				CLANG_WARN_DIRECT_OBJC_ISA_USAGE = YES_ERROR;
				CLANG_WARN_DOCUMENTATION_COMMENTS = YES;
				CLANG_WARN_EMPTY_BODY = YES;
				CLANG_WARN_ENUM_CONVERSION = YES;
				CLANG_WARN_INFINITE_RECURSION = YES;
				CLANG_WARN_INT_CONVERSION = YES;
				CLANG_WARN_NON_LITERAL_NULL_CONVERSION = YES;
				CLANG_WARN_OBJC_IMPLICIT_RETAIN_SELF = YES;
				CLANG_WARN_OBJC_LITERAL_CONVERSION = YES;
				CLANG_WARN_OBJC_ROOT_CLASS = YES_ERROR;
				CLANG_WARN_RANGE_LOOP_ANALYSIS = YES;
				CLANG_WARN_STRICT_PROTOTYPES = YES;
				CLANG_WARN_SUSPICIOUS_MOVE = YES;
				CLANG_WARN_UNREACHABLE_CODE = YES;
				CLANG_WARN__DUPLICATE_METHOD_MATCH = YES;
				CODE_SIGN_IDENTITY = "-";
				COPY_PHASE_STRIP = NO;
				DEBUG_INFORMATION_FORMAT = dwarf;
				ENABLE_STRICT_OBJC_MSGSEND = YES;
				ENABLE_TESTABILITY = YES;
				GCC_C_LANGUAGE_STANDARD = gnu99;
				GCC_DYNAMIC_NO_PIC = NO;
				GCC_NO_COMMON_BLOCKS = YES;
				GCC_OPTIMIZATION_LEVEL = 0;
				GCC_PREPROCESSOR_DEFINITIONS = (
					"DEBUG=1",
					"$(inherited)",
				);
				GCC_WARN_64_TO_32_BIT_CONVERSION = YES;
				GCC_WARN_ABOUT_RETURN_TYPE = YES_ERROR;
				GCC_WARN_UNDECLARED_SELECTOR = YES;
				GCC_WARN_UNINITIALIZED_AUTOS = YES_AGGRESSIVE;
				GCC_WARN_UNUSED_FUNCTION = YES;
				GCC_WARN_UNUSED_VARIABLE = YES;
				MACOSX_DEPLOYMENT_TARGET = 10.12;
				MTL_ENABLE_DEBUG_INFO = YES;
				ONLY_ACTIVE_ARCH = YES;
				SDKROOT = macosx;
				SWIFT_ACTIVE_COMPILATION_CONDITIONS = DEBUG;
				SWIFT_OPTIMIZATION_LEVEL = "-Onone";
			};
			name = Debug;
		};
		348343E41F631B2E00CDA005 /* Release */ = {
			isa = XCBuildConfiguration;
			buildSettings = {
				ALWAYS_SEARCH_USER_PATHS = NO;
				CLANG_ANALYZER_LOCALIZABILITY_NONLOCALIZED = YES;
				CLANG_ANALYZER_NONNULL = YES;
				CLANG_ANALYZER_NUMBER_OBJECT_CONVERSION = YES_AGGRESSIVE;
				CLANG_CXX_LANGUAGE_STANDARD = "gnu++0x";
				CLANG_CXX_LIBRARY = "libc++";
				CLANG_ENABLE_MODULES = YES;
				CLANG_ENABLE_OBJC_ARC = YES;
				CLANG_WARN_BLOCK_CAPTURE_AUTORELEASING = YES;
				CLANG_WARN_BOOL_CONVERSION = YES;
				CLANG_WARN_COMMA = YES;
				CLANG_WARN_CONSTANT_CONVERSION = YES;
				CLANG_WARN_DEPRECATED_OBJC_IMPLEMENTATIONS = YES;
				CLANG_WARN_DIRECT_OBJC_ISA_USAGE = YES_ERROR;
				CLANG_WARN_DOCUMENTATION_COMMENTS = YES;
				CLANG_WARN_EMPTY_BODY = YES;
				CLANG_WARN_ENUM_CONVERSION = YES;
				CLANG_WARN_INFINITE_RECURSION = YES;
				CLANG_WARN_INT_CONVERSION = YES;
				CLANG_WARN_NON_LITERAL_NULL_CONVERSION = YES;
				CLANG_WARN_OBJC_IMPLICIT_RETAIN_SELF = YES;
				CLANG_WARN_OBJC_LITERAL_CONVERSION = YES;
				CLANG_WARN_OBJC_ROOT_CLASS = YES_ERROR;
				CLANG_WARN_RANGE_LOOP_ANALYSIS = YES;
				CLANG_WARN_STRICT_PROTOTYPES = YES;
				CLANG_WARN_SUSPICIOUS_MOVE = YES;
				CLANG_WARN_UNREACHABLE_CODE = YES;
				CLANG_WARN__DUPLICATE_METHOD_MATCH = YES;
				CODE_SIGN_IDENTITY = "-";
				COPY_PHASE_STRIP = NO;
				DEBUG_INFORMATION_FORMAT = "dwarf-with-dsym";
				ENABLE_NS_ASSERTIONS = NO;
				ENABLE_STRICT_OBJC_MSGSEND = YES;
				GCC_C_LANGUAGE_STANDARD = gnu99;
				GCC_NO_COMMON_BLOCKS = YES;
				GCC_WARN_64_TO_32_BIT_CONVERSION = YES;
				GCC_WARN_ABOUT_RETURN_TYPE = YES_ERROR;
				GCC_WARN_UNDECLARED_SELECTOR = YES;
				GCC_WARN_UNINITIALIZED_AUTOS = YES_AGGRESSIVE;
				GCC_WARN_UNUSED_FUNCTION = YES;
				GCC_WARN_UNUSED_VARIABLE = YES;
				MACOSX_DEPLOYMENT_TARGET = 10.12;
				MTL_ENABLE_DEBUG_INFO = NO;
				SDKROOT = macosx;
				SWIFT_OPTIMIZATION_LEVEL = "-Owholemodule";
			};
			name = Release;
		};
		348343E61F631B2E00CDA005 /* Debug */ = {
			isa = XCBuildConfiguration;
			baseConfigurationReference = 3BA42833BC69C895EB31DF93 /* Pods-Pock.debug.xcconfig */;
			buildSettings = {
				ASSETCATALOG_COMPILER_APPICON_NAME = AppIcon;
				CODE_SIGN_ENTITLEMENTS = Pock/Various/Pock.entitlements;
				CODE_SIGN_IDENTITY = "-";
				CODE_SIGN_STYLE = Automatic;
				COMBINE_HIDPI_IMAGES = YES;
				CURRENT_PROJECT_VERSION = 1;
				DEBUG_INFORMATION_FORMAT = "dwarf-with-dsym";
				DEVELOPMENT_TEAM = "";
				ENABLE_HARDENED_RUNTIME = YES;
				FRAMEWORK_SEARCH_PATHS = (
					"$(inherited)",
					"$(SYSTEM_LIBRARY_DIR)/PrivateFrameworks",
				);
				INFOPLIST_FILE = "$(SRCROOT)/Pock/Various/Info.plist";
				LD_RUNPATH_SEARCH_PATHS = "$(inherited) @loader_path/../Frameworks @executable_path/../Frameworks";
				MACOSX_DEPLOYMENT_TARGET = 10.12.2;
				MARKETING_VERSION = 0.7.2;
				PRODUCT_BUNDLE_IDENTIFIER = com.pigigaldi.pock;
				PRODUCT_NAME = "$(TARGET_NAME)";
				PROVISIONING_PROFILE_SPECIFIER = "";
				SWIFT_OBJC_BRIDGING_HEADER = "${SRCROOT}/Pock/Private/Pock-Bridging-Header.h";
				SWIFT_VERSION = 5.0;
			};
			name = Debug;
		};
		348343E71F631B2E00CDA005 /* Release */ = {
			isa = XCBuildConfiguration;
			baseConfigurationReference = 716D62071D19174E56D6E33D /* Pods-Pock.release.xcconfig */;
			buildSettings = {
				ASSETCATALOG_COMPILER_APPICON_NAME = AppIcon;
				CODE_SIGN_ENTITLEMENTS = Pock/Various/Pock.entitlements;
				CODE_SIGN_IDENTITY = "-";
				CODE_SIGN_STYLE = Automatic;
				COMBINE_HIDPI_IMAGES = YES;
				CURRENT_PROJECT_VERSION = 1;
				DEVELOPMENT_TEAM = "";
				ENABLE_HARDENED_RUNTIME = YES;
				FRAMEWORK_SEARCH_PATHS = (
					"$(inherited)",
					"$(SYSTEM_LIBRARY_DIR)/PrivateFrameworks",
				);
				INFOPLIST_FILE = "$(SRCROOT)/Pock/Various/Info.plist";
				LD_RUNPATH_SEARCH_PATHS = "$(inherited) @loader_path/../Frameworks @executable_path/../Frameworks";
				MACOSX_DEPLOYMENT_TARGET = 10.12.2;
				MARKETING_VERSION = 0.7.2;
				PRODUCT_BUNDLE_IDENTIFIER = com.pigigaldi.pock;
				PRODUCT_NAME = "$(TARGET_NAME)";
				PROVISIONING_PROFILE_SPECIFIER = "";
				SWIFT_ACTIVE_COMPILATION_CONDITIONS = PROD;
				SWIFT_OBJC_BRIDGING_HEADER = "${SRCROOT}/Pock/Private/Pock-Bridging-Header.h";
				SWIFT_VERSION = 5.0;
			};
			name = Release;
		};
/* End XCBuildConfiguration section */

/* Begin XCConfigurationList section */
		348343D11F631B2E00CDA005 /* Build configuration list for PBXProject "Pock" */ = {
			isa = XCConfigurationList;
			buildConfigurations = (
				348343E31F631B2E00CDA005 /* Debug */,
				348343E41F631B2E00CDA005 /* Release */,
			);
			defaultConfigurationIsVisible = 0;
			defaultConfigurationName = Release;
		};
		348343E51F631B2E00CDA005 /* Build configuration list for PBXNativeTarget "Pock" */ = {
			isa = XCConfigurationList;
			buildConfigurations = (
				348343E61F631B2E00CDA005 /* Debug */,
				348343E71F631B2E00CDA005 /* Release */,
			);
			defaultConfigurationIsVisible = 0;
			defaultConfigurationName = Release;
		};
/* End XCConfigurationList section */
	};
	rootObject = 348343CE1F631B2E00CDA005 /* Project object */;
}
