// !$*UTF8*$!
{
	archiveVersion = 1;
	classes = {
	};
	objectVersion = 46;
	objects = {

/* Begin PBXBuildFile section */
		009B0E12E317757741CE38C8 /* Pods_Pock.framework in Frameworks */ = {isa = PBXBuildFile; fileRef = 863BE70CFBAC31BDBF35B1FD /* Pods_Pock.framework */; };
		3427C72D1F65746000FE39FF /* PockItemView.swift in Sources */ = {isa = PBXBuildFile; fileRef = 3427C72C1F65746000FE39FF /* PockItemView.swift */; };
		342D3CB42111998A0028FC59 /* PockDockHelper.m in Sources */ = {isa = PBXBuildFile; fileRef = 342D3CB32111998A0028FC59 /* PockDockHelper.m */; };
		342D3CB72111ACC30028FC59 /* PockItem.swift in Sources */ = {isa = PBXBuildFile; fileRef = 342D3CB62111ACC30028FC59 /* PockItem.swift */; };
		342D3CBD2111B1AD0028FC59 /* Assets.xcassets in Resources */ = {isa = PBXBuildFile; fileRef = 342D3CBB2111B1AD0028FC59 /* Assets.xcassets */; };
		348343DA1F631B2E00CDA005 /* AppDelegate.swift in Sources */ = {isa = PBXBuildFile; fileRef = 348343D91F631B2E00CDA005 /* AppDelegate.swift */; };
		348343E91F631B6700CDA005 /* PockUtilities.swift in Sources */ = {isa = PBXBuildFile; fileRef = 348343E81F631B6700CDA005 /* PockUtilities.swift */; };
		3483BF7621712BA8008570D0 /* Preferences.swift in Sources */ = {isa = PBXBuildFile; fileRef = 3483BF7521712BA8008570D0 /* Preferences.swift */; };
		349431C222175E07008622B1 /* EonilFSEventStreamError.swift in Sources */ = {isa = PBXBuildFile; fileRef = 349431BA22175E06008622B1 /* EonilFSEventStreamError.swift */; };
		349431C322175E07008622B1 /* EonilFSEventStreamIllogicalErrorLog.swift in Sources */ = {isa = PBXBuildFile; fileRef = 349431BB22175E06008622B1 /* EonilFSEventStreamIllogicalErrorLog.swift */; };
		349431C422175E07008622B1 /* EonilFSEventStreamEvent.swift in Sources */ = {isa = PBXBuildFile; fileRef = 349431BC22175E07008622B1 /* EonilFSEventStreamEvent.swift */; };
		349431C522175E07008622B1 /* EonilFSEventStreamEventID.swift in Sources */ = {isa = PBXBuildFile; fileRef = 349431BD22175E07008622B1 /* EonilFSEventStreamEventID.swift */; };
		349431C622175E07008622B1 /* EonilFSEventStream.swift in Sources */ = {isa = PBXBuildFile; fileRef = 349431BE22175E07008622B1 /* EonilFSEventStream.swift */; };
		349431C722175E07008622B1 /* EonilFSEvents.swift in Sources */ = {isa = PBXBuildFile; fileRef = 349431BF22175E07008622B1 /* EonilFSEvents.swift */; };
		349431C822175E07008622B1 /* EonilFSEventStreamEventFlags.swift in Sources */ = {isa = PBXBuildFile; fileRef = 349431C022175E07008622B1 /* EonilFSEventStreamEventFlags.swift */; };
		349431C922175E07008622B1 /* EonilFSEventStreamCreateFlags.swift in Sources */ = {isa = PBXBuildFile; fileRef = 349431C122175E07008622B1 /* EonilFSEventStreamCreateFlags.swift */; };
		349431CC22181608008622B1 /* ControlCenterWidget.swift in Sources */ = {isa = PBXBuildFile; fileRef = 349431CB22181608008622B1 /* ControlCenterWidget.swift */; };
		349431CE2218197A008622B1 /* ControlCenterItem.swift in Sources */ = {isa = PBXBuildFile; fileRef = 349431CD2218197A008622B1 /* ControlCenterItem.swift */; };
		349431D122181C86008622B1 /* CCVolumeDownItem.swift in Sources */ = {isa = PBXBuildFile; fileRef = 349431D022181C86008622B1 /* CCVolumeDownItem.swift */; };
		349431D322181DED008622B1 /* CCVolumeUpItem.swift in Sources */ = {isa = PBXBuildFile; fileRef = 349431D222181DED008622B1 /* CCVolumeUpItem.swift */; };
		349431D722181ED7008622B1 /* ISSoundAdditions.m in Sources */ = {isa = PBXBuildFile; fileRef = 349431D522181ED7008622B1 /* ISSoundAdditions.m */; };
		349431DA22182070008622B1 /* OSDUIHelper.swift in Sources */ = {isa = PBXBuildFile; fileRef = 349431D922182070008622B1 /* OSDUIHelper.swift */; };
		349431E12218310F008622B1 /* DKBrightness.swift in Sources */ = {isa = PBXBuildFile; fileRef = 349431E02218310F008622B1 /* DKBrightness.swift */; };
		349431E32218325E008622B1 /* CCBrightnessDownItem.swift in Sources */ = {isa = PBXBuildFile; fileRef = 349431E22218325E008622B1 /* CCBrightnessDownItem.swift */; };
		349431E52218330D008622B1 /* CCBrightnessUpItem.swift in Sources */ = {isa = PBXBuildFile; fileRef = 349431E42218330D008622B1 /* CCBrightnessUpItem.swift */; };
		349431E9221970A0008622B1 /* NowPlayingHelper.swift in Sources */ = {isa = PBXBuildFile; fileRef = 349431E8221970A0008622B1 /* NowPlayingHelper.swift */; };
		349431EB22197127008622B1 /* NowPlayingItem.swift in Sources */ = {isa = PBXBuildFile; fileRef = 349431EA22197127008622B1 /* NowPlayingItem.swift */; };
		349431ED22197485008622B1 /* MediaRemote.framework in Frameworks */ = {isa = PBXBuildFile; fileRef = 349431EC22197484008622B1 /* MediaRemote.framework */; };
		349431EF22197B75008622B1 /* NowPlayingItemView.swift in Sources */ = {isa = PBXBuildFile; fileRef = 349431EE22197B75008622B1 /* NowPlayingItemView.swift */; };
		349431F122198123008622B1 /* NowPlayingWidget.swift in Sources */ = {isa = PBXBuildFile; fileRef = 349431F022198123008622B1 /* NowPlayingWidget.swift */; };
		349431F6221998BD008622B1 /* PockTappableView.swift in Sources */ = {isa = PBXBuildFile; fileRef = 349431F5221998BC008622B1 /* PockTappableView.swift */; };
		3494645A21713821000480C5 /* GeneralPreferencePane.xib in Resources */ = {isa = PBXBuildFile; fileRef = 3494645821713821000480C5 /* GeneralPreferencePane.xib */; };
		3494645C2171383A000480C5 /* GeneralPreferencePane.swift in Sources */ = {isa = PBXBuildFile; fileRef = 3494645B2171383A000480C5 /* GeneralPreferencePane.swift */; };
		349557E6217CEFDB000DEB55 /* EscWidget.swift in Sources */ = {isa = PBXBuildFile; fileRef = 349557E5217CEFDB000DEB55 /* EscWidget.swift */; };
		349557E9217CF187000DEB55 /* PockWidget.swift in Sources */ = {isa = PBXBuildFile; fileRef = 349557E8217CF187000DEB55 /* PockWidget.swift */; };
		349557EB217CF5A3000DEB55 /* PockMainController.swift in Sources */ = {isa = PBXBuildFile; fileRef = 349557EA217CF5A3000DEB55 /* PockMainController.swift */; };
		349557ED217CF627000DEB55 /* PockTouchBarController.swift in Sources */ = {isa = PBXBuildFile; fileRef = 349557EC217CF627000DEB55 /* PockTouchBarController.swift */; };
		349557F0217CFCC5000DEB55 /* MainWindow.xib in Resources */ = {isa = PBXBuildFile; fileRef = 349557EF217CFCC5000DEB55 /* MainWindow.xib */; };
		349557F4217CFEB7000DEB55 /* DockWidget.swift in Sources */ = {isa = PBXBuildFile; fileRef = 349557F3217CFEB7000DEB55 /* DockWidget.swift */; };
		34BC3ECC2210B2EC00C1DD3C /* DFRFoundation.framework in Frameworks */ = {isa = PBXBuildFile; fileRef = 34BC3ECB2210B2EC00C1DD3C /* DFRFoundation.framework */; };
		34DC32E61F6DAAC500037E68 /* KeySender.swift in Sources */ = {isa = PBXBuildFile; fileRef = 34DC32E51F6DAAC500037E68 /* KeySender.swift */; };
/* End PBXBuildFile section */

/* Begin PBXFileReference section */
		340C81D51F6538580063BAB0 /* NSTouchBar.h */ = {isa = PBXFileReference; fileEncoding = 4; lastKnownFileType = sourcecode.c.h; path = NSTouchBar.h; sourceTree = "<group>"; };
		3427C72C1F65746000FE39FF /* PockItemView.swift */ = {isa = PBXFileReference; fileEncoding = 4; lastKnownFileType = sourcecode.swift; path = PockItemView.swift; sourceTree = "<group>"; };
		342D3CB22111998A0028FC59 /* PockDockHelper.h */ = {isa = PBXFileReference; lastKnownFileType = sourcecode.c.h; path = PockDockHelper.h; sourceTree = "<group>"; };
		342D3CB32111998A0028FC59 /* PockDockHelper.m */ = {isa = PBXFileReference; lastKnownFileType = sourcecode.c.objc; path = PockDockHelper.m; sourceTree = "<group>"; };
		342D3CB62111ACC30028FC59 /* PockItem.swift */ = {isa = PBXFileReference; lastKnownFileType = sourcecode.swift; path = PockItem.swift; sourceTree = "<group>"; };
		342D3CBA2111B1AD0028FC59 /* Info.plist */ = {isa = PBXFileReference; fileEncoding = 4; lastKnownFileType = text.plist.xml; path = Info.plist; sourceTree = "<group>"; };
		342D3CBB2111B1AD0028FC59 /* Assets.xcassets */ = {isa = PBXFileReference; lastKnownFileType = folder.assetcatalog; path = Assets.xcassets; sourceTree = "<group>"; };
		342D3CBE2111B1DA0028FC59 /* Pock-Bridging-Header.h */ = {isa = PBXFileReference; fileEncoding = 4; lastKnownFileType = sourcecode.c.h; path = "Pock-Bridging-Header.h"; sourceTree = "<group>"; };
		348343D61F631B2E00CDA005 /* Pock.app */ = {isa = PBXFileReference; explicitFileType = wrapper.application; includeInIndex = 0; path = Pock.app; sourceTree = BUILT_PRODUCTS_DIR; };
		348343D91F631B2E00CDA005 /* AppDelegate.swift */ = {isa = PBXFileReference; lastKnownFileType = sourcecode.swift; path = AppDelegate.swift; sourceTree = "<group>"; };
		348343E81F631B6700CDA005 /* PockUtilities.swift */ = {isa = PBXFileReference; fileEncoding = 4; lastKnownFileType = sourcecode.swift; path = PockUtilities.swift; sourceTree = "<group>"; };
		3483BF7521712BA8008570D0 /* Preferences.swift */ = {isa = PBXFileReference; lastKnownFileType = sourcecode.swift; path = Preferences.swift; sourceTree = "<group>"; };
		349431BA22175E06008622B1 /* EonilFSEventStreamError.swift */ = {isa = PBXFileReference; fileEncoding = 4; lastKnownFileType = sourcecode.swift; path = EonilFSEventStreamError.swift; sourceTree = "<group>"; };
		349431BB22175E06008622B1 /* EonilFSEventStreamIllogicalErrorLog.swift */ = {isa = PBXFileReference; fileEncoding = 4; lastKnownFileType = sourcecode.swift; path = EonilFSEventStreamIllogicalErrorLog.swift; sourceTree = "<group>"; };
		349431BC22175E07008622B1 /* EonilFSEventStreamEvent.swift */ = {isa = PBXFileReference; fileEncoding = 4; lastKnownFileType = sourcecode.swift; path = EonilFSEventStreamEvent.swift; sourceTree = "<group>"; };
		349431BD22175E07008622B1 /* EonilFSEventStreamEventID.swift */ = {isa = PBXFileReference; fileEncoding = 4; lastKnownFileType = sourcecode.swift; path = EonilFSEventStreamEventID.swift; sourceTree = "<group>"; };
		349431BE22175E07008622B1 /* EonilFSEventStream.swift */ = {isa = PBXFileReference; fileEncoding = 4; lastKnownFileType = sourcecode.swift; path = EonilFSEventStream.swift; sourceTree = "<group>"; };
		349431BF22175E07008622B1 /* EonilFSEvents.swift */ = {isa = PBXFileReference; fileEncoding = 4; lastKnownFileType = sourcecode.swift; path = EonilFSEvents.swift; sourceTree = "<group>"; };
		349431C022175E07008622B1 /* EonilFSEventStreamEventFlags.swift */ = {isa = PBXFileReference; fileEncoding = 4; lastKnownFileType = sourcecode.swift; path = EonilFSEventStreamEventFlags.swift; sourceTree = "<group>"; };
		349431C122175E07008622B1 /* EonilFSEventStreamCreateFlags.swift */ = {isa = PBXFileReference; fileEncoding = 4; lastKnownFileType = sourcecode.swift; path = EonilFSEventStreamCreateFlags.swift; sourceTree = "<group>"; };
		349431CB22181608008622B1 /* ControlCenterWidget.swift */ = {isa = PBXFileReference; lastKnownFileType = sourcecode.swift; path = ControlCenterWidget.swift; sourceTree = "<group>"; };
		349431CD2218197A008622B1 /* ControlCenterItem.swift */ = {isa = PBXFileReference; lastKnownFileType = sourcecode.swift; path = ControlCenterItem.swift; sourceTree = "<group>"; };
		349431D022181C86008622B1 /* CCVolumeDownItem.swift */ = {isa = PBXFileReference; lastKnownFileType = sourcecode.swift; path = CCVolumeDownItem.swift; sourceTree = "<group>"; };
		349431D222181DED008622B1 /* CCVolumeUpItem.swift */ = {isa = PBXFileReference; lastKnownFileType = sourcecode.swift; path = CCVolumeUpItem.swift; sourceTree = "<group>"; };
		349431D522181ED7008622B1 /* ISSoundAdditions.m */ = {isa = PBXFileReference; fileEncoding = 4; lastKnownFileType = sourcecode.c.objc; path = ISSoundAdditions.m; sourceTree = "<group>"; };
		349431D622181ED7008622B1 /* ISSoundAdditions.h */ = {isa = PBXFileReference; fileEncoding = 4; lastKnownFileType = sourcecode.c.h; path = ISSoundAdditions.h; sourceTree = "<group>"; };
		349431D922182070008622B1 /* OSDUIHelper.swift */ = {isa = PBXFileReference; lastKnownFileType = sourcecode.swift; path = OSDUIHelper.swift; sourceTree = "<group>"; };
		349431E02218310F008622B1 /* DKBrightness.swift */ = {isa = PBXFileReference; lastKnownFileType = sourcecode.swift; path = DKBrightness.swift; sourceTree = "<group>"; };
		349431E22218325E008622B1 /* CCBrightnessDownItem.swift */ = {isa = PBXFileReference; lastKnownFileType = sourcecode.swift; path = CCBrightnessDownItem.swift; sourceTree = "<group>"; };
		349431E42218330D008622B1 /* CCBrightnessUpItem.swift */ = {isa = PBXFileReference; lastKnownFileType = sourcecode.swift; path = CCBrightnessUpItem.swift; sourceTree = "<group>"; };
		349431E622196F0A008622B1 /* MRMediaRemote.h */ = {isa = PBXFileReference; lastKnownFileType = sourcecode.c.h; path = MRMediaRemote.h; sourceTree = "<group>"; };
		349431E8221970A0008622B1 /* NowPlayingHelper.swift */ = {isa = PBXFileReference; lastKnownFileType = sourcecode.swift; path = NowPlayingHelper.swift; sourceTree = "<group>"; };
		349431EA22197127008622B1 /* NowPlayingItem.swift */ = {isa = PBXFileReference; lastKnownFileType = sourcecode.swift; path = NowPlayingItem.swift; sourceTree = "<group>"; };
		349431EC22197484008622B1 /* MediaRemote.framework */ = {isa = PBXFileReference; lastKnownFileType = wrapper.framework; name = MediaRemote.framework; path = ../../../../../../../../../System/Library/PrivateFrameworks/MediaRemote.framework; sourceTree = "<group>"; };
		349431EE22197B75008622B1 /* NowPlayingItemView.swift */ = {isa = PBXFileReference; lastKnownFileType = sourcecode.swift; path = NowPlayingItemView.swift; sourceTree = "<group>"; };
		349431F022198123008622B1 /* NowPlayingWidget.swift */ = {isa = PBXFileReference; lastKnownFileType = sourcecode.swift; path = NowPlayingWidget.swift; sourceTree = "<group>"; };
		349431F5221998BC008622B1 /* PockTappableView.swift */ = {isa = PBXFileReference; lastKnownFileType = sourcecode.swift; path = PockTappableView.swift; sourceTree = "<group>"; };
		3494645821713821000480C5 /* GeneralPreferencePane.xib */ = {isa = PBXFileReference; lastKnownFileType = file.xib; path = GeneralPreferencePane.xib; sourceTree = "<group>"; };
		3494645B2171383A000480C5 /* GeneralPreferencePane.swift */ = {isa = PBXFileReference; lastKnownFileType = sourcecode.swift; path = GeneralPreferencePane.swift; sourceTree = "<group>"; };
		349557E5217CEFDB000DEB55 /* EscWidget.swift */ = {isa = PBXFileReference; lastKnownFileType = sourcecode.swift; path = EscWidget.swift; sourceTree = "<group>"; };
		349557E8217CF187000DEB55 /* PockWidget.swift */ = {isa = PBXFileReference; lastKnownFileType = sourcecode.swift; path = PockWidget.swift; sourceTree = "<group>"; };
		349557EA217CF5A3000DEB55 /* PockMainController.swift */ = {isa = PBXFileReference; lastKnownFileType = sourcecode.swift; path = PockMainController.swift; sourceTree = "<group>"; };
		349557EC217CF627000DEB55 /* PockTouchBarController.swift */ = {isa = PBXFileReference; lastKnownFileType = sourcecode.swift; path = PockTouchBarController.swift; sourceTree = "<group>"; };
		349557EF217CFCC5000DEB55 /* MainWindow.xib */ = {isa = PBXFileReference; lastKnownFileType = file.xib; path = MainWindow.xib; sourceTree = "<group>"; };
		349557F3217CFEB7000DEB55 /* DockWidget.swift */ = {isa = PBXFileReference; lastKnownFileType = sourcecode.swift; path = DockWidget.swift; sourceTree = "<group>"; };
		34BC3ECB2210B2EC00C1DD3C /* DFRFoundation.framework */ = {isa = PBXFileReference; lastKnownFileType = wrapper.framework; name = DFRFoundation.framework; path = ../../../../../../../../../System/Library/PrivateFrameworks/DFRFoundation.framework; sourceTree = "<group>"; };
		34DC32E51F6DAAC500037E68 /* KeySender.swift */ = {isa = PBXFileReference; fileEncoding = 4; lastKnownFileType = sourcecode.swift; path = KeySender.swift; sourceTree = "<group>"; };
		3BA42833BC69C895EB31DF93 /* Pods-Pock.debug.xcconfig */ = {isa = PBXFileReference; includeInIndex = 1; lastKnownFileType = text.xcconfig; name = "Pods-Pock.debug.xcconfig"; path = "Pods/Target Support Files/Pods-Pock/Pods-Pock.debug.xcconfig"; sourceTree = "<group>"; };
		716D62071D19174E56D6E33D /* Pods-Pock.release.xcconfig */ = {isa = PBXFileReference; includeInIndex = 1; lastKnownFileType = text.xcconfig; name = "Pods-Pock.release.xcconfig"; path = "Pods/Target Support Files/Pods-Pock/Pods-Pock.release.xcconfig"; sourceTree = "<group>"; };
		863BE70CFBAC31BDBF35B1FD /* Pods_Pock.framework */ = {isa = PBXFileReference; explicitFileType = wrapper.framework; includeInIndex = 0; path = Pods_Pock.framework; sourceTree = BUILT_PRODUCTS_DIR; };
/* End PBXFileReference section */

/* Begin PBXFrameworksBuildPhase section */
		348343D31F631B2E00CDA005 /* Frameworks */ = {
			isa = PBXFrameworksBuildPhase;
			buildActionMask = 2147483647;
			files = (
				349431ED22197485008622B1 /* MediaRemote.framework in Frameworks */,
				34BC3ECC2210B2EC00C1DD3C /* DFRFoundation.framework in Frameworks */,
				009B0E12E317757741CE38C8 /* Pods_Pock.framework in Frameworks */,
			);
			runOnlyForDeploymentPostprocessing = 0;
		};
/* End PBXFrameworksBuildPhase section */

/* Begin PBXGroup section */
		2F31B7DC05EFA1E8090C87AE /* Pods */ = {
			isa = PBXGroup;
			children = (
				3BA42833BC69C895EB31DF93 /* Pods-Pock.debug.xcconfig */,
				716D62071D19174E56D6E33D /* Pods-Pock.release.xcconfig */,
			);
			name = Pods;
			sourceTree = "<group>";
		};
		340C81B21F65287E0063BAB0 /* Various */ = {
			isa = PBXGroup;
			children = (
				342D3CBB2111B1AD0028FC59 /* Assets.xcassets */,
				342D3CBA2111B1AD0028FC59 /* Info.plist */,
			);
			path = Various;
			sourceTree = "<group>";
		};
		340C81B31F6528860063BAB0 /* Interfaces UI */ = {
			isa = PBXGroup;
			children = (
				349557EF217CFCC5000DEB55 /* MainWindow.xib */,
			);
			path = "Interfaces UI";
			sourceTree = "<group>";
		};
		340C81D61F6538B40063BAB0 /* Private */ = {
			isa = PBXGroup;
			children = (
				349431DF22183101008622B1 /* DKBrightness */,
				349431D422181ECE008622B1 /* ISSoundAdditions */,
				342D3CB52111998E0028FC59 /* PockDockHelper */,
				340C81D51F6538580063BAB0 /* NSTouchBar.h */,
				342D3CBE2111B1DA0028FC59 /* Pock-Bridging-Header.h */,
				349431D922182070008622B1 /* OSDUIHelper.swift */,
				349431E622196F0A008622B1 /* MRMediaRemote.h */,
			);
			path = Private;
			sourceTree = "<group>";
		};
		342D3CB52111998E0028FC59 /* PockDockHelper */ = {
			isa = PBXGroup;
			children = (
				342D3CB22111998A0028FC59 /* PockDockHelper.h */,
				342D3CB32111998A0028FC59 /* PockDockHelper.m */,
			);
			path = PockDockHelper;
			sourceTree = "<group>";
		};
		348343CD1F631B2E00CDA005 = {
			isa = PBXGroup;
			children = (
				348343D81F631B2E00CDA005 /* Pock */,
				348343D71F631B2E00CDA005 /* Products */,
				2F31B7DC05EFA1E8090C87AE /* Pods */,
				4ED8D081458713BE440562D3 /* Frameworks */,
			);
			sourceTree = "<group>";
		};
		348343D71F631B2E00CDA005 /* Products */ = {
			isa = PBXGroup;
			children = (
				348343D61F631B2E00CDA005 /* Pock.app */,
			);
			name = Products;
			sourceTree = "<group>";
		};
		348343D81F631B2E00CDA005 /* Pock */ = {
			isa = PBXGroup;
			children = (
				348343D91F631B2E00CDA005 /* AppDelegate.swift */,
				349557EE217CF62C000DEB55 /* TouchBar */,
				349557E7217CEFE0000DEB55 /* Widgets */,
				340C81B31F6528860063BAB0 /* Interfaces UI */,
				3483BF7421712B94008570D0 /* Preferences */,
				340C81B21F65287E0063BAB0 /* Various */,
				340C81D61F6538B40063BAB0 /* Private */,
			);
			path = Pock;
			sourceTree = "<group>";
		};
		3483BF7421712B94008570D0 /* Preferences */ = {
			isa = PBXGroup;
			children = (
				3483BF7521712BA8008570D0 /* Preferences.swift */,
				3494644A21713331000480C5 /* Panes */,
			);
			path = Preferences;
			sourceTree = "<group>";
		};
		349431B922175DFE008622B1 /* EonilFSEvents */ = {
			isa = PBXGroup;
			children = (
				349431BF22175E07008622B1 /* EonilFSEvents.swift */,
				349431BE22175E07008622B1 /* EonilFSEventStream.swift */,
				349431C122175E07008622B1 /* EonilFSEventStreamCreateFlags.swift */,
				349431BA22175E06008622B1 /* EonilFSEventStreamError.swift */,
				349431BC22175E07008622B1 /* EonilFSEventStreamEvent.swift */,
				349431C022175E07008622B1 /* EonilFSEventStreamEventFlags.swift */,
				349431BD22175E07008622B1 /* EonilFSEventStreamEventID.swift */,
				349431BB22175E06008622B1 /* EonilFSEventStreamIllogicalErrorLog.swift */,
			);
			path = EonilFSEvents;
			sourceTree = "<group>";
		};
		349431CA221815ED008622B1 /* ControlCenter */ = {
			isa = PBXGroup;
			children = (
				349431CF22181C60008622B1 /* Items */,
				349431CD2218197A008622B1 /* ControlCenterItem.swift */,
				349431CB22181608008622B1 /* ControlCenterWidget.swift */,
			);
			path = ControlCenter;
			sourceTree = "<group>";
		};
		349431CF22181C60008622B1 /* Items */ = {
			isa = PBXGroup;
			children = (
				349431D022181C86008622B1 /* CCVolumeDownItem.swift */,
				349431D222181DED008622B1 /* CCVolumeUpItem.swift */,
				349431E22218325E008622B1 /* CCBrightnessDownItem.swift */,
				349431E42218330D008622B1 /* CCBrightnessUpItem.swift */,
			);
			path = Items;
			sourceTree = "<group>";
		};
		349431D422181ECE008622B1 /* ISSoundAdditions */ = {
			isa = PBXGroup;
			children = (
				349431D622181ED7008622B1 /* ISSoundAdditions.h */,
				349431D522181ED7008622B1 /* ISSoundAdditions.m */,
			);
			path = ISSoundAdditions;
			sourceTree = "<group>";
		};
		349431DF22183101008622B1 /* DKBrightness */ = {
			isa = PBXGroup;
			children = (
				349431E02218310F008622B1 /* DKBrightness.swift */,
			);
			path = DKBrightness;
			sourceTree = "<group>";
		};
		349431E722197084008622B1 /* NowPlaying */ = {
			isa = PBXGroup;
			children = (
				349431EA22197127008622B1 /* NowPlayingItem.swift */,
				349431E8221970A0008622B1 /* NowPlayingHelper.swift */,
				349431EE22197B75008622B1 /* NowPlayingItemView.swift */,
				349431F022198123008622B1 /* NowPlayingWidget.swift */,
			);
			path = NowPlaying;
			sourceTree = "<group>";
		};
		3494644A21713331000480C5 /* Panes */ = {
			isa = PBXGroup;
			children = (
				3494644B21713343000480C5 /* GeneralPreferencePane */,
			);
			path = Panes;
			sourceTree = "<group>";
		};
		3494644B21713343000480C5 /* GeneralPreferencePane */ = {
			isa = PBXGroup;
			children = (
				3494645821713821000480C5 /* GeneralPreferencePane.xib */,
				3494645B2171383A000480C5 /* GeneralPreferencePane.swift */,
			);
			path = GeneralPreferencePane;
			sourceTree = "<group>";
		};
		349557E7217CEFE0000DEB55 /* Widgets */ = {
			isa = PBXGroup;
			children = (
				349557F2217CFEA3000DEB55 /* Common */,
				349557F1217CFE9D000DEB55 /* Esc key */,
				349557F5217CFEBB000DEB55 /* Dock */,
				349431CA221815ED008622B1 /* ControlCenter */,
				349431E722197084008622B1 /* NowPlaying */,
			);
			path = Widgets;
			sourceTree = "<group>";
		};
		349557EE217CF62C000DEB55 /* TouchBar */ = {
			isa = PBXGroup;
			children = (
				349557EC217CF627000DEB55 /* PockTouchBarController.swift */,
				349557EA217CF5A3000DEB55 /* PockMainController.swift */,
			);
			path = TouchBar;
			sourceTree = "<group>";
		};
		349557F1217CFE9D000DEB55 /* Esc key */ = {
			isa = PBXGroup;
			children = (
				349557E5217CEFDB000DEB55 /* EscWidget.swift */,
				34DC32E51F6DAAC500037E68 /* KeySender.swift */,
			);
			path = "Esc key";
			sourceTree = "<group>";
		};
		349557F2217CFEA3000DEB55 /* Common */ = {
			isa = PBXGroup;
			children = (
				349557E8217CF187000DEB55 /* PockWidget.swift */,
				349431F5221998BC008622B1 /* PockTappableView.swift */,
			);
			path = Common;
			sourceTree = "<group>";
		};
		349557F5217CFEBB000DEB55 /* Dock */ = {
			isa = PBXGroup;
			children = (
				349431B922175DFE008622B1 /* EonilFSEvents */,
				349557F3217CFEB7000DEB55 /* DockWidget.swift */,
				348343E81F631B6700CDA005 /* PockUtilities.swift */,
				342D3CB62111ACC30028FC59 /* PockItem.swift */,
				3427C72C1F65746000FE39FF /* PockItemView.swift */,
			);
			path = Dock;
			sourceTree = "<group>";
		};
		4ED8D081458713BE440562D3 /* Frameworks */ = {
			isa = PBXGroup;
			children = (
				349431EC22197484008622B1 /* MediaRemote.framework */,
				34BC3ECB2210B2EC00C1DD3C /* DFRFoundation.framework */,
				863BE70CFBAC31BDBF35B1FD /* Pods_Pock.framework */,
			);
			name = Frameworks;
			sourceTree = "<group>";
		};
/* End PBXGroup section */

/* Begin PBXNativeTarget section */
		348343D51F631B2E00CDA005 /* Pock */ = {
			isa = PBXNativeTarget;
			buildConfigurationList = 348343E51F631B2E00CDA005 /* Build configuration list for PBXNativeTarget "Pock" */;
			buildPhases = (
				2B2556069E62CDAC367ACF33 /* [CP] Check Pods Manifest.lock */,
				348343D21F631B2E00CDA005 /* Sources */,
				348343D31F631B2E00CDA005 /* Frameworks */,
				348343D41F631B2E00CDA005 /* Resources */,
				9C497126EC20FAC73A4D0299 /* [CP] Embed Pods Frameworks */,
				34FBB7B721734E8F004D5BC0 /* [LaunchAtLogin] Copy helper */,
				3413964E217B8B6200DCD2B0 /* ShellScript */,
			);
			buildRules = (
			);
			dependencies = (
			);
			name = Pock;
			productName = Pock;
			productReference = 348343D61F631B2E00CDA005 /* Pock.app */;
			productType = "com.apple.product-type.application";
		};
/* End PBXNativeTarget section */

/* Begin PBXProject section */
		348343CE1F631B2E00CDA005 /* Project object */ = {
			isa = PBXProject;
			attributes = {
				LastSwiftUpdateCheck = 0830;
				LastUpgradeCheck = 1000;
				ORGANIZATIONNAME = "Pierluigi Galdi";
				TargetAttributes = {
					348343D51F631B2E00CDA005 = {
						CreatedOnToolsVersion = 8.3.3;
						DevelopmentTeam = 788D9WZ9Z3;
						LastSwiftMigration = 1000;
						ProvisioningStyle = Automatic;
					};
				};
			};
			buildConfigurationList = 348343D11F631B2E00CDA005 /* Build configuration list for PBXProject "Pock" */;
			compatibilityVersion = "Xcode 3.2";
			developmentRegion = English;
			hasScannedForEncodings = 0;
			knownRegions = (
				en,
				Base,
			);
			mainGroup = 348343CD1F631B2E00CDA005;
			productRefGroup = 348343D71F631B2E00CDA005 /* Products */;
			projectDirPath = "";
			projectRoot = "";
			targets = (
				348343D51F631B2E00CDA005 /* Pock */,
			);
		};
/* End PBXProject section */

/* Begin PBXResourcesBuildPhase section */
		348343D41F631B2E00CDA005 /* Resources */ = {
			isa = PBXResourcesBuildPhase;
			buildActionMask = 2147483647;
			files = (
				3494645A21713821000480C5 /* GeneralPreferencePane.xib in Resources */,
				342D3CBD2111B1AD0028FC59 /* Assets.xcassets in Resources */,
				349557F0217CFCC5000DEB55 /* MainWindow.xib in Resources */,
			);
			runOnlyForDeploymentPostprocessing = 0;
		};
/* End PBXResourcesBuildPhase section */

/* Begin PBXShellScriptBuildPhase section */
		2B2556069E62CDAC367ACF33 /* [CP] Check Pods Manifest.lock */ = {
			isa = PBXShellScriptBuildPhase;
			buildActionMask = 2147483647;
			files = (
			);
			inputPaths = (
				"${PODS_PODFILE_DIR_PATH}/Podfile.lock",
				"${PODS_ROOT}/Manifest.lock",
			);
			name = "[CP] Check Pods Manifest.lock";
			outputPaths = (
				"$(DERIVED_FILE_DIR)/Pods-Pock-checkManifestLockResult.txt",
			);
			runOnlyForDeploymentPostprocessing = 0;
			shellPath = /bin/sh;
			shellScript = "diff \"${PODS_PODFILE_DIR_PATH}/Podfile.lock\" \"${PODS_ROOT}/Manifest.lock\" > /dev/null\nif [ $? != 0 ] ; then\n    # print error to STDERR\n    echo \"error: The sandbox is not in sync with the Podfile.lock. Run 'pod install' or update your CocoaPods installation.\" >&2\n    exit 1\nfi\n# This output is used by Xcode 'outputs' to avoid re-running this script phase.\necho \"SUCCESS\" > \"${SCRIPT_OUTPUT_FILE_0}\"\n";
			showEnvVarsInLog = 0;
		};
		3413964E217B8B6200DCD2B0 /* ShellScript */ = {
			isa = PBXShellScriptBuildPhase;
			buildActionMask = 2147483647;
			files = (
			);
			inputFileListPaths = (
			);
			inputPaths = (
				"$(BUILT_PRODUCTS_DIR)/$(INFOPLIST_PATH)",
			);
			outputFileListPaths = (
			);
			outputPaths = (
			);
			runOnlyForDeploymentPostprocessing = 0;
			shellPath = /bin/sh;
			shellScript = "apiKey=$(sed -n '1p' < FabricEnv)\nsecretKey=$(sed -n '2p' < FabricEnv)\n\nINFO_PLIST=\"$BUILT_PRODUCTS_DIR/$INFOPLIST_PATH\"\n/usr/libexec/PlistBuddy -c \"Set :Fabric:APIKey string $apiKey\" \"$INFO_PLIST\"\n\n\"${PODS_ROOT}/Fabric/run\" $apiKey $secretKey\n";
		};
		34FBB7B721734E8F004D5BC0 /* [LaunchAtLogin] Copy helper */ = {
			isa = PBXShellScriptBuildPhase;
			buildActionMask = 2147483647;
			files = (
			);
			inputFileListPaths = (
			);
			inputPaths = (
				"$(SRCROOT)/Pods/LaunchAtLogin/LaunchAtLogin/copy-helper.sh",
			);
			name = "[LaunchAtLogin] Copy helper";
			outputFileListPaths = (
			);
			outputPaths = (
			);
			runOnlyForDeploymentPostprocessing = 0;
			shellPath = /bin/sh;
			shellScript = "
";
		};
		9C497126EC20FAC73A4D0299 /* [CP] Embed Pods Frameworks */ = {
			isa = PBXShellScriptBuildPhase;
			buildActionMask = 2147483647;
			files = (
			);
			inputPaths = (
				"${PODS_ROOT}/Target Support Files/Pods-Pock/Pods-Pock-frameworks.sh",
				"${BUILT_PRODUCTS_DIR}/Defaults/Defaults.framework",
				"${BUILT_PRODUCTS_DIR}/LaunchAtLogin/LaunchAtLogin.framework",
				"${BUILT_PRODUCTS_DIR}/Magnet/Magnet.framework",
				"${BUILT_PRODUCTS_DIR}/Preferences/Preferences.framework",
				"${BUILT_PRODUCTS_DIR}/SnapKit/SnapKit.framework",
			);
			name = "[CP] Embed Pods Frameworks";
			outputPaths = (
				"${TARGET_BUILD_DIR}/${FRAMEWORKS_FOLDER_PATH}/Defaults.framework",
				"${TARGET_BUILD_DIR}/${FRAMEWORKS_FOLDER_PATH}/LaunchAtLogin.framework",
				"${TARGET_BUILD_DIR}/${FRAMEWORKS_FOLDER_PATH}/Magnet.framework",
				"${TARGET_BUILD_DIR}/${FRAMEWORKS_FOLDER_PATH}/Preferences.framework",
				"${TARGET_BUILD_DIR}/${FRAMEWORKS_FOLDER_PATH}/SnapKit.framework",
			);
			runOnlyForDeploymentPostprocessing = 0;
			shellPath = /bin/sh;
			shellScript = "\"${PODS_ROOT}/Target Support Files/Pods-Pock/Pods-Pock-frameworks.sh\"\n";
			showEnvVarsInLog = 0;
		};
/* End PBXShellScriptBuildPhase section */

/* Begin PBXSourcesBuildPhase section */
		348343D21F631B2E00CDA005 /* Sources */ = {
			isa = PBXSourcesBuildPhase;
			buildActionMask = 2147483647;
			files = (
				349557E9217CF187000DEB55 /* PockWidget.swift in Sources */,
				349431E12218310F008622B1 /* DKBrightness.swift in Sources */,
				34DC32E61F6DAAC500037E68 /* KeySender.swift in Sources */,
				3483BF7621712BA8008570D0 /* Preferences.swift in Sources */,
				349431DA22182070008622B1 /* OSDUIHelper.swift in Sources */,
				349431E9221970A0008622B1 /* NowPlayingHelper.swift in Sources */,
				349431EB22197127008622B1 /* NowPlayingItem.swift in Sources */,
				349557F4217CFEB7000DEB55 /* DockWidget.swift in Sources */,
				349431C722175E07008622B1 /* EonilFSEvents.swift in Sources */,
				349431E32218325E008622B1 /* CCBrightnessDownItem.swift in Sources */,
				3427C72D1F65746000FE39FF /* PockItemView.swift in Sources */,
				349431D322181DED008622B1 /* CCVolumeUpItem.swift in Sources */,
				349431F6221998BD008622B1 /* PockTappableView.swift in Sources */,
				349431C822175E07008622B1 /* EonilFSEventStreamEventFlags.swift in Sources */,
				349431D122181C86008622B1 /* CCVolumeDownItem.swift in Sources */,
				348343E91F631B6700CDA005 /* PockUtilities.swift in Sources */,
				349431F122198123008622B1 /* NowPlayingWidget.swift in Sources */,
				349431C522175E07008622B1 /* EonilFSEventStreamEventID.swift in Sources */,
				349557ED217CF627000DEB55 /* PockTouchBarController.swift in Sources */,
				349431C322175E07008622B1 /* EonilFSEventStreamIllogicalErrorLog.swift in Sources */,
				349431CE2218197A008622B1 /* ControlCenterItem.swift in Sources */,
				349431C422175E07008622B1 /* EonilFSEventStreamEvent.swift in Sources */,
				342D3CB42111998A0028FC59 /* PockDockHelper.m in Sources */,
				349431C622175E07008622B1 /* EonilFSEventStream.swift in Sources */,
				349431D722181ED7008622B1 /* ISSoundAdditions.m in Sources */,
				349431CC22181608008622B1 /* ControlCenterWidget.swift in Sources */,
				349431E52218330D008622B1 /* CCBrightnessUpItem.swift in Sources */,
				349431C222175E07008622B1 /* EonilFSEventStreamError.swift in Sources */,
				349431EF22197B75008622B1 /* NowPlayingItemView.swift in Sources */,
				349431C922175E07008622B1 /* EonilFSEventStreamCreateFlags.swift in Sources */,
				348343DA1F631B2E00CDA005 /* AppDelegate.swift in Sources */,
				342D3CB72111ACC30028FC59 /* PockItem.swift in Sources */,
				349557EB217CF5A3000DEB55 /* PockMainController.swift in Sources */,
				3494645C2171383A000480C5 /* GeneralPreferencePane.swift in Sources */,
				349557E6217CEFDB000DEB55 /* EscWidget.swift in Sources */,
			);
			runOnlyForDeploymentPostprocessing = 0;
		};
/* End PBXSourcesBuildPhase section */

/* Begin XCBuildConfiguration section */
		348343E31F631B2E00CDA005 /* Debug */ = {
			isa = XCBuildConfiguration;
			buildSettings = {
				ALWAYS_SEARCH_USER_PATHS = NO;
				CLANG_ANALYZER_NONNULL = YES;
				CLANG_ANALYZER_NUMBER_OBJECT_CONVERSION = YES_AGGRESSIVE;
				CLANG_CXX_LANGUAGE_STANDARD = "gnu++0x";
				CLANG_CXX_LIBRARY = "libc++";
				CLANG_ENABLE_MODULES = YES;
				CLANG_ENABLE_OBJC_ARC = YES;
				CLANG_WARN_BLOCK_CAPTURE_AUTORELEASING = YES;
				CLANG_WARN_BOOL_CONVERSION = YES;
				CLANG_WARN_COMMA = YES;
				CLANG_WARN_CONSTANT_CONVERSION = YES;
				CLANG_WARN_DEPRECATED_OBJC_IMPLEMENTATIONS = YES;
				CLANG_WARN_DIRECT_OBJC_ISA_USAGE = YES_ERROR;
				CLANG_WARN_DOCUMENTATION_COMMENTS = YES;
				CLANG_WARN_EMPTY_BODY = YES;
				CLANG_WARN_ENUM_CONVERSION = YES;
				CLANG_WARN_INFINITE_RECURSION = YES;
				CLANG_WARN_INT_CONVERSION = YES;
				CLANG_WARN_NON_LITERAL_NULL_CONVERSION = YES;
				CLANG_WARN_OBJC_IMPLICIT_RETAIN_SELF = YES;
				CLANG_WARN_OBJC_LITERAL_CONVERSION = YES;
				CLANG_WARN_OBJC_ROOT_CLASS = YES_ERROR;
				CLANG_WARN_RANGE_LOOP_ANALYSIS = YES;
				CLANG_WARN_STRICT_PROTOTYPES = YES;
				CLANG_WARN_SUSPICIOUS_MOVE = YES;
				CLANG_WARN_UNREACHABLE_CODE = YES;
				CLANG_WARN__DUPLICATE_METHOD_MATCH = YES;
				CODE_SIGN_IDENTITY = "-";
				COPY_PHASE_STRIP = NO;
				DEBUG_INFORMATION_FORMAT = dwarf;
				ENABLE_STRICT_OBJC_MSGSEND = YES;
				ENABLE_TESTABILITY = YES;
				GCC_C_LANGUAGE_STANDARD = gnu99;
				GCC_DYNAMIC_NO_PIC = NO;
				GCC_NO_COMMON_BLOCKS = YES;
				GCC_OPTIMIZATION_LEVEL = 0;
				GCC_PREPROCESSOR_DEFINITIONS = (
					"DEBUG=1",
					"$(inherited)",
				);
				GCC_WARN_64_TO_32_BIT_CONVERSION = YES;
				GCC_WARN_ABOUT_RETURN_TYPE = YES_ERROR;
				GCC_WARN_UNDECLARED_SELECTOR = YES;
				GCC_WARN_UNINITIALIZED_AUTOS = YES_AGGRESSIVE;
				GCC_WARN_UNUSED_FUNCTION = YES;
				GCC_WARN_UNUSED_VARIABLE = YES;
				MACOSX_DEPLOYMENT_TARGET = 10.12;
				MTL_ENABLE_DEBUG_INFO = YES;
				ONLY_ACTIVE_ARCH = YES;
				SDKROOT = macosx;
				SWIFT_ACTIVE_COMPILATION_CONDITIONS = DEBUG;
				SWIFT_OPTIMIZATION_LEVEL = "-Onone";
			};
			name = Debug;
		};
		348343E41F631B2E00CDA005 /* Release */ = {
			isa = XCBuildConfiguration;
			buildSettings = {
				ALWAYS_SEARCH_USER_PATHS = NO;
				CLANG_ANALYZER_NONNULL = YES;
				CLANG_ANALYZER_NUMBER_OBJECT_CONVERSION = YES_AGGRESSIVE;
				CLANG_CXX_LANGUAGE_STANDARD = "gnu++0x";
				CLANG_CXX_LIBRARY = "libc++";
				CLANG_ENABLE_MODULES = YES;
				CLANG_ENABLE_OBJC_ARC = YES;
				CLANG_WARN_BLOCK_CAPTURE_AUTORELEASING = YES;
				CLANG_WARN_BOOL_CONVERSION = YES;
				CLANG_WARN_COMMA = YES;
				CLANG_WARN_CONSTANT_CONVERSION = YES;
				CLANG_WARN_DEPRECATED_OBJC_IMPLEMENTATIONS = YES;
				CLANG_WARN_DIRECT_OBJC_ISA_USAGE = YES_ERROR;
				CLANG_WARN_DOCUMENTATION_COMMENTS = YES;
				CLANG_WARN_EMPTY_BODY = YES;
				CLANG_WARN_ENUM_CONVERSION = YES;
				CLANG_WARN_INFINITE_RECURSION = YES;
				CLANG_WARN_INT_CONVERSION = YES;
				CLANG_WARN_NON_LITERAL_NULL_CONVERSION = YES;
				CLANG_WARN_OBJC_IMPLICIT_RETAIN_SELF = YES;
				CLANG_WARN_OBJC_LITERAL_CONVERSION = YES;
				CLANG_WARN_OBJC_ROOT_CLASS = YES_ERROR;
				CLANG_WARN_RANGE_LOOP_ANALYSIS = YES;
				CLANG_WARN_STRICT_PROTOTYPES = YES;
				CLANG_WARN_SUSPICIOUS_MOVE = YES;
				CLANG_WARN_UNREACHABLE_CODE = YES;
				CLANG_WARN__DUPLICATE_METHOD_MATCH = YES;
				CODE_SIGN_IDENTITY = "-";
				COPY_PHASE_STRIP = NO;
				DEBUG_INFORMATION_FORMAT = "dwarf-with-dsym";
				ENABLE_NS_ASSERTIONS = NO;
				ENABLE_STRICT_OBJC_MSGSEND = YES;
				GCC_C_LANGUAGE_STANDARD = gnu99;
				GCC_NO_COMMON_BLOCKS = YES;
				GCC_WARN_64_TO_32_BIT_CONVERSION = YES;
				GCC_WARN_ABOUT_RETURN_TYPE = YES_ERROR;
				GCC_WARN_UNDECLARED_SELECTOR = YES;
				GCC_WARN_UNINITIALIZED_AUTOS = YES_AGGRESSIVE;
				GCC_WARN_UNUSED_FUNCTION = YES;
				GCC_WARN_UNUSED_VARIABLE = YES;
				MACOSX_DEPLOYMENT_TARGET = 10.12;
				MTL_ENABLE_DEBUG_INFO = NO;
				SDKROOT = macosx;
				SWIFT_OPTIMIZATION_LEVEL = "-Owholemodule";
			};
			name = Release;
		};
		348343E61F631B2E00CDA005 /* Debug */ = {
			isa = XCBuildConfiguration;
			baseConfigurationReference = 3BA42833BC69C895EB31DF93 /* Pods-Pock.debug.xcconfig */;
			buildSettings = {
				ASSETCATALOG_COMPILER_APPICON_NAME = AppIcon;
				CODE_SIGN_IDENTITY = "Mac Developer";
				COMBINE_HIDPI_IMAGES = YES;
				DEBUG_INFORMATION_FORMAT = "dwarf-with-dsym";
				DEVELOPMENT_TEAM = 788D9WZ9Z3;
				FRAMEWORK_SEARCH_PATHS = (
					"$(inherited)",
					"$(SYSTEM_LIBRARY_DIR)/PrivateFrameworks",
				);
				INFOPLIST_FILE = "$(SRCROOT)/Pock/Various/Info.plist";
				LD_RUNPATH_SEARCH_PATHS = "$(inherited) @executable_path/../Frameworks";
				MACOSX_DEPLOYMENT_TARGET = 10.12.2;
				PRODUCT_BUNDLE_IDENTIFIER = com.pigigaldi.pock;
				PRODUCT_NAME = "$(TARGET_NAME)";
				PROVISIONING_PROFILE_SPECIFIER = "";
				SWIFT_OBJC_BRIDGING_HEADER = "${SRCROOT}/Pock/Private/Pock-Bridging-Header.h";
				SWIFT_VERSION = 4.0;
			};
			name = Debug;
		};
		348343E71F631B2E00CDA005 /* Release */ = {
			isa = XCBuildConfiguration;
			baseConfigurationReference = 716D62071D19174E56D6E33D /* Pods-Pock.release.xcconfig */;
			buildSettings = {
				ASSETCATALOG_COMPILER_APPICON_NAME = AppIcon;
				CODE_SIGN_IDENTITY = "Mac Developer";
				COMBINE_HIDPI_IMAGES = YES;
				DEVELOPMENT_TEAM = 788D9WZ9Z3;
				FRAMEWORK_SEARCH_PATHS = (
					"$(inherited)",
					"$(SYSTEM_LIBRARY_DIR)/PrivateFrameworks",
				);
				INFOPLIST_FILE = "$(SRCROOT)/Pock/Various/Info.plist";
				LD_RUNPATH_SEARCH_PATHS = "$(inherited) @executable_path/../Frameworks";
				MACOSX_DEPLOYMENT_TARGET = 10.12.2;
				PRODUCT_BUNDLE_IDENTIFIER = com.pigigaldi.pock;
				PRODUCT_NAME = "$(TARGET_NAME)";
				PROVISIONING_PROFILE_SPECIFIER = "";
				SWIFT_ACTIVE_COMPILATION_CONDITIONS = PROD;
				SWIFT_OBJC_BRIDGING_HEADER = "${SRCROOT}/Pock/Private/Pock-Bridging-Header.h";
				SWIFT_VERSION = 4.0;
			};
			name = Release;
		};
/* End XCBuildConfiguration section */

/* Begin XCConfigurationList section */
		348343D11F631B2E00CDA005 /* Build configuration list for PBXProject "Pock" */ = {
			isa = XCConfigurationList;
			buildConfigurations = (
				348343E31F631B2E00CDA005 /* Debug */,
				348343E41F631B2E00CDA005 /* Release */,
			);
			defaultConfigurationIsVisible = 0;
			defaultConfigurationName = Release;
		};
		348343E51F631B2E00CDA005 /* Build configuration list for PBXNativeTarget "Pock" */ = {
			isa = XCConfigurationList;
			buildConfigurations = (
				348343E61F631B2E00CDA005 /* Debug */,
				348343E71F631B2E00CDA005 /* Release */,
			);
			defaultConfigurationIsVisible = 0;
			defaultConfigurationName = Release;
		};
/* End XCConfigurationList section */
	};
	rootObject = 348343CE1F631B2E00CDA005 /* Project object */;
}
