PODS:
  - Crashlytics (3.13.0):
    - Fabric (~> 1.10.0)
  - Defaults (2.0.0)
  - Fabric (1.10.0)
  - LaunchAtLogin (2.5.0)
  - Magnet (2.3.1)
  - Preferences (0.2.1)
  - SnapKit (5.0.0)

DEPENDENCIES:
  - Crashlytics
  - Defaults
  - Fabric
  - LaunchAtLogin
  - Magnet
  - Preferences
  - SnapKit

SPEC REPOS:
  https://github.com/cocoapods/specs.git:
    - Crashlytics
    - Defaults
    - Fabric
    - LaunchAtLogin
    - Magnet
    - Preferences
    - SnapKit

SPEC CHECKSUMS:
  Crashlytics: 1f5f752c7feac0add0cc1774756f96444fa3b1a7
  Defaults: 3ead9a1da67c4a23cfb3f0bd4d1941c1fd81468a
  Fabric: 09de1e053eb7dc415593166ad3e53d4c88123405
  LaunchAtLogin: 550b0cbbdaf1b13f87a0fab6a3f8e2fbafe067fe
  Magnet: f8dac2ffc845ffe68b2dd21c68a801f866f4a098
  Preferences: 5543bfd757a2485a310683da977d661c0ae509a9
  SnapKit: fd22d10eb9aff484d79a8724eab922c1ddf89bcf

PODFILE CHECKSUM: d6500d3b3d7d94eba57a8dfe648ee2d971236f3b

COCOAPODS: 1.6.0.beta.2
